// !$*UTF8*$!
{
	archiveVersion = 1;
	classes = {
	};
	objectVersion = 46;
	objects = {

/* Begin PBXBuildFile section */
		AD1F24C41C33A21900E7FABF /* FileObject.cpp in Sources */ = {isa = PBXBuildFile; fileRef = AD1F24C21C33A21900E7FABF /* FileObject.cpp */; };
		AD4768061B76EAF100E6B11D /* main.cpp in Sources */ = {isa = PBXBuildFile; fileRef = AD4768051B76EAF100E6B11D /* main.cpp */; };
		AD7867691BFD8AEF00A6FE07 /* libpng16.16.dylib in Frameworks */ = {isa = PBXBuildFile; fileRef = ADB85D961B815E27002879D2 /* libpng16.16.dylib */; };
		AD7867C51BFD943500A6FE07 /* AdaptiveArray.h in Headers */ = {isa = PBXBuildFile; fileRef = ADFE86941BDA04E300D84DB6 /* AdaptiveArray.h */; };
		AD7867C61BFD943500A6FE07 /* avl_tree.h in Headers */ = {isa = PBXBuildFile; fileRef = ADFE86951BDA04E300D84DB6 /* avl_tree.h */; };
		AD7867C71BFD943500A6FE07 /* convex_hull2D.h in Headers */ = {isa = PBXBuildFile; fileRef = ADFE86961BDA04E300D84DB6 /* convex_hull2D.h */; };
		AD7867C81BFD943500A6FE07 /* convex_hull3D.h in Headers */ = {isa = PBXBuildFile; fileRef = ADFE86971BDA04E300D84DB6 /* convex_hull3D.h */; };
		AD7867C91BFD943500A6FE07 /* Coordinate.h in Headers */ = {isa = PBXBuildFile; fileRef = ADFE86991BDA04E300D84DB6 /* Coordinate.h */; };
		AD7867CA1BFD943500A6FE07 /* Graph.hpp in Headers */ = {isa = PBXBuildFile; fileRef = ADFE869B1BDA04E300D84DB6 /* Graph.hpp */; };
		AD7867CB1BFD943500A6FE07 /* hash_table.h in Headers */ = {isa = PBXBuildFile; fileRef = ADFE869C1BDA04E300D84DB6 /* hash_table.h */; };
		AD7867CC1BFD943500A6FE07 /* heap.h in Headers */ = {isa = PBXBuildFile; fileRef = ADFE869D1BDA04E300D84DB6 /* heap.h */; };
		AD7867CD1BFD943500A6FE07 /* kd_tree.h in Headers */ = {isa = PBXBuildFile; fileRef = ADFE869E1BDA04E300D84DB6 /* kd_tree.h */; };
		AD7867CE1BFD943500A6FE07 /* kdfunction.h in Headers */ = {isa = PBXBuildFile; fileRef = ADFE869F1BDA04E300D84DB6 /* kdfunction.h */; };
		AD7867CF1BFD943500A6FE07 /* L1Norm.h in Headers */ = {isa = PBXBuildFile; fileRef = ADFE86A11BDA04E300D84DB6 /* L1Norm.h */; };
		AD7867D01BFD943500A6FE07 /* L2Norm.h in Headers */ = {isa = PBXBuildFile; fileRef = ADFE86A21BDA04E300D84DB6 /* L2Norm.h */; };
		AD7867D11BFD943500A6FE07 /* LinkedList.hpp in Headers */ = {isa = PBXBuildFile; fileRef = ADFE86A41BDA04E300D84DB6 /* LinkedList.hpp */; };
		AD7867D21BFD943500A6FE07 /* PopArray.h in Headers */ = {isa = PBXBuildFile; fileRef = ADFE86A71BDA04E300D84DB6 /* PopArray.h */; };
		AD7867D31BFD943500A6FE07 /* queue.h in Headers */ = {isa = PBXBuildFile; fileRef = ADFE86A81BDA04E300D84DB6 /* queue.h */; };
		AD7867D41BFD943500A6FE07 /* stack.h in Headers */ = {isa = PBXBuildFile; fileRef = ADFE86A91BDA04E300D84DB6 /* stack.h */; };
		AD7867D51BFD943500A6FE07 /* Vec.h in Headers */ = {isa = PBXBuildFile; fileRef = ADFE86AB1BDA04E300D84DB6 /* Vec.h */; };
		AD84DC421C042FFF00C4CFFA /* DataFilter.h in Headers */ = {isa = PBXBuildFile; fileRef = AD84DBD51C042FFF00C4CFFA /* DataFilter.h */; };
		AD84DC461C042FFF00C4CFFA /* Geometry.h in Headers */ = {isa = PBXBuildFile; fileRef = AD84DBDA1C042FFF00C4CFFA /* Geometry.h */; };
		AD84DC471C042FFF00C4CFFA /* point.h in Headers */ = {isa = PBXBuildFile; fileRef = AD84DBDB1C042FFF00C4CFFA /* point.h */; };
		AD84DC481C042FFF00C4CFFA /* camera.h in Headers */ = {isa = PBXBuildFile; fileRef = AD84DBDD1C042FFF00C4CFFA /* camera.h */; };
		AD84DC491C042FFF00C4CFFA /* color_map.h in Headers */ = {isa = PBXBuildFile; fileRef = AD84DBDE1C042FFF00C4CFFA /* color_map.h */; };
		AD84DC4A1C04300000C4CFFA /* cpixel.cpp in Sources */ = {isa = PBXBuildFile; fileRef = AD84DBDF1C042FFF00C4CFFA /* cpixel.cpp */; };
		AD84DC4B1C04300000C4CFFA /* cpixel.cpp in Sources */ = {isa = PBXBuildFile; fileRef = AD84DBDF1C042FFF00C4CFFA /* cpixel.cpp */; };
		AD84DC4C1C04300000C4CFFA /* cpixel.h in Headers */ = {isa = PBXBuildFile; fileRef = AD84DBE01C042FFF00C4CFFA /* cpixel.h */; };
		AD84DC4D1C04300000C4CFFA /* cpng.cpp in Sources */ = {isa = PBXBuildFile; fileRef = AD84DBE11C042FFF00C4CFFA /* cpng.cpp */; };
		AD84DC4E1C04300000C4CFFA /* cpng.cpp in Sources */ = {isa = PBXBuildFile; fileRef = AD84DBE11C042FFF00C4CFFA /* cpng.cpp */; };
		AD84DC4F1C04300000C4CFFA /* cpng.h in Headers */ = {isa = PBXBuildFile; fileRef = AD84DBE21C042FFF00C4CFFA /* cpng.h */; };
		AD84DC501C04300000C4CFFA /* FigData.cpp in Sources */ = {isa = PBXBuildFile; fileRef = AD84DBE31C042FFF00C4CFFA /* FigData.cpp */; };
		AD84DC511C04300000C4CFFA /* FigData.cpp in Sources */ = {isa = PBXBuildFile; fileRef = AD84DBE31C042FFF00C4CFFA /* FigData.cpp */; };
		AD84DC521C04300000C4CFFA /* FigData.h in Headers */ = {isa = PBXBuildFile; fileRef = AD84DBE41C042FFF00C4CFFA /* FigData.h */; };
		AD84DC531C04300000C4CFFA /* Figure.h in Headers */ = {isa = PBXBuildFile; fileRef = AD84DBE51C042FFF00C4CFFA /* Figure.h */; };
		AD84DC541C04300000C4CFFA /* Figures.h in Headers */ = {isa = PBXBuildFile; fileRef = AD84DBE61C042FFF00C4CFFA /* Figures.h */; };
		AD84DC551C04300000C4CFFA /* Graphics.h in Headers */ = {isa = PBXBuildFile; fileRef = AD84DBE71C042FFF00C4CFFA /* Graphics.h */; };
		AD84DC561C04300000C4CFFA /* graphics_objs.h in Headers */ = {isa = PBXBuildFile; fileRef = AD84DBE81C042FFF00C4CFFA /* graphics_objs.h */; };
		AD84DC571C04300000C4CFFA /* PhotoRealImages.h in Headers */ = {isa = PBXBuildFile; fileRef = AD84DBE91C042FFF00C4CFFA /* PhotoRealImages.h */; };
		AD84DC581C04300000C4CFFA /* png.h in Headers */ = {isa = PBXBuildFile; fileRef = AD84DBEA1C042FFF00C4CFFA /* png.h */; };
		AD84DC591C04300000C4CFFA /* pngconf.h in Headers */ = {isa = PBXBuildFile; fileRef = AD84DBEB1C042FFF00C4CFFA /* pngconf.h */; };
		AD84DC5A1C04300000C4CFFA /* PNGImages.h in Headers */ = {isa = PBXBuildFile; fileRef = AD84DBEC1C042FFF00C4CFFA /* PNGImages.h */; };
		AD84DC5B1C04300000C4CFFA /* pnglibconf.h in Headers */ = {isa = PBXBuildFile; fileRef = AD84DBED1C042FFF00C4CFFA /* pnglibconf.h */; };
		AD84DC5C1C04300000C4CFFA /* LinearAlgebra.h in Headers */ = {isa = PBXBuildFile; fileRef = AD84DBEF1C042FFF00C4CFFA /* LinearAlgebra.h */; };
		AD84DC771C04300000C4CFFA /* Fraction.cpp in Sources */ = {isa = PBXBuildFile; fileRef = AD84DC041C042FFF00C4CFFA /* Fraction.cpp */; };
		AD84DC781C04300000C4CFFA /* Fraction.cpp in Sources */ = {isa = PBXBuildFile; fileRef = AD84DC041C042FFF00C4CFFA /* Fraction.cpp */; };
		AD84DC791C04300000C4CFFA /* Fraction.h in Headers */ = {isa = PBXBuildFile; fileRef = AD84DC051C042FFF00C4CFFA /* Fraction.h */; };
		AD84DC7A1C04300000C4CFFA /* Malloc2D.hpp in Headers */ = {isa = PBXBuildFile; fileRef = AD84DC061C042FFF00C4CFFA /* Malloc2D.hpp */; };
		AD84DC7B1C04300000C4CFFA /* Numbers.h in Headers */ = {isa = PBXBuildFile; fileRef = AD84DC071C042FFF00C4CFFA /* Numbers.h */; };
		AD84DC7C1C04300000C4CFFA /* RandomNumberGenerator.cpp in Sources */ = {isa = PBXBuildFile; fileRef = AD84DC081C042FFF00C4CFFA /* RandomNumberGenerator.cpp */; };
		AD84DC7D1C04300000C4CFFA /* RandomNumberGenerator.cpp in Sources */ = {isa = PBXBuildFile; fileRef = AD84DC081C042FFF00C4CFFA /* RandomNumberGenerator.cpp */; };
		AD84DC7E1C04300000C4CFFA /* RandomNumberGenerator.hpp in Headers */ = {isa = PBXBuildFile; fileRef = AD84DC091C042FFF00C4CFFA /* RandomNumberGenerator.hpp */; };
		AD84DC7F1C04300000C4CFFA /* NumCH.h in Headers */ = {isa = PBXBuildFile; fileRef = AD84DC0A1C042FFF00C4CFFA /* NumCH.h */; };
		AD84DC801C04300000C4CFFA /* ConfigParser.cpp in Sources */ = {isa = PBXBuildFile; fileRef = AD84DC0D1C042FFF00C4CFFA /* ConfigParser.cpp */; };
		AD84DC811C04300000C4CFFA /* ConfigParser.cpp in Sources */ = {isa = PBXBuildFile; fileRef = AD84DC0D1C042FFF00C4CFFA /* ConfigParser.cpp */; };
		AD84DC821C04300000C4CFFA /* ConfigParser.hpp in Headers */ = {isa = PBXBuildFile; fileRef = AD84DC0E1C042FFF00C4CFFA /* ConfigParser.hpp */; };
		AD84DC831C04300000C4CFFA /* ConstantsSet.cpp in Sources */ = {isa = PBXBuildFile; fileRef = AD84DC101C042FFF00C4CFFA /* ConstantsSet.cpp */; };
		AD84DC841C04300000C4CFFA /* ConstantsSet.cpp in Sources */ = {isa = PBXBuildFile; fileRef = AD84DC101C042FFF00C4CFFA /* ConstantsSet.cpp */; };
		AD84DC851C04300000C4CFFA /* ConstantsSet.hpp in Headers */ = {isa = PBXBuildFile; fileRef = AD84DC111C042FFF00C4CFFA /* ConstantsSet.hpp */; };
		AD84DC861C04300000C4CFFA /* DataPrinter.cpp in Sources */ = {isa = PBXBuildFile; fileRef = AD84DC131C042FFF00C4CFFA /* DataPrinter.cpp */; };
		AD84DC871C04300000C4CFFA /* DataPrinter.cpp in Sources */ = {isa = PBXBuildFile; fileRef = AD84DC131C042FFF00C4CFFA /* DataPrinter.cpp */; };
		AD84DC881C04300000C4CFFA /* DataPrinter.hpp in Headers */ = {isa = PBXBuildFile; fileRef = AD84DC141C042FFF00C4CFFA /* DataPrinter.hpp */; };
		AD84DC891C04300000C4CFFA /* DiscreteModel.cpp in Sources */ = {isa = PBXBuildFile; fileRef = AD84DC161C042FFF00C4CFFA /* DiscreteModel.cpp */; };
		AD84DC8A1C04300000C4CFFA /* DiscreteModel.cpp in Sources */ = {isa = PBXBuildFile; fileRef = AD84DC161C042FFF00C4CFFA /* DiscreteModel.cpp */; };
		AD84DC8B1C04300000C4CFFA /* DiscreteModel.hpp in Headers */ = {isa = PBXBuildFile; fileRef = AD84DC171C042FFF00C4CFFA /* DiscreteModel.hpp */; };
		AD84DC8C1C04300000C4CFFA /* DynamicModel.cpp in Sources */ = {isa = PBXBuildFile; fileRef = AD84DC191C042FFF00C4CFFA /* DynamicModel.cpp */; };
		AD84DC8D1C04300000C4CFFA /* DynamicModel.cpp in Sources */ = {isa = PBXBuildFile; fileRef = AD84DC191C042FFF00C4CFFA /* DynamicModel.cpp */; };
		AD84DC8E1C04300000C4CFFA /* DynamicModel.hpp in Headers */ = {isa = PBXBuildFile; fileRef = AD84DC1A1C042FFF00C4CFFA /* DynamicModel.hpp */; };
		AD84DC8F1C04300000C4CFFA /* ExplicitEuler.cpp in Sources */ = {isa = PBXBuildFile; fileRef = AD84DC1C1C042FFF00C4CFFA /* ExplicitEuler.cpp */; };
		AD84DC901C04300000C4CFFA /* ExplicitEuler.cpp in Sources */ = {isa = PBXBuildFile; fileRef = AD84DC1C1C042FFF00C4CFFA /* ExplicitEuler.cpp */; };
		AD84DC911C04300000C4CFFA /* ExplicitEuler.hpp in Headers */ = {isa = PBXBuildFile; fileRef = AD84DC1D1C042FFF00C4CFFA /* ExplicitEuler.hpp */; };
		AD84DC921C04300000C4CFFA /* ExplicitTrapezoidal.cpp in Sources */ = {isa = PBXBuildFile; fileRef = AD84DC1E1C042FFF00C4CFFA /* ExplicitTrapezoidal.cpp */; };
		AD84DC931C04300000C4CFFA /* ExplicitTrapezoidal.cpp in Sources */ = {isa = PBXBuildFile; fileRef = AD84DC1E1C042FFF00C4CFFA /* ExplicitTrapezoidal.cpp */; };
		AD84DC941C04300000C4CFFA /* ExplicitTrapezoidal.hpp in Headers */ = {isa = PBXBuildFile; fileRef = AD84DC1F1C042FFF00C4CFFA /* ExplicitTrapezoidal.hpp */; };
		AD84DC981C04300000C4CFFA /* RungeKutta4.cpp in Sources */ = {isa = PBXBuildFile; fileRef = AD84DC221C042FFF00C4CFFA /* RungeKutta4.cpp */; };
		AD84DC991C04300000C4CFFA /* RungeKutta4.cpp in Sources */ = {isa = PBXBuildFile; fileRef = AD84DC221C042FFF00C4CFFA /* RungeKutta4.cpp */; };
		AD84DC9A1C04300000C4CFFA /* RungeKutta4.hpp in Headers */ = {isa = PBXBuildFile; fileRef = AD84DC231C042FFF00C4CFFA /* RungeKutta4.hpp */; };
		AD84DC9B1C04300000C4CFFA /* ODESim.h in Headers */ = {isa = PBXBuildFile; fileRef = AD84DC241C042FFF00C4CFFA /* ODESim.h */; };
		AD84DC9C1C04300000C4CFFA /* PreciseTime.h in Headers */ = {isa = PBXBuildFile; fileRef = AD84DC261C042FFF00C4CFFA /* PreciseTime.h */; };
		AD84DC9D1C04300000C4CFFA /* Scheduler.cpp in Sources */ = {isa = PBXBuildFile; fileRef = AD84DC281C042FFF00C4CFFA /* Scheduler.cpp */; };
		AD84DC9E1C04300000C4CFFA /* Scheduler.cpp in Sources */ = {isa = PBXBuildFile; fileRef = AD84DC281C042FFF00C4CFFA /* Scheduler.cpp */; };
		AD84DC9F1C04300000C4CFFA /* Scheduler.hpp in Headers */ = {isa = PBXBuildFile; fileRef = AD84DC291C042FFF00C4CFFA /* Scheduler.hpp */; };
		AD84DCAF1C04300000C4CFFA /* Optimization.h in Headers */ = {isa = PBXBuildFile; fileRef = AD84DC361C042FFF00C4CFFA /* Optimization.h */; };
		AD84DCBD1C04300100C4CFFA /* PDESim.h in Headers */ = {isa = PBXBuildFile; fileRef = AD84DC411C042FFF00C4CFFA /* PDESim.h */; };
		AD84DD231C057E8000C4CFFA /* Quaternion.cpp in Sources */ = {isa = PBXBuildFile; fileRef = AD84DD211C057E8000C4CFFA /* Quaternion.cpp */; };
		AD84DD241C057E8000C4CFFA /* Quaternion.cpp in Sources */ = {isa = PBXBuildFile; fileRef = AD84DD211C057E8000C4CFFA /* Quaternion.cpp */; };
		AD84DD251C057E8000C4CFFA /* Quaternion.hpp in Headers */ = {isa = PBXBuildFile; fileRef = AD84DD221C057E8000C4CFFA /* Quaternion.hpp */; };
		AD84DD5E1C06CBC300C4CFFA /* Vec3D.cpp in Sources */ = {isa = PBXBuildFile; fileRef = AD84DD5C1C06CBC300C4CFFA /* Vec3D.cpp */; };
		AD84DD5F1C06CBC300C4CFFA /* Vec3D.cpp in Sources */ = {isa = PBXBuildFile; fileRef = AD84DD5C1C06CBC300C4CFFA /* Vec3D.cpp */; };
		AD84DD601C06CBC300C4CFFA /* Vec3D.hpp in Headers */ = {isa = PBXBuildFile; fileRef = AD84DD5D1C06CBC300C4CFFA /* Vec3D.hpp */; };
		AD84DD641C06CBDD00C4CFFA /* Vector.cpp in Sources */ = {isa = PBXBuildFile; fileRef = AD84DD621C06CBDD00C4CFFA /* Vector.cpp */; };
		AD84DD661C06CBDD00C4CFFA /* Vector.hpp in Headers */ = {isa = PBXBuildFile; fileRef = AD84DD631C06CBDD00C4CFFA /* Vector.hpp */; };
		ADA93AAF1C51F1C80028F939 /* Network.cpp in Sources */ = {isa = PBXBuildFile; fileRef = ADA93AAD1C51F1C80028F939 /* Network.cpp */; };
		ADAF706E1C407EC400C5AE73 /* FileObject.cpp in Sources */ = {isa = PBXBuildFile; fileRef = AD1F24C21C33A21900E7FABF /* FileObject.cpp */; };
		ADAF706F1C407EC400C5AE73 /* Timer.cpp in Sources */ = {isa = PBXBuildFile; fileRef = ADFAD8181C30781A00D4C3DE /* Timer.cpp */; };
		ADAF70701C407EC400C5AE73 /* Vector.cpp in Sources */ = {isa = PBXBuildFile; fileRef = AD84DD621C06CBDD00C4CFFA /* Vector.cpp */; };
		ADAF707C1C407EC400C5AE73 /* ModelList.cpp in Sources */ = {isa = PBXBuildFile; fileRef = ADFAD8051C2E243300D4C3DE /* ModelList.cpp */; };
		ADAF707D1C407EC400C5AE73 /* SimState.cpp in Sources */ = {isa = PBXBuildFile; fileRef = ADFAD8081C2E244900D4C3DE /* SimState.cpp */; };
		ADAF707E1C407EC400C5AE73 /* SimTime.cpp in Sources */ = {isa = PBXBuildFile; fileRef = ADFAD80C1C2E28C200D4C3DE /* SimTime.cpp */; };
		ADAF707F1C407EC400C5AE73 /* FiniteDifference.cpp in Sources */ = {isa = PBXBuildFile; fileRef = ADCE7B501C38DD4C00296D10 /* FiniteDifference.cpp */; };
		ADAF70801C407EC400C5AE73 /* FiniteVolume.cpp in Sources */ = {isa = PBXBuildFile; fileRef = ADCE7B561C38DFE000296D10 /* FiniteVolume.cpp */; };
		ADAF70811C407EC400C5AE73 /* Element.cpp in Sources */ = {isa = PBXBuildFile; fileRef = ADCE7B531C38DFD100296D10 /* Element.cpp */; };
		ADAF70821C407EC400C5AE73 /* FiniteElement.cpp in Sources */ = {isa = PBXBuildFile; fileRef = ADCE7B591C38DFFB00296D10 /* FiniteElement.cpp */; };
		ADB85DA21B816019002879D2 /* libpng16.16.dylib in Frameworks */ = {isa = PBXBuildFile; fileRef = ADB85D961B815E27002879D2 /* libpng16.16.dylib */; };
		ADBF6AFA1C5F2A4B006B1222 /* MatStorage.cpp in Sources */ = {isa = PBXBuildFile; fileRef = ADBF6AF81C5F2A4B006B1222 /* MatStorage.cpp */; };
		ADBF6B031C5F2A73006B1222 /* Matrix.cpp in Sources */ = {isa = PBXBuildFile; fileRef = ADBF6B001C5F2A73006B1222 /* Matrix.cpp */; };
		ADBF6B0F1C5F2A8E006B1222 /* MatHashes.cpp in Sources */ = {isa = PBXBuildFile; fileRef = ADBF6B0D1C5F2A8E006B1222 /* MatHashes.cpp */; };
		ADCE7B521C38DD4C00296D10 /* FiniteDifference.cpp in Sources */ = {isa = PBXBuildFile; fileRef = ADCE7B501C38DD4C00296D10 /* FiniteDifference.cpp */; };
		ADCE7B551C38DFD100296D10 /* Element.cpp in Sources */ = {isa = PBXBuildFile; fileRef = ADCE7B531C38DFD100296D10 /* Element.cpp */; };
		ADCE7B581C38DFE000296D10 /* FiniteVolume.cpp in Sources */ = {isa = PBXBuildFile; fileRef = ADCE7B561C38DFE000296D10 /* FiniteVolume.cpp */; };
		ADCE7B5B1C38DFFB00296D10 /* FiniteElement.cpp in Sources */ = {isa = PBXBuildFile; fileRef = ADCE7B591C38DFFB00296D10 /* FiniteElement.cpp */; };
		ADDBBDA01C67E9EF0079E210 /* MultiPSO.cpp in Sources */ = {isa = PBXBuildFile; fileRef = ADDBBD9E1C67E9EF0079E210 /* MultiPSO.cpp */; };
		ADDBBDA41C67F1680079E210 /* Particle.cpp in Sources */ = {isa = PBXBuildFile; fileRef = ADDBBDA21C67F1680079E210 /* Particle.cpp */; };
		ADE3CDBD1C55C08100A3601A /* DataSet.cpp in Sources */ = {isa = PBXBuildFile; fileRef = ADE3CDBB1C55C08000A3601A /* DataSet.cpp */; };
		ADE3CDE01C5B346B00A3601A /* RandomInit.cpp in Sources */ = {isa = PBXBuildFile; fileRef = ADE3CDDE1C5B346B00A3601A /* RandomInit.cpp */; };
		ADE4FC7C1C54886100E17F51 /* Node.cpp in Sources */ = {isa = PBXBuildFile; fileRef = ADE4FC7A1C54886100E17F51 /* Node.cpp */; };
		ADE4FC801C548A1B00E17F51 /* ActivationFuncs.cpp in Sources */ = {isa = PBXBuildFile; fileRef = ADE4FC7E1C548A1B00E17F51 /* ActivationFuncs.cpp */; };
		ADFAD8071C2E243300D4C3DE /* ModelList.cpp in Sources */ = {isa = PBXBuildFile; fileRef = ADFAD8051C2E243300D4C3DE /* ModelList.cpp */; };
		ADFAD80A1C2E244900D4C3DE /* SimState.cpp in Sources */ = {isa = PBXBuildFile; fileRef = ADFAD8081C2E244900D4C3DE /* SimState.cpp */; };
		ADFAD80E1C2E28C200D4C3DE /* SimTime.cpp in Sources */ = {isa = PBXBuildFile; fileRef = ADFAD80C1C2E28C200D4C3DE /* SimTime.cpp */; };
		ADFAD8131C2E582900D4C3DE /* ExampleSim.cpp in Sources */ = {isa = PBXBuildFile; fileRef = ADFAD8111C2E582900D4C3DE /* ExampleSim.cpp */; };
		ADFAD8161C2E668200D4C3DE /* Pendulum.cpp in Sources */ = {isa = PBXBuildFile; fileRef = ADFAD8141C2E668200D4C3DE /* Pendulum.cpp */; };
		ADFAD81A1C30781A00D4C3DE /* Timer.cpp in Sources */ = {isa = PBXBuildFile; fileRef = ADFAD8181C30781A00D4C3DE /* Timer.cpp */; };
		ADFE86AC1BDA04E300D84DB6 /* AdaptiveArray.cpp in Sources */ = {isa = PBXBuildFile; fileRef = ADFE86931BDA04E300D84DB6 /* AdaptiveArray.cpp */; };
		ADFE86AD1BDA04E300D84DB6 /* Coordinate.cpp in Sources */ = {isa = PBXBuildFile; fileRef = ADFE86981BDA04E300D84DB6 /* Coordinate.cpp */; };
		ADFE86AE1BDA04E300D84DB6 /* Graph.cpp in Sources */ = {isa = PBXBuildFile; fileRef = ADFE869A1BDA04E300D84DB6 /* Graph.cpp */; };
		ADFE86AF1BDA04E300D84DB6 /* kdtree.cpp in Sources */ = {isa = PBXBuildFile; fileRef = ADFE86A01BDA04E300D84DB6 /* kdtree.cpp */; };
		ADFE86B01BDA04E300D84DB6 /* LinkedList.cpp in Sources */ = {isa = PBXBuildFile; fileRef = ADFE86A31BDA04E300D84DB6 /* LinkedList.cpp */; };
		ADFE86B21BDA04E300D84DB6 /* PopArray.cpp in Sources */ = {isa = PBXBuildFile; fileRef = ADFE86A61BDA04E300D84DB6 /* PopArray.cpp */; };
		ADFE86B31BDA04E300D84DB6 /* Vec.cpp in Sources */ = {isa = PBXBuildFile; fileRef = ADFE86AA1BDA04E300D84DB6 /* Vec.cpp */; };
/* End PBXBuildFile section */

/* Begin PBXCopyFilesBuildPhase section */
		AD4768001B76EAF100E6B11D /* CopyFiles */ = {
			isa = PBXCopyFilesBuildPhase;
			buildActionMask = 2147483647;
			dstPath = /usr/share/man/man1/;
			dstSubfolderSpec = 0;
			files = (
			);
			runOnlyForDeploymentPostprocessing = 1;
		};
		AD5B18621BE442CE003E0233 /* CopyFiles */ = {
			isa = PBXCopyFilesBuildPhase;
			buildActionMask = 2147483647;
			dstPath = /usr/share/man/man1/;
			dstSubfolderSpec = 0;
			files = (
			);
			runOnlyForDeploymentPostprocessing = 1;
		};
/* End PBXCopyFilesBuildPhase section */

/* Begin PBXFileReference section */
		AD1F24C21C33A21900E7FABF /* FileObject.cpp */ = {isa = PBXFileReference; fileEncoding = 4; lastKnownFileType = sourcecode.cpp.cpp; path = FileObject.cpp; sourceTree = "<group>"; };
		AD1F24C31C33A21900E7FABF /* FileObject.hpp */ = {isa = PBXFileReference; fileEncoding = 4; lastKnownFileType = sourcecode.cpp.h; path = FileObject.hpp; sourceTree = "<group>"; };
		AD4768021B76EAF100E6B11D /* NumCH */ = {isa = PBXFileReference; explicitFileType = "compiled.mach-o.executable"; includeInIndex = 0; path = NumCH; sourceTree = BUILT_PRODUCTS_DIR; };
		AD4768051B76EAF100E6B11D /* main.cpp */ = {isa = PBXFileReference; lastKnownFileType = sourcecode.cpp.cpp; path = main.cpp; sourceTree = "<group>"; };
		AD5B18641BE442CE003E0233 /* LearnCannonAI */ = {isa = PBXFileReference; explicitFileType = "compiled.mach-o.executable"; includeInIndex = 0; path = LearnCannonAI; sourceTree = BUILT_PRODUCTS_DIR; };
		AD5B19041BE4540D003E0233 /* libNumCHLib.a */ = {isa = PBXFileReference; explicitFileType = archive.ar; includeInIndex = 0; path = libNumCHLib.a; sourceTree = BUILT_PRODUCTS_DIR; };
		AD84DBD51C042FFF00C4CFFA /* DataFilter.h */ = {isa = PBXFileReference; fileEncoding = 4; lastKnownFileType = sourcecode.c.h; path = DataFilter.h; sourceTree = "<group>"; };
		AD84DBDA1C042FFF00C4CFFA /* Geometry.h */ = {isa = PBXFileReference; fileEncoding = 4; lastKnownFileType = sourcecode.c.h; path = Geometry.h; sourceTree = "<group>"; };
		AD84DBDB1C042FFF00C4CFFA /* point.h */ = {isa = PBXFileReference; fileEncoding = 4; lastKnownFileType = sourcecode.c.h; path = point.h; sourceTree = "<group>"; };
		AD84DBDD1C042FFF00C4CFFA /* camera.h */ = {isa = PBXFileReference; fileEncoding = 4; lastKnownFileType = sourcecode.c.h; path = camera.h; sourceTree = "<group>"; };
		AD84DBDE1C042FFF00C4CFFA /* color_map.h */ = {isa = PBXFileReference; fileEncoding = 4; lastKnownFileType = sourcecode.c.h; path = color_map.h; sourceTree = "<group>"; };
		AD84DBDF1C042FFF00C4CFFA /* cpixel.cpp */ = {isa = PBXFileReference; fileEncoding = 4; lastKnownFileType = sourcecode.cpp.cpp; path = cpixel.cpp; sourceTree = "<group>"; };
		AD84DBE01C042FFF00C4CFFA /* cpixel.h */ = {isa = PBXFileReference; fileEncoding = 4; lastKnownFileType = sourcecode.c.h; path = cpixel.h; sourceTree = "<group>"; };
		AD84DBE11C042FFF00C4CFFA /* cpng.cpp */ = {isa = PBXFileReference; fileEncoding = 4; lastKnownFileType = sourcecode.cpp.cpp; path = cpng.cpp; sourceTree = "<group>"; };
		AD84DBE21C042FFF00C4CFFA /* cpng.h */ = {isa = PBXFileReference; fileEncoding = 4; lastKnownFileType = sourcecode.c.h; path = cpng.h; sourceTree = "<group>"; };
		AD84DBE31C042FFF00C4CFFA /* FigData.cpp */ = {isa = PBXFileReference; fileEncoding = 4; lastKnownFileType = sourcecode.cpp.cpp; path = FigData.cpp; sourceTree = "<group>"; };
		AD84DBE41C042FFF00C4CFFA /* FigData.h */ = {isa = PBXFileReference; fileEncoding = 4; lastKnownFileType = sourcecode.c.h; path = FigData.h; sourceTree = "<group>"; };
		AD84DBE51C042FFF00C4CFFA /* Figure.h */ = {isa = PBXFileReference; fileEncoding = 4; lastKnownFileType = sourcecode.c.h; path = Figure.h; sourceTree = "<group>"; };
		AD84DBE61C042FFF00C4CFFA /* Figures.h */ = {isa = PBXFileReference; fileEncoding = 4; lastKnownFileType = sourcecode.c.h; path = Figures.h; sourceTree = "<group>"; };
		AD84DBE71C042FFF00C4CFFA /* Graphics.h */ = {isa = PBXFileReference; fileEncoding = 4; lastKnownFileType = sourcecode.c.h; path = Graphics.h; sourceTree = "<group>"; };
		AD84DBE81C042FFF00C4CFFA /* graphics_objs.h */ = {isa = PBXFileReference; fileEncoding = 4; lastKnownFileType = sourcecode.c.h; path = graphics_objs.h; sourceTree = "<group>"; };
		AD84DBE91C042FFF00C4CFFA /* PhotoRealImages.h */ = {isa = PBXFileReference; fileEncoding = 4; lastKnownFileType = sourcecode.c.h; path = PhotoRealImages.h; sourceTree = "<group>"; };
		AD84DBEA1C042FFF00C4CFFA /* png.h */ = {isa = PBXFileReference; fileEncoding = 4; lastKnownFileType = sourcecode.c.h; path = png.h; sourceTree = "<group>"; };
		AD84DBEB1C042FFF00C4CFFA /* pngconf.h */ = {isa = PBXFileReference; fileEncoding = 4; lastKnownFileType = sourcecode.c.h; path = pngconf.h; sourceTree = "<group>"; };
		AD84DBEC1C042FFF00C4CFFA /* PNGImages.h */ = {isa = PBXFileReference; fileEncoding = 4; lastKnownFileType = sourcecode.c.h; path = PNGImages.h; sourceTree = "<group>"; };
		AD84DBED1C042FFF00C4CFFA /* pnglibconf.h */ = {isa = PBXFileReference; fileEncoding = 4; lastKnownFileType = sourcecode.c.h; path = pnglibconf.h; sourceTree = "<group>"; };
		AD84DBEF1C042FFF00C4CFFA /* LinearAlgebra.h */ = {isa = PBXFileReference; fileEncoding = 4; lastKnownFileType = sourcecode.c.h; path = LinearAlgebra.h; sourceTree = "<group>"; };
		AD84DC041C042FFF00C4CFFA /* Fraction.cpp */ = {isa = PBXFileReference; fileEncoding = 4; lastKnownFileType = sourcecode.cpp.cpp; path = Fraction.cpp; sourceTree = "<group>"; };
		AD84DC051C042FFF00C4CFFA /* Fraction.h */ = {isa = PBXFileReference; fileEncoding = 4; lastKnownFileType = sourcecode.c.h; path = Fraction.h; sourceTree = "<group>"; };
		AD84DC061C042FFF00C4CFFA /* Malloc2D.hpp */ = {isa = PBXFileReference; fileEncoding = 4; lastKnownFileType = sourcecode.cpp.h; path = Malloc2D.hpp; sourceTree = "<group>"; };
		AD84DC071C042FFF00C4CFFA /* Numbers.h */ = {isa = PBXFileReference; fileEncoding = 4; lastKnownFileType = sourcecode.c.h; path = Numbers.h; sourceTree = "<group>"; };
		AD84DC081C042FFF00C4CFFA /* RandomNumberGenerator.cpp */ = {isa = PBXFileReference; fileEncoding = 4; lastKnownFileType = sourcecode.cpp.cpp; path = RandomNumberGenerator.cpp; sourceTree = "<group>"; };
		AD84DC091C042FFF00C4CFFA /* RandomNumberGenerator.hpp */ = {isa = PBXFileReference; fileEncoding = 4; lastKnownFileType = sourcecode.cpp.h; path = RandomNumberGenerator.hpp; sourceTree = "<group>"; };
		AD84DC0A1C042FFF00C4CFFA /* NumCH.h */ = {isa = PBXFileReference; fileEncoding = 4; lastKnownFileType = sourcecode.c.h; path = NumCH.h; sourceTree = "<group>"; };
		AD84DC0D1C042FFF00C4CFFA /* ConfigParser.cpp */ = {isa = PBXFileReference; fileEncoding = 4; lastKnownFileType = sourcecode.cpp.cpp; path = ConfigParser.cpp; sourceTree = "<group>"; };
		AD84DC0E1C042FFF00C4CFFA /* ConfigParser.hpp */ = {isa = PBXFileReference; fileEncoding = 4; lastKnownFileType = sourcecode.cpp.h; path = ConfigParser.hpp; sourceTree = "<group>"; };
		AD84DC101C042FFF00C4CFFA /* ConstantsSet.cpp */ = {isa = PBXFileReference; fileEncoding = 4; lastKnownFileType = sourcecode.cpp.cpp; path = ConstantsSet.cpp; sourceTree = "<group>"; };
		AD84DC111C042FFF00C4CFFA /* ConstantsSet.hpp */ = {isa = PBXFileReference; fileEncoding = 4; lastKnownFileType = sourcecode.cpp.h; path = ConstantsSet.hpp; sourceTree = "<group>"; };
		AD84DC131C042FFF00C4CFFA /* DataPrinter.cpp */ = {isa = PBXFileReference; fileEncoding = 4; lastKnownFileType = sourcecode.cpp.cpp; path = DataPrinter.cpp; sourceTree = "<group>"; };
		AD84DC141C042FFF00C4CFFA /* DataPrinter.hpp */ = {isa = PBXFileReference; fileEncoding = 4; lastKnownFileType = sourcecode.cpp.h; path = DataPrinter.hpp; sourceTree = "<group>"; };
		AD84DC161C042FFF00C4CFFA /* DiscreteModel.cpp */ = {isa = PBXFileReference; fileEncoding = 4; lastKnownFileType = sourcecode.cpp.cpp; path = DiscreteModel.cpp; sourceTree = "<group>"; };
		AD84DC171C042FFF00C4CFFA /* DiscreteModel.hpp */ = {isa = PBXFileReference; fileEncoding = 4; lastKnownFileType = sourcecode.cpp.h; path = DiscreteModel.hpp; sourceTree = "<group>"; };
		AD84DC191C042FFF00C4CFFA /* DynamicModel.cpp */ = {isa = PBXFileReference; fileEncoding = 4; lastKnownFileType = sourcecode.cpp.cpp; path = DynamicModel.cpp; sourceTree = "<group>"; };
		AD84DC1A1C042FFF00C4CFFA /* DynamicModel.hpp */ = {isa = PBXFileReference; fileEncoding = 4; lastKnownFileType = sourcecode.cpp.h; path = DynamicModel.hpp; sourceTree = "<group>"; };
		AD84DC1C1C042FFF00C4CFFA /* ExplicitEuler.cpp */ = {isa = PBXFileReference; fileEncoding = 4; lastKnownFileType = sourcecode.cpp.cpp; path = ExplicitEuler.cpp; sourceTree = "<group>"; };
		AD84DC1D1C042FFF00C4CFFA /* ExplicitEuler.hpp */ = {isa = PBXFileReference; fileEncoding = 4; lastKnownFileType = sourcecode.cpp.h; path = ExplicitEuler.hpp; sourceTree = "<group>"; };
		AD84DC1E1C042FFF00C4CFFA /* ExplicitTrapezoidal.cpp */ = {isa = PBXFileReference; fileEncoding = 4; lastKnownFileType = sourcecode.cpp.cpp; path = ExplicitTrapezoidal.cpp; sourceTree = "<group>"; };
		AD84DC1F1C042FFF00C4CFFA /* ExplicitTrapezoidal.hpp */ = {isa = PBXFileReference; fileEncoding = 4; lastKnownFileType = sourcecode.cpp.h; path = ExplicitTrapezoidal.hpp; sourceTree = "<group>"; };
		AD84DC221C042FFF00C4CFFA /* RungeKutta4.cpp */ = {isa = PBXFileReference; fileEncoding = 4; lastKnownFileType = sourcecode.cpp.cpp; path = RungeKutta4.cpp; sourceTree = "<group>"; };
		AD84DC231C042FFF00C4CFFA /* RungeKutta4.hpp */ = {isa = PBXFileReference; fileEncoding = 4; lastKnownFileType = sourcecode.cpp.h; path = RungeKutta4.hpp; sourceTree = "<group>"; };
		AD84DC241C042FFF00C4CFFA /* ODESim.h */ = {isa = PBXFileReference; fileEncoding = 4; lastKnownFileType = sourcecode.c.h; name = ODESim.h; path = ODE_SimFramework/ODESim.h; sourceTree = "<group>"; };
		AD84DC261C042FFF00C4CFFA /* PreciseTime.h */ = {isa = PBXFileReference; fileEncoding = 4; lastKnownFileType = sourcecode.c.h; path = PreciseTime.h; sourceTree = "<group>"; };
		AD84DC281C042FFF00C4CFFA /* Scheduler.cpp */ = {isa = PBXFileReference; fileEncoding = 4; lastKnownFileType = sourcecode.cpp.cpp; path = Scheduler.cpp; sourceTree = "<group>"; };
		AD84DC291C042FFF00C4CFFA /* Scheduler.hpp */ = {isa = PBXFileReference; fileEncoding = 4; lastKnownFileType = sourcecode.cpp.h; path = Scheduler.hpp; sourceTree = "<group>"; };
		AD84DC361C042FFF00C4CFFA /* Optimization.h */ = {isa = PBXFileReference; fileEncoding = 4; lastKnownFileType = sourcecode.c.h; path = Optimization.h; sourceTree = "<group>"; };
		AD84DC411C042FFF00C4CFFA /* PDESim.h */ = {isa = PBXFileReference; fileEncoding = 4; lastKnownFileType = sourcecode.c.h; path = PDESim.h; sourceTree = "<group>"; };
		AD84DD211C057E8000C4CFFA /* Quaternion.cpp */ = {isa = PBXFileReference; fileEncoding = 4; lastKnownFileType = sourcecode.cpp.cpp; path = Quaternion.cpp; sourceTree = "<group>"; };
		AD84DD221C057E8000C4CFFA /* Quaternion.hpp */ = {isa = PBXFileReference; fileEncoding = 4; lastKnownFileType = sourcecode.cpp.h; path = Quaternion.hpp; sourceTree = "<group>"; };
		AD84DD5C1C06CBC300C4CFFA /* Vec3D.cpp */ = {isa = PBXFileReference; fileEncoding = 4; lastKnownFileType = sourcecode.cpp.cpp; path = Vec3D.cpp; sourceTree = "<group>"; };
		AD84DD5D1C06CBC300C4CFFA /* Vec3D.hpp */ = {isa = PBXFileReference; fileEncoding = 4; lastKnownFileType = sourcecode.cpp.h; path = Vec3D.hpp; sourceTree = "<group>"; };
		AD84DD621C06CBDD00C4CFFA /* Vector.cpp */ = {isa = PBXFileReference; fileEncoding = 4; lastKnownFileType = sourcecode.cpp.cpp; path = Vector.cpp; sourceTree = "<group>"; };
		AD84DD631C06CBDD00C4CFFA /* Vector.hpp */ = {isa = PBXFileReference; fileEncoding = 4; lastKnownFileType = sourcecode.cpp.h; path = Vector.hpp; sourceTree = "<group>"; };
		ADA93AAD1C51F1C80028F939 /* Network.cpp */ = {isa = PBXFileReference; fileEncoding = 4; lastKnownFileType = sourcecode.cpp.cpp; path = Network.cpp; sourceTree = "<group>"; };
		ADA93AAE1C51F1C80028F939 /* Network.hpp */ = {isa = PBXFileReference; fileEncoding = 4; lastKnownFileType = sourcecode.cpp.h; path = Network.hpp; sourceTree = "<group>"; };
		ADAF706D1C407B3700C5AE73 /* NumericIntegration.h */ = {isa = PBXFileReference; lastKnownFileType = sourcecode.c.h; path = NumericIntegration.h; sourceTree = "<group>"; };
		ADB85D961B815E27002879D2 /* libpng16.16.dylib */ = {isa = PBXFileReference; lastKnownFileType = "compiled.mach-o.dylib"; name = libpng16.16.dylib; path = NumCH/libpng16.16.dylib; sourceTree = "<group>"; };
		ADBF6AF81C5F2A4B006B1222 /* MatStorage.cpp */ = {isa = PBXFileReference; fileEncoding = 4; lastKnownFileType = sourcecode.cpp.cpp; name = MatStorage.cpp; path = MatStorage/MatStorage.cpp; sourceTree = "<group>"; };
		ADBF6AF91C5F2A4B006B1222 /* MatStorage.hpp */ = {isa = PBXFileReference; fileEncoding = 4; lastKnownFileType = sourcecode.cpp.h; name = MatStorage.hpp; path = MatStorage/MatStorage.hpp; sourceTree = "<group>"; };
		ADBF6AFB1C5F2A56006B1222 /* Solver.hpp */ = {isa = PBXFileReference; fileEncoding = 4; lastKnownFileType = sourcecode.cpp.h; name = Solver.hpp; path = Solvers/Solver.hpp; sourceTree = "<group>"; };
		ADBF6AFC1C5F2A66006B1222 /* Cholesky.hpp */ = {isa = PBXFileReference; fileEncoding = 4; lastKnownFileType = sourcecode.cpp.h; name = Cholesky.hpp; path = Factorizations/Cholesky.hpp; sourceTree = "<group>"; };
		ADBF6AFD1C5F2A66006B1222 /* LDL.hpp */ = {isa = PBXFileReference; fileEncoding = 4; lastKnownFileType = sourcecode.cpp.h; name = LDL.hpp; path = Factorizations/LDL.hpp; sourceTree = "<group>"; };
		ADBF6AFE1C5F2A66006B1222 /* QR.hpp */ = {isa = PBXFileReference; fileEncoding = 4; lastKnownFileType = sourcecode.cpp.h; name = QR.hpp; path = Factorizations/QR.hpp; sourceTree = "<group>"; };
		ADBF6AFF1C5F2A73006B1222 /* Dims.hpp */ = {isa = PBXFileReference; fileEncoding = 4; lastKnownFileType = sourcecode.cpp.h; name = Dims.hpp; path = Matrix/Dims.hpp; sourceTree = "<group>"; };
		ADBF6B001C5F2A73006B1222 /* Matrix.cpp */ = {isa = PBXFileReference; fileEncoding = 4; lastKnownFileType = sourcecode.cpp.cpp; name = Matrix.cpp; path = Matrix/Matrix.cpp; sourceTree = "<group>"; };
		ADBF6B011C5F2A73006B1222 /* Matrix.hpp */ = {isa = PBXFileReference; fileEncoding = 4; lastKnownFileType = sourcecode.cpp.h; name = Matrix.hpp; path = Matrix/Matrix.hpp; sourceTree = "<group>"; };
		ADBF6B021C5F2A73006B1222 /* MatTypes.hpp */ = {isa = PBXFileReference; fileEncoding = 4; lastKnownFileType = sourcecode.cpp.h; name = MatTypes.hpp; path = Matrix/MatTypes.hpp; sourceTree = "<group>"; };
		ADBF6B041C5F2A81006B1222 /* AllMatExprs.hpp */ = {isa = PBXFileReference; fileEncoding = 4; lastKnownFileType = sourcecode.cpp.h; name = AllMatExprs.hpp; path = MatExpressions/AllMatExprs.hpp; sourceTree = "<group>"; };
		ADBF6B051C5F2A81006B1222 /* MatMinusExpr.hpp */ = {isa = PBXFileReference; fileEncoding = 4; lastKnownFileType = sourcecode.cpp.h; name = MatMinusExpr.hpp; path = MatExpressions/MatMinusExpr.hpp; sourceTree = "<group>"; };
		ADBF6B061C5F2A81006B1222 /* MatMultExpr.hpp */ = {isa = PBXFileReference; fileEncoding = 4; lastKnownFileType = sourcecode.cpp.h; name = MatMultExpr.hpp; path = MatExpressions/MatMultExpr.hpp; sourceTree = "<group>"; };
		ADBF6B071C5F2A81006B1222 /* MatrixExpression.hpp */ = {isa = PBXFileReference; fileEncoding = 4; lastKnownFileType = sourcecode.cpp.h; name = MatrixExpression.hpp; path = MatExpressions/MatrixExpression.hpp; sourceTree = "<group>"; };
		ADBF6B081C5F2A81006B1222 /* MatScalarAddExpr.hpp */ = {isa = PBXFileReference; fileEncoding = 4; lastKnownFileType = sourcecode.cpp.h; name = MatScalarAddExpr.hpp; path = MatExpressions/MatScalarAddExpr.hpp; sourceTree = "<group>"; };
		ADBF6B091C5F2A81006B1222 /* MatScalarDivExpr.hpp */ = {isa = PBXFileReference; fileEncoding = 4; lastKnownFileType = sourcecode.cpp.h; name = MatScalarDivExpr.hpp; path = MatExpressions/MatScalarDivExpr.hpp; sourceTree = "<group>"; };
		ADBF6B0A1C5F2A81006B1222 /* MatScalarMinusExpr.hpp */ = {isa = PBXFileReference; fileEncoding = 4; lastKnownFileType = sourcecode.cpp.h; name = MatScalarMinusExpr.hpp; path = MatExpressions/MatScalarMinusExpr.hpp; sourceTree = "<group>"; };
		ADBF6B0B1C5F2A81006B1222 /* MatScalarMultExpr.hpp */ = {isa = PBXFileReference; fileEncoding = 4; lastKnownFileType = sourcecode.cpp.h; name = MatScalarMultExpr.hpp; path = MatExpressions/MatScalarMultExpr.hpp; sourceTree = "<group>"; };
		ADBF6B0C1C5F2A81006B1222 /* MatSumExpr.hpp */ = {isa = PBXFileReference; fileEncoding = 4; lastKnownFileType = sourcecode.cpp.h; name = MatSumExpr.hpp; path = MatExpressions/MatSumExpr.hpp; sourceTree = "<group>"; };
		ADBF6B0D1C5F2A8E006B1222 /* MatHashes.cpp */ = {isa = PBXFileReference; fileEncoding = 4; lastKnownFileType = sourcecode.cpp.cpp; name = MatHashes.cpp; path = MatHashes/MatHashes.cpp; sourceTree = "<group>"; };
		ADBF6B0E1C5F2A8E006B1222 /* MatHashes.hpp */ = {isa = PBXFileReference; fileEncoding = 4; lastKnownFileType = sourcecode.cpp.h; name = MatHashes.hpp; path = MatHashes/MatHashes.hpp; sourceTree = "<group>"; };
		ADBF6B181C6089CB006B1222 /* Special_Diag.hpp */ = {isa = PBXFileReference; fileEncoding = 4; lastKnownFileType = sourcecode.cpp.h; path = Special_Diag.hpp; sourceTree = "<group>"; };
		ADBF6B191C6089CB006B1222 /* Special_General.hpp */ = {isa = PBXFileReference; fileEncoding = 4; lastKnownFileType = sourcecode.cpp.h; path = Special_General.hpp; sourceTree = "<group>"; };
		ADBF6B1A1C6089CB006B1222 /* Special_Lower.hpp */ = {isa = PBXFileReference; fileEncoding = 4; lastKnownFileType = sourcecode.cpp.h; path = Special_Lower.hpp; sourceTree = "<group>"; };
		ADBF6B1B1C6089CB006B1222 /* Special_Sparse.hpp */ = {isa = PBXFileReference; fileEncoding = 4; lastKnownFileType = sourcecode.cpp.h; path = Special_Sparse.hpp; sourceTree = "<group>"; };
		ADBF6B1C1C6089CB006B1222 /* Special_Symmetric.hpp */ = {isa = PBXFileReference; fileEncoding = 4; lastKnownFileType = sourcecode.cpp.h; path = Special_Symmetric.hpp; sourceTree = "<group>"; };
		ADBF6B1D1C6089CB006B1222 /* Special_Tridiag.hpp */ = {isa = PBXFileReference; fileEncoding = 4; lastKnownFileType = sourcecode.cpp.h; path = Special_Tridiag.hpp; sourceTree = "<group>"; };
		ADBF6B1E1C6089CB006B1222 /* Special_Upper.hpp */ = {isa = PBXFileReference; fileEncoding = 4; lastKnownFileType = sourcecode.cpp.h; path = Special_Upper.hpp; sourceTree = "<group>"; };
		ADBF6B1F1C61D735006B1222 /* ScalarTypes.hpp */ = {isa = PBXFileReference; lastKnownFileType = sourcecode.cpp.h; path = ScalarTypes.hpp; sourceTree = "<group>"; };
		ADBF6B221C646733006B1222 /* ConjGrad.hpp */ = {isa = PBXFileReference; lastKnownFileType = sourcecode.cpp.h; path = ConjGrad.hpp; sourceTree = "<group>"; };
		ADBF6B231C646757006B1222 /* LowerSolver.hpp */ = {isa = PBXFileReference; lastKnownFileType = sourcecode.cpp.h; path = LowerSolver.hpp; sourceTree = "<group>"; };
		ADBF6B241C6469FB006B1222 /* UpperSolver.hpp */ = {isa = PBXFileReference; lastKnownFileType = sourcecode.cpp.h; path = UpperSolver.hpp; sourceTree = "<group>"; };
		ADBF6B251C646A4C006B1222 /* DiagonalSolver.hpp */ = {isa = PBXFileReference; lastKnownFileType = sourcecode.cpp.h; path = DiagonalSolver.hpp; sourceTree = "<group>"; };
		ADBF6B271C646AC6006B1222 /* SymmetricSolver.hpp */ = {isa = PBXFileReference; lastKnownFileType = sourcecode.cpp.h; path = SymmetricSolver.hpp; sourceTree = "<group>"; };
		ADBF6B281C6476BE006B1222 /* UKF.hpp */ = {isa = PBXFileReference; lastKnownFileType = sourcecode.cpp.h; path = UKF.hpp; sourceTree = "<group>"; };
		ADCE7B501C38DD4C00296D10 /* FiniteDifference.cpp */ = {isa = PBXFileReference; fileEncoding = 4; lastKnownFileType = sourcecode.cpp.cpp; path = FiniteDifference.cpp; sourceTree = "<group>"; };
		ADCE7B511C38DD4C00296D10 /* FiniteDifference.hpp */ = {isa = PBXFileReference; fileEncoding = 4; lastKnownFileType = sourcecode.cpp.h; path = FiniteDifference.hpp; sourceTree = "<group>"; };
		ADCE7B531C38DFD100296D10 /* Element.cpp */ = {isa = PBXFileReference; fileEncoding = 4; lastKnownFileType = sourcecode.cpp.cpp; path = Element.cpp; sourceTree = "<group>"; };
		ADCE7B541C38DFD100296D10 /* Element.hpp */ = {isa = PBXFileReference; fileEncoding = 4; lastKnownFileType = sourcecode.cpp.h; path = Element.hpp; sourceTree = "<group>"; };
		ADCE7B561C38DFE000296D10 /* FiniteVolume.cpp */ = {isa = PBXFileReference; fileEncoding = 4; lastKnownFileType = sourcecode.cpp.cpp; path = FiniteVolume.cpp; sourceTree = "<group>"; };
		ADCE7B571C38DFE000296D10 /* FiniteVolume.hpp */ = {isa = PBXFileReference; fileEncoding = 4; lastKnownFileType = sourcecode.cpp.h; path = FiniteVolume.hpp; sourceTree = "<group>"; };
		ADCE7B591C38DFFB00296D10 /* FiniteElement.cpp */ = {isa = PBXFileReference; fileEncoding = 4; lastKnownFileType = sourcecode.cpp.cpp; path = FiniteElement.cpp; sourceTree = "<group>"; };
		ADCE7B5A1C38DFFB00296D10 /* FiniteElement.hpp */ = {isa = PBXFileReference; fileEncoding = 4; lastKnownFileType = sourcecode.cpp.h; path = FiniteElement.hpp; sourceTree = "<group>"; };
		ADDBBD911C65060F0079E210 /* TargetDyn.hpp */ = {isa = PBXFileReference; lastKnownFileType = sourcecode.cpp.h; path = TargetDyn.hpp; sourceTree = "<group>"; };
		ADDBBD921C65061D0079E210 /* TargetMeas.hpp */ = {isa = PBXFileReference; lastKnownFileType = sourcecode.cpp.h; path = TargetMeas.hpp; sourceTree = "<group>"; };
		ADDBBD931C66B45A0079E210 /* TestExample1.hpp */ = {isa = PBXFileReference; lastKnownFileType = sourcecode.cpp.h; path = TestExample1.hpp; sourceTree = "<group>"; };
		ADDBBD941C66B5E10079E210 /* TestPSO1.hpp */ = {isa = PBXFileReference; lastKnownFileType = sourcecode.cpp.h; path = TestPSO1.hpp; sourceTree = "<group>"; };
		ADDBBD9E1C67E9EF0079E210 /* MultiPSO.cpp */ = {isa = PBXFileReference; fileEncoding = 4; lastKnownFileType = sourcecode.cpp.cpp; path = MultiPSO.cpp; sourceTree = "<group>"; };
		ADDBBD9F1C67E9EF0079E210 /* MultiPSO.hpp */ = {isa = PBXFileReference; fileEncoding = 4; lastKnownFileType = sourcecode.cpp.h; path = MultiPSO.hpp; sourceTree = "<group>"; };
		ADDBBDA11C67ED0A0079E210 /* TestMPSO1.hpp */ = {isa = PBXFileReference; lastKnownFileType = sourcecode.cpp.h; path = TestMPSO1.hpp; sourceTree = "<group>"; };
		ADDBBDA21C67F1680079E210 /* Particle.cpp */ = {isa = PBXFileReference; fileEncoding = 4; lastKnownFileType = sourcecode.cpp.cpp; path = Particle.cpp; sourceTree = "<group>"; };
		ADE3CDBB1C55C08000A3601A /* DataSet.cpp */ = {isa = PBXFileReference; fileEncoding = 4; lastKnownFileType = sourcecode.cpp.cpp; path = DataSet.cpp; sourceTree = "<group>"; };
		ADE3CDBC1C55C08100A3601A /* DataSet.hpp */ = {isa = PBXFileReference; fileEncoding = 4; lastKnownFileType = sourcecode.cpp.h; path = DataSet.hpp; sourceTree = "<group>"; };
		ADE3CDC31C55F10300A3601A /* DefaultMaps.hpp */ = {isa = PBXFileReference; lastKnownFileType = sourcecode.cpp.h; path = DefaultMaps.hpp; sourceTree = "<group>"; };
		ADE3CDC51C55F27F00A3601A /* L2Cost.hpp */ = {isa = PBXFileReference; lastKnownFileType = sourcecode.cpp.h; path = L2Cost.hpp; sourceTree = "<group>"; };
		ADE3CDCA1C59C07400A3601A /* Optimizer.hpp */ = {isa = PBXFileReference; lastKnownFileType = sourcecode.cpp.h; path = Optimizer.hpp; sourceTree = "<group>"; };
		ADE3CDD91C5B343B00A3601A /* Particle.hpp */ = {isa = PBXFileReference; fileEncoding = 4; lastKnownFileType = sourcecode.cpp.h; name = Particle.hpp; path = DerivativeFree/PSO/Particle.hpp; sourceTree = "<group>"; };
		ADE3CDDA1C5B343B00A3601A /* PSO.hpp */ = {isa = PBXFileReference; fileEncoding = 4; lastKnownFileType = sourcecode.cpp.h; name = PSO.hpp; path = DerivativeFree/PSO/PSO.hpp; sourceTree = "<group>"; };
		ADE3CDDB1C5B343B00A3601A /* Swarm.hpp */ = {isa = PBXFileReference; fileEncoding = 4; lastKnownFileType = sourcecode.cpp.h; name = Swarm.hpp; path = DerivativeFree/PSO/Swarm.hpp; sourceTree = "<group>"; };
		ADE3CDDC1C5B344900A3601A /* Rosenbrock.hpp */ = {isa = PBXFileReference; fileEncoding = 4; lastKnownFileType = sourcecode.cpp.h; name = Rosenbrock.hpp; path = TestFunctions/Rosenbrock.hpp; sourceTree = "<group>"; };
		ADE3CDDE1C5B346B00A3601A /* RandomInit.cpp */ = {isa = PBXFileReference; fileEncoding = 4; lastKnownFileType = sourcecode.cpp.cpp; name = RandomInit.cpp; path = Initializers/RandomInit.cpp; sourceTree = "<group>"; };
		ADE3CDDF1C5B346B00A3601A /* RandomInit.hpp */ = {isa = PBXFileReference; fileEncoding = 4; lastKnownFileType = sourcecode.cpp.h; name = RandomInit.hpp; path = Initializers/RandomInit.hpp; sourceTree = "<group>"; };
		ADE3CDE11C5B34E100A3601A /* GradientBase.hpp */ = {isa = PBXFileReference; lastKnownFileType = sourcecode.cpp.h; path = GradientBase.hpp; sourceTree = "<group>"; };
		ADE4FC7A1C54886100E17F51 /* Node.cpp */ = {isa = PBXFileReference; fileEncoding = 4; lastKnownFileType = sourcecode.cpp.cpp; path = Node.cpp; sourceTree = "<group>"; };
		ADE4FC7B1C54886100E17F51 /* Node.hpp */ = {isa = PBXFileReference; fileEncoding = 4; lastKnownFileType = sourcecode.cpp.h; path = Node.hpp; sourceTree = "<group>"; };
		ADE4FC7E1C548A1B00E17F51 /* ActivationFuncs.cpp */ = {isa = PBXFileReference; fileEncoding = 4; lastKnownFileType = sourcecode.cpp.cpp; path = ActivationFuncs.cpp; sourceTree = "<group>"; };
		ADE4FC7F1C548A1B00E17F51 /* ActivationFuncs.hpp */ = {isa = PBXFileReference; fileEncoding = 4; lastKnownFileType = sourcecode.cpp.h; path = ActivationFuncs.hpp; sourceTree = "<group>"; };
		ADE4FC821C55B6C100E17F51 /* Trainer.hpp */ = {isa = PBXFileReference; lastKnownFileType = sourcecode.cpp.h; path = Trainer.hpp; sourceTree = "<group>"; };
		ADF84AA01C685CC300288FFD /* ConstantStep.hpp */ = {isa = PBXFileReference; lastKnownFileType = sourcecode.cpp.h; path = ConstantStep.hpp; sourceTree = "<group>"; };
		ADF84AA11C68689A00288FFD /* Parabola2D.hpp */ = {isa = PBXFileReference; lastKnownFileType = sourcecode.cpp.h; path = Parabola2D.hpp; sourceTree = "<group>"; };
		ADFAD8041C2E1AE200D4C3DE /* TemplateSimulator.h */ = {isa = PBXFileReference; fileEncoding = 4; lastKnownFileType = sourcecode.c.h; path = TemplateSimulator.h; sourceTree = "<group>"; };
		ADFAD8051C2E243300D4C3DE /* ModelList.cpp */ = {isa = PBXFileReference; fileEncoding = 4; lastKnownFileType = sourcecode.cpp.cpp; path = ModelList.cpp; sourceTree = "<group>"; };
		ADFAD8061C2E243300D4C3DE /* ModelList.hpp */ = {isa = PBXFileReference; fileEncoding = 4; lastKnownFileType = sourcecode.cpp.h; path = ModelList.hpp; sourceTree = "<group>"; };
		ADFAD8081C2E244900D4C3DE /* SimState.cpp */ = {isa = PBXFileReference; fileEncoding = 4; lastKnownFileType = sourcecode.cpp.cpp; path = SimState.cpp; sourceTree = "<group>"; };
		ADFAD8091C2E244900D4C3DE /* SimState.hpp */ = {isa = PBXFileReference; fileEncoding = 4; lastKnownFileType = sourcecode.cpp.h; path = SimState.hpp; sourceTree = "<group>"; };
		ADFAD80C1C2E28C200D4C3DE /* SimTime.cpp */ = {isa = PBXFileReference; fileEncoding = 4; lastKnownFileType = sourcecode.cpp.cpp; path = SimTime.cpp; sourceTree = "<group>"; };
		ADFAD80D1C2E28C200D4C3DE /* SimTime.hpp */ = {isa = PBXFileReference; fileEncoding = 4; lastKnownFileType = sourcecode.cpp.h; path = SimTime.hpp; sourceTree = "<group>"; };
		ADFAD8111C2E582900D4C3DE /* ExampleSim.cpp */ = {isa = PBXFileReference; fileEncoding = 4; lastKnownFileType = sourcecode.cpp.cpp; path = ExampleSim.cpp; sourceTree = "<group>"; };
		ADFAD8121C2E582900D4C3DE /* ExampleSim.hpp */ = {isa = PBXFileReference; fileEncoding = 4; lastKnownFileType = sourcecode.cpp.h; path = ExampleSim.hpp; sourceTree = "<group>"; };
		ADFAD8141C2E668200D4C3DE /* Pendulum.cpp */ = {isa = PBXFileReference; fileEncoding = 4; lastKnownFileType = sourcecode.cpp.cpp; path = Pendulum.cpp; sourceTree = "<group>"; };
		ADFAD8151C2E668200D4C3DE /* Pendulum.hpp */ = {isa = PBXFileReference; fileEncoding = 4; lastKnownFileType = sourcecode.cpp.h; path = Pendulum.hpp; sourceTree = "<group>"; };
		ADFAD8181C30781A00D4C3DE /* Timer.cpp */ = {isa = PBXFileReference; fileEncoding = 4; lastKnownFileType = sourcecode.cpp.cpp; path = Timer.cpp; sourceTree = "<group>"; };
		ADFAD8191C30781A00D4C3DE /* Timer.hpp */ = {isa = PBXFileReference; fileEncoding = 4; lastKnownFileType = sourcecode.cpp.h; path = Timer.hpp; sourceTree = "<group>"; };
		ADFE86931BDA04E300D84DB6 /* AdaptiveArray.cpp */ = {isa = PBXFileReference; fileEncoding = 4; lastKnownFileType = sourcecode.cpp.cpp; path = AdaptiveArray.cpp; sourceTree = "<group>"; };
		ADFE86941BDA04E300D84DB6 /* AdaptiveArray.h */ = {isa = PBXFileReference; fileEncoding = 4; lastKnownFileType = sourcecode.c.h; path = AdaptiveArray.h; sourceTree = "<group>"; };
		ADFE86951BDA04E300D84DB6 /* avl_tree.h */ = {isa = PBXFileReference; fileEncoding = 4; lastKnownFileType = sourcecode.c.h; path = avl_tree.h; sourceTree = "<group>"; };
		ADFE86961BDA04E300D84DB6 /* convex_hull2D.h */ = {isa = PBXFileReference; fileEncoding = 4; lastKnownFileType = sourcecode.c.h; path = convex_hull2D.h; sourceTree = "<group>"; };
		ADFE86971BDA04E300D84DB6 /* convex_hull3D.h */ = {isa = PBXFileReference; fileEncoding = 4; lastKnownFileType = sourcecode.c.h; path = convex_hull3D.h; sourceTree = "<group>"; };
		ADFE86981BDA04E300D84DB6 /* Coordinate.cpp */ = {isa = PBXFileReference; fileEncoding = 4; lastKnownFileType = sourcecode.cpp.cpp; path = Coordinate.cpp; sourceTree = "<group>"; };
		ADFE86991BDA04E300D84DB6 /* Coordinate.h */ = {isa = PBXFileReference; fileEncoding = 4; lastKnownFileType = sourcecode.c.h; path = Coordinate.h; sourceTree = "<group>"; };
		ADFE869A1BDA04E300D84DB6 /* Graph.cpp */ = {isa = PBXFileReference; fileEncoding = 4; lastKnownFileType = sourcecode.cpp.cpp; path = Graph.cpp; sourceTree = "<group>"; };
		ADFE869B1BDA04E300D84DB6 /* Graph.hpp */ = {isa = PBXFileReference; fileEncoding = 4; lastKnownFileType = sourcecode.cpp.h; path = Graph.hpp; sourceTree = "<group>"; };
		ADFE869C1BDA04E300D84DB6 /* hash_table.h */ = {isa = PBXFileReference; fileEncoding = 4; lastKnownFileType = sourcecode.c.h; path = hash_table.h; sourceTree = "<group>"; };
		ADFE869D1BDA04E300D84DB6 /* heap.h */ = {isa = PBXFileReference; fileEncoding = 4; lastKnownFileType = sourcecode.c.h; path = heap.h; sourceTree = "<group>"; };
		ADFE869E1BDA04E300D84DB6 /* kd_tree.h */ = {isa = PBXFileReference; fileEncoding = 4; lastKnownFileType = sourcecode.c.h; path = kd_tree.h; sourceTree = "<group>"; };
		ADFE869F1BDA04E300D84DB6 /* kdfunction.h */ = {isa = PBXFileReference; fileEncoding = 4; lastKnownFileType = sourcecode.c.h; path = kdfunction.h; sourceTree = "<group>"; };
		ADFE86A01BDA04E300D84DB6 /* kdtree.cpp */ = {isa = PBXFileReference; fileEncoding = 4; lastKnownFileType = sourcecode.cpp.cpp; path = kdtree.cpp; sourceTree = "<group>"; };
		ADFE86A11BDA04E300D84DB6 /* L1Norm.h */ = {isa = PBXFileReference; fileEncoding = 4; lastKnownFileType = sourcecode.c.h; path = L1Norm.h; sourceTree = "<group>"; };
		ADFE86A21BDA04E300D84DB6 /* L2Norm.h */ = {isa = PBXFileReference; fileEncoding = 4; lastKnownFileType = sourcecode.c.h; path = L2Norm.h; sourceTree = "<group>"; };
		ADFE86A31BDA04E300D84DB6 /* LinkedList.cpp */ = {isa = PBXFileReference; fileEncoding = 4; lastKnownFileType = sourcecode.cpp.cpp; path = LinkedList.cpp; sourceTree = "<group>"; };
		ADFE86A41BDA04E300D84DB6 /* LinkedList.hpp */ = {isa = PBXFileReference; fileEncoding = 4; lastKnownFileType = sourcecode.cpp.h; path = LinkedList.hpp; sourceTree = "<group>"; };
		ADFE86A61BDA04E300D84DB6 /* PopArray.cpp */ = {isa = PBXFileReference; fileEncoding = 4; lastKnownFileType = sourcecode.cpp.cpp; path = PopArray.cpp; sourceTree = "<group>"; };
		ADFE86A71BDA04E300D84DB6 /* PopArray.h */ = {isa = PBXFileReference; fileEncoding = 4; lastKnownFileType = sourcecode.c.h; path = PopArray.h; sourceTree = "<group>"; };
		ADFE86A81BDA04E300D84DB6 /* queue.h */ = {isa = PBXFileReference; fileEncoding = 4; lastKnownFileType = sourcecode.c.h; path = queue.h; sourceTree = "<group>"; };
		ADFE86A91BDA04E300D84DB6 /* stack.h */ = {isa = PBXFileReference; fileEncoding = 4; lastKnownFileType = sourcecode.c.h; path = stack.h; sourceTree = "<group>"; };
		ADFE86AA1BDA04E300D84DB6 /* Vec.cpp */ = {isa = PBXFileReference; fileEncoding = 4; lastKnownFileType = sourcecode.cpp.cpp; path = Vec.cpp; sourceTree = "<group>"; };
		ADFE86AB1BDA04E300D84DB6 /* Vec.h */ = {isa = PBXFileReference; fileEncoding = 4; lastKnownFileType = sourcecode.c.h; path = Vec.h; sourceTree = "<group>"; };
/* End PBXFileReference section */

/* Begin PBXFrameworksBuildPhase section */
		AD4767FF1B76EAF100E6B11D /* Frameworks */ = {
			isa = PBXFrameworksBuildPhase;
			buildActionMask = 2147483647;
			files = (
				ADB85DA21B816019002879D2 /* libpng16.16.dylib in Frameworks */,
			);
			runOnlyForDeploymentPostprocessing = 0;
		};
		AD5B18611BE442CE003E0233 /* Frameworks */ = {
			isa = PBXFrameworksBuildPhase;
			buildActionMask = 2147483647;
			files = (
			);
			runOnlyForDeploymentPostprocessing = 0;
		};
		AD5B19011BE4540D003E0233 /* Frameworks */ = {
			isa = PBXFrameworksBuildPhase;
			buildActionMask = 2147483647;
			files = (
				AD7867691BFD8AEF00A6FE07 /* libpng16.16.dylib in Frameworks */,
			);
			runOnlyForDeploymentPostprocessing = 0;
		};
/* End PBXFrameworksBuildPhase section */

/* Begin PBXGroup section */
		AD1F24C11C33A1A800E7FABF /* FileIO */ = {
			isa = PBXGroup;
			children = (
				AD1F24C21C33A21900E7FABF /* FileObject.cpp */,
				AD1F24C31C33A21900E7FABF /* FileObject.hpp */,
			);
			name = FileIO;
			sourceTree = "<group>";
		};
		AD4767F91B76EAF100E6B11D = {
			isa = PBXGroup;
			children = (
				ADB85D961B815E27002879D2 /* libpng16.16.dylib */,
				AD4768041B76EAF100E6B11D /* NumCH */,
				AD4768031B76EAF100E6B11D /* Products */,
			);
			sourceTree = "<group>";
		};
		AD4768031B76EAF100E6B11D /* Products */ = {
			isa = PBXGroup;
			children = (
				AD4768021B76EAF100E6B11D /* NumCH */,
				AD5B18641BE442CE003E0233 /* LearnCannonAI */,
				AD5B19041BE4540D003E0233 /* libNumCHLib.a */,
			);
			name = Products;
			sourceTree = "<group>";
		};
		AD4768041B76EAF100E6B11D /* NumCH */ = {
			isa = PBXGroup;
			children = (
				AD84DC0C1C042FFF00C4CFFA /* ConfigParser */,
				AD1F24C11C33A1A800E7FABF /* FileIO */,
				ADFAD8171C30780800D4C3DE /* Timer */,
				AD84DBD41C042FFF00C4CFFA /* Filters */,
				AD84DBD61C042FFF00C4CFFA /* Function */,
				AD84DBD91C042FFF00C4CFFA /* Geometry */,
				AD84DBDC1C042FFF00C4CFFA /* Graphics */,
				AD84DBEE1C042FFF00C4CFFA /* LinearAlgebra */,
				AD84DBF41C042FFF00C4CFFA /* MachineLearning */,
				AD84DC031C042FFF00C4CFFA /* Numbers */,
				AD84DC0B1C042FFF00C4CFFA /* ODE_SimFramework */,
				AD84DC241C042FFF00C4CFFA /* ODESim.h */,
				AD84DC2D1C042FFF00C4CFFA /* Optimization */,
				AD84DC401C042FFF00C4CFFA /* PDE_Sim */,
				ADFE86921BDA04E300D84DB6 /* Data_Structs */,
				AD4768051B76EAF100E6B11D /* main.cpp */,
				AD84DC0A1C042FFF00C4CFFA /* NumCH.h */,
			);
			path = NumCH;
			sourceTree = "<group>";
		};
		AD84DBD41C042FFF00C4CFFA /* Filters */ = {
			isa = PBXGroup;
			children = (
				ADDBBD901C6505F10079E210 /* TestExample */,
				AD84DBD51C042FFF00C4CFFA /* DataFilter.h */,
				ADBF6B281C6476BE006B1222 /* UKF.hpp */,
			);
			path = Filters;
			sourceTree = "<group>";
		};
		AD84DBD61C042FFF00C4CFFA /* Function */ = {
			isa = PBXGroup;
			children = (
			);
			path = Function;
			sourceTree = "<group>";
		};
		AD84DBD91C042FFF00C4CFFA /* Geometry */ = {
			isa = PBXGroup;
			children = (
				AD84DD5B1C06CBB700C4CFFA /* Vec3D */,
				AD84DD1A1C057E0900C4CFFA /* EulerAngles */,
				AD84DD191C057DFC00C4CFFA /* Quaternion */,
				AD84DBDA1C042FFF00C4CFFA /* Geometry.h */,
				AD84DBDB1C042FFF00C4CFFA /* point.h */,
			);
			path = Geometry;
			sourceTree = "<group>";
		};
		AD84DBDC1C042FFF00C4CFFA /* Graphics */ = {
			isa = PBXGroup;
			children = (
				AD84DBDD1C042FFF00C4CFFA /* camera.h */,
				AD84DBDE1C042FFF00C4CFFA /* color_map.h */,
				AD84DBDF1C042FFF00C4CFFA /* cpixel.cpp */,
				AD84DBE01C042FFF00C4CFFA /* cpixel.h */,
				AD84DBE11C042FFF00C4CFFA /* cpng.cpp */,
				AD84DBE21C042FFF00C4CFFA /* cpng.h */,
				AD84DBE31C042FFF00C4CFFA /* FigData.cpp */,
				AD84DBE41C042FFF00C4CFFA /* FigData.h */,
				AD84DBE51C042FFF00C4CFFA /* Figure.h */,
				AD84DBE61C042FFF00C4CFFA /* Figures.h */,
				AD84DBE71C042FFF00C4CFFA /* Graphics.h */,
				AD84DBE81C042FFF00C4CFFA /* graphics_objs.h */,
				AD84DBE91C042FFF00C4CFFA /* PhotoRealImages.h */,
				AD84DBEA1C042FFF00C4CFFA /* png.h */,
				AD84DBEB1C042FFF00C4CFFA /* pngconf.h */,
				AD84DBEC1C042FFF00C4CFFA /* PNGImages.h */,
				AD84DBED1C042FFF00C4CFFA /* pnglibconf.h */,
			);
			path = Graphics;
			sourceTree = "<group>";
		};
		AD84DBEE1C042FFF00C4CFFA /* LinearAlgebra */ = {
			isa = PBXGroup;
			children = (
				ADBF6AF71C5F2A3D006B1222 /* Storage */,
				ADBF6AF21C5EFC31006B1222 /* Solve */,
				ADBF6AF11C5EFC1D006B1222 /* Factorization */,
				ADBF6AE61C5D7B04006B1222 /* Matrix */,
				ADBF6AE51C5D7AF1006B1222 /* MatExprs */,
				ADBF6AE41C5D7AE8006B1222 /* Hashes */,
				AD84DBEF1C042FFF00C4CFFA /* LinearAlgebra.h */,
			);
			path = LinearAlgebra;
			sourceTree = "<group>";
		};
		AD84DBF41C042FFF00C4CFFA /* MachineLearning */ = {
			isa = PBXGroup;
			children = (
				ADE4FC811C553B0100E17F51 /* ANN */,
			);
			path = MachineLearning;
			sourceTree = "<group>";
		};
		AD84DC031C042FFF00C4CFFA /* Numbers */ = {
			isa = PBXGroup;
			children = (
				AD84DC041C042FFF00C4CFFA /* Fraction.cpp */,
				AD84DC051C042FFF00C4CFFA /* Fraction.h */,
				AD84DC061C042FFF00C4CFFA /* Malloc2D.hpp */,
				AD84DC071C042FFF00C4CFFA /* Numbers.h */,
				AD84DC081C042FFF00C4CFFA /* RandomNumberGenerator.cpp */,
				AD84DC091C042FFF00C4CFFA /* RandomNumberGenerator.hpp */,
			);
			path = Numbers;
			sourceTree = "<group>";
		};
		AD84DC0B1C042FFF00C4CFFA /* ODE_SimFramework */ = {
			isa = PBXGroup;
			children = (
				ADFAD8001C2E1A6500D4C3DE /* TemplateSimulator */,
				AD84DC0F1C042FFF00C4CFFA /* Constants */,
				AD84DC121C042FFF00C4CFFA /* DataOutputter */,
				AD84DC151C042FFF00C4CFFA /* DiscreteModel */,
				AD84DC181C042FFF00C4CFFA /* DynamicModel */,
				AD84DC1B1C042FFF00C4CFFA /* NumericIntegration */,
				AD84DC251C042FFF00C4CFFA /* PreciseTime */,
				AD84DC271C042FFF00C4CFFA /* Scheduler */,
			);
			path = ODE_SimFramework;
			sourceTree = "<group>";
		};
		AD84DC0C1C042FFF00C4CFFA /* ConfigParser */ = {
			isa = PBXGroup;
			children = (
				AD84DC0D1C042FFF00C4CFFA /* ConfigParser.cpp */,
				AD84DC0E1C042FFF00C4CFFA /* ConfigParser.hpp */,
			);
			name = ConfigParser;
			path = ODE_SimFramework/ConfigParser;
			sourceTree = "<group>";
		};
		AD84DC0F1C042FFF00C4CFFA /* Constants */ = {
			isa = PBXGroup;
			children = (
				AD84DC101C042FFF00C4CFFA /* ConstantsSet.cpp */,
				AD84DC111C042FFF00C4CFFA /* ConstantsSet.hpp */,
			);
			path = Constants;
			sourceTree = "<group>";
		};
		AD84DC121C042FFF00C4CFFA /* DataOutputter */ = {
			isa = PBXGroup;
			children = (
				AD84DC131C042FFF00C4CFFA /* DataPrinter.cpp */,
				AD84DC141C042FFF00C4CFFA /* DataPrinter.hpp */,
			);
			path = DataOutputter;
			sourceTree = "<group>";
		};
		AD84DC151C042FFF00C4CFFA /* DiscreteModel */ = {
			isa = PBXGroup;
			children = (
				AD84DC161C042FFF00C4CFFA /* DiscreteModel.cpp */,
				AD84DC171C042FFF00C4CFFA /* DiscreteModel.hpp */,
			);
			path = DiscreteModel;
			sourceTree = "<group>";
		};
		AD84DC181C042FFF00C4CFFA /* DynamicModel */ = {
			isa = PBXGroup;
			children = (
				AD84DC191C042FFF00C4CFFA /* DynamicModel.cpp */,
				AD84DC1A1C042FFF00C4CFFA /* DynamicModel.hpp */,
			);
			path = DynamicModel;
			sourceTree = "<group>";
		};
		AD84DC1B1C042FFF00C4CFFA /* NumericIntegration */ = {
			isa = PBXGroup;
			children = (
				AD84DC1C1C042FFF00C4CFFA /* ExplicitEuler.cpp */,
				AD84DC1D1C042FFF00C4CFFA /* ExplicitEuler.hpp */,
				AD84DC1E1C042FFF00C4CFFA /* ExplicitTrapezoidal.cpp */,
				AD84DC1F1C042FFF00C4CFFA /* ExplicitTrapezoidal.hpp */,
				AD84DC221C042FFF00C4CFFA /* RungeKutta4.cpp */,
				AD84DC231C042FFF00C4CFFA /* RungeKutta4.hpp */,
				ADAF706D1C407B3700C5AE73 /* NumericIntegration.h */,
			);
			path = NumericIntegration;
			sourceTree = "<group>";
		};
		AD84DC251C042FFF00C4CFFA /* PreciseTime */ = {
			isa = PBXGroup;
			children = (
				AD84DC261C042FFF00C4CFFA /* PreciseTime.h */,
			);
			path = PreciseTime;
			sourceTree = "<group>";
		};
		AD84DC271C042FFF00C4CFFA /* Scheduler */ = {
			isa = PBXGroup;
			children = (
				AD84DC281C042FFF00C4CFFA /* Scheduler.cpp */,
				AD84DC291C042FFF00C4CFFA /* Scheduler.hpp */,
			);
			path = Scheduler;
			sourceTree = "<group>";
		};
		AD84DC2D1C042FFF00C4CFFA /* Optimization */ = {
			isa = PBXGroup;
			children = (
				ADE3CDDD1C5B345C00A3601A /* Initializer */,
				ADE3CDD81C5B341400A3601A /* Hybrid */,
				ADE3CDD71C5B340A00A3601A /* DerivativeFree */,
				ADE3CDCC1C59C68700A3601A /* Gradient */,
				ADE3CDD41C59E30200A3601A /* TestFuncs */,
				ADE3CDC91C59C05B00A3601A /* Optimizer */,
				AD84DC361C042FFF00C4CFFA /* Optimization.h */,
			);
			path = Optimization;
			sourceTree = "<group>";
		};
		AD84DC401C042FFF00C4CFFA /* PDE_Sim */ = {
			isa = PBXGroup;
			children = (
				ADCE7B5E1C38E07900296D10 /* FiniteDifference */,
				ADCE7B5D1C38E06A00296D10 /* FiniteVolume */,
				ADCE7B5C1C38E04B00296D10 /* FiniteElement */,
				AD84DC411C042FFF00C4CFFA /* PDESim.h */,
			);
			path = PDE_Sim;
			sourceTree = "<group>";
		};
		AD84DD191C057DFC00C4CFFA /* Quaternion */ = {
			isa = PBXGroup;
			children = (
				AD84DD211C057E8000C4CFFA /* Quaternion.cpp */,
				AD84DD221C057E8000C4CFFA /* Quaternion.hpp */,
			);
			name = Quaternion;
			sourceTree = "<group>";
		};
		AD84DD1A1C057E0900C4CFFA /* EulerAngles */ = {
			isa = PBXGroup;
			children = (
			);
			name = EulerAngles;
			sourceTree = "<group>";
		};
		AD84DD5B1C06CBB700C4CFFA /* Vec3D */ = {
			isa = PBXGroup;
			children = (
				AD84DD621C06CBDD00C4CFFA /* Vector.cpp */,
				AD84DD631C06CBDD00C4CFFA /* Vector.hpp */,
				AD84DD5C1C06CBC300C4CFFA /* Vec3D.cpp */,
				AD84DD5D1C06CBC300C4CFFA /* Vec3D.hpp */,
			);
			name = Vec3D;
			sourceTree = "<group>";
		};
		ADBF6AE41C5D7AE8006B1222 /* Hashes */ = {
			isa = PBXGroup;
			children = (
				ADBF6B0D1C5F2A8E006B1222 /* MatHashes.cpp */,
				ADBF6B0E1C5F2A8E006B1222 /* MatHashes.hpp */,
			);
			name = Hashes;
			sourceTree = "<group>";
		};
		ADBF6AE51C5D7AF1006B1222 /* MatExprs */ = {
			isa = PBXGroup;
			children = (
				ADBF6B041C5F2A81006B1222 /* AllMatExprs.hpp */,
				ADBF6B051C5F2A81006B1222 /* MatMinusExpr.hpp */,
				ADBF6B061C5F2A81006B1222 /* MatMultExpr.hpp */,
				ADBF6B071C5F2A81006B1222 /* MatrixExpression.hpp */,
				ADBF6B081C5F2A81006B1222 /* MatScalarAddExpr.hpp */,
				ADBF6B091C5F2A81006B1222 /* MatScalarDivExpr.hpp */,
				ADBF6B0A1C5F2A81006B1222 /* MatScalarMinusExpr.hpp */,
				ADBF6B0B1C5F2A81006B1222 /* MatScalarMultExpr.hpp */,
				ADBF6B0C1C5F2A81006B1222 /* MatSumExpr.hpp */,
				ADBF6B1F1C61D735006B1222 /* ScalarTypes.hpp */,
			);
			name = MatExprs;
			sourceTree = "<group>";
		};
		ADBF6AE61C5D7B04006B1222 /* Matrix */ = {
			isa = PBXGroup;
			children = (
				ADBF6B181C6089CB006B1222 /* Special_Diag.hpp */,
				ADBF6B191C6089CB006B1222 /* Special_General.hpp */,
				ADBF6B1A1C6089CB006B1222 /* Special_Lower.hpp */,
				ADBF6B1B1C6089CB006B1222 /* Special_Sparse.hpp */,
				ADBF6B1C1C6089CB006B1222 /* Special_Symmetric.hpp */,
				ADBF6B1D1C6089CB006B1222 /* Special_Tridiag.hpp */,
				ADBF6B1E1C6089CB006B1222 /* Special_Upper.hpp */,
				ADBF6AFF1C5F2A73006B1222 /* Dims.hpp */,
				ADBF6B001C5F2A73006B1222 /* Matrix.cpp */,
				ADBF6B011C5F2A73006B1222 /* Matrix.hpp */,
				ADBF6B021C5F2A73006B1222 /* MatTypes.hpp */,
			);
			name = Matrix;
			sourceTree = "<group>";
		};
		ADBF6AF11C5EFC1D006B1222 /* Factorization */ = {
			isa = PBXGroup;
			children = (
				ADBF6AFC1C5F2A66006B1222 /* Cholesky.hpp */,
				ADBF6AFD1C5F2A66006B1222 /* LDL.hpp */,
				ADBF6AFE1C5F2A66006B1222 /* QR.hpp */,
			);
			name = Factorization;
			sourceTree = "<group>";
		};
		ADBF6AF21C5EFC31006B1222 /* Solve */ = {
			isa = PBXGroup;
			children = (
				ADBF6AFB1C5F2A56006B1222 /* Solver.hpp */,
				ADBF6B221C646733006B1222 /* ConjGrad.hpp */,
				ADBF6B231C646757006B1222 /* LowerSolver.hpp */,
				ADBF6B241C6469FB006B1222 /* UpperSolver.hpp */,
				ADBF6B251C646A4C006B1222 /* DiagonalSolver.hpp */,
				ADBF6B271C646AC6006B1222 /* SymmetricSolver.hpp */,
			);
			name = Solve;
			sourceTree = "<group>";
		};
		ADBF6AF71C5F2A3D006B1222 /* Storage */ = {
			isa = PBXGroup;
			children = (
				ADBF6AF81C5F2A4B006B1222 /* MatStorage.cpp */,
				ADBF6AF91C5F2A4B006B1222 /* MatStorage.hpp */,
			);
			name = Storage;
			sourceTree = "<group>";
		};
		ADCE7B5C1C38E04B00296D10 /* FiniteElement */ = {
			isa = PBXGroup;
			children = (
				ADCE7B531C38DFD100296D10 /* Element.cpp */,
				ADCE7B541C38DFD100296D10 /* Element.hpp */,
				ADCE7B591C38DFFB00296D10 /* FiniteElement.cpp */,
				ADCE7B5A1C38DFFB00296D10 /* FiniteElement.hpp */,
			);
			name = FiniteElement;
			sourceTree = "<group>";
		};
		ADCE7B5D1C38E06A00296D10 /* FiniteVolume */ = {
			isa = PBXGroup;
			children = (
				ADCE7B561C38DFE000296D10 /* FiniteVolume.cpp */,
				ADCE7B571C38DFE000296D10 /* FiniteVolume.hpp */,
			);
			name = FiniteVolume;
			sourceTree = "<group>";
		};
		ADCE7B5E1C38E07900296D10 /* FiniteDifference */ = {
			isa = PBXGroup;
			children = (
				ADCE7B501C38DD4C00296D10 /* FiniteDifference.cpp */,
				ADCE7B511C38DD4C00296D10 /* FiniteDifference.hpp */,
			);
			name = FiniteDifference;
			sourceTree = "<group>";
		};
		ADDBBD901C6505F10079E210 /* TestExample */ = {
			isa = PBXGroup;
			children = (
				ADDBBD911C65060F0079E210 /* TargetDyn.hpp */,
				ADDBBD921C65061D0079E210 /* TargetMeas.hpp */,
				ADDBBD931C66B45A0079E210 /* TestExample1.hpp */,
			);
			name = TestExample;
			sourceTree = "<group>";
		};
		ADDBBD9B1C67E9B20079E210 /* SingleSwarm */ = {
			isa = PBXGroup;
			children = (
				ADE3CDDA1C5B343B00A3601A /* PSO.hpp */,
			);
			name = SingleSwarm;
			sourceTree = "<group>";
		};
		ADDBBD9C1C67E9BA0079E210 /* MultiSwarm */ = {
			isa = PBXGroup;
			children = (
				ADDBBD9E1C67E9EF0079E210 /* MultiPSO.cpp */,
				ADDBBD9F1C67E9EF0079E210 /* MultiPSO.hpp */,
			);
			name = MultiSwarm;
			sourceTree = "<group>";
		};
		ADDBBD9D1C67E9C70079E210 /* Tests */ = {
			isa = PBXGroup;
			children = (
				ADDBBD941C66B5E10079E210 /* TestPSO1.hpp */,
				ADDBBDA11C67ED0A0079E210 /* TestMPSO1.hpp */,
			);
			name = Tests;
			sourceTree = "<group>";
		};
		ADDBBDA51C67F5F10079E210 /* SwarmImpl */ = {
			isa = PBXGroup;
			children = (
				ADE3CDD91C5B343B00A3601A /* Particle.hpp */,
				ADDBBDA21C67F1680079E210 /* Particle.cpp */,
				ADE3CDDB1C5B343B00A3601A /* Swarm.hpp */,
			);
			name = SwarmImpl;
			sourceTree = "<group>";
		};
		ADE3CDBE1C55E63E00A3601A /* CostFuncs */ = {
			isa = PBXGroup;
			children = (
				ADE3CDC51C55F27F00A3601A /* L2Cost.hpp */,
			);
			name = CostFuncs;
			sourceTree = "<group>";
		};
		ADE3CDC21C55F0F400A3601A /* Net IO Maps */ = {
			isa = PBXGroup;
			children = (
				ADE3CDC31C55F10300A3601A /* DefaultMaps.hpp */,
			);
			name = "Net IO Maps";
			sourceTree = "<group>";
		};
		ADE3CDC61C55F4B100A3601A /* Topography */ = {
			isa = PBXGroup;
			children = (
				ADA93AAD1C51F1C80028F939 /* Network.cpp */,
				ADA93AAE1C51F1C80028F939 /* Network.hpp */,
				ADE4FC7A1C54886100E17F51 /* Node.cpp */,
				ADE4FC7B1C54886100E17F51 /* Node.hpp */,
			);
			name = Topography;
			sourceTree = "<group>";
		};
		ADE3CDC71C55F4C100A3601A /* Training */ = {
			isa = PBXGroup;
			children = (
				ADE4FC821C55B6C100E17F51 /* Trainer.hpp */,
			);
			name = Training;
			sourceTree = "<group>";
		};
		ADE3CDC81C55F4CF00A3601A /* Data Sets */ = {
			isa = PBXGroup;
			children = (
				ADE3CDBB1C55C08000A3601A /* DataSet.cpp */,
				ADE3CDBC1C55C08100A3601A /* DataSet.hpp */,
			);
			name = "Data Sets";
			sourceTree = "<group>";
		};
		ADE3CDC91C59C05B00A3601A /* Optimizer */ = {
			isa = PBXGroup;
			children = (
				ADE3CDCA1C59C07400A3601A /* Optimizer.hpp */,
			);
			name = Optimizer;
			sourceTree = "<group>";
		};
		ADE3CDCB1C59C67900A3601A /* PSO */ = {
			isa = PBXGroup;
			children = (
				ADDBBD9D1C67E9C70079E210 /* Tests */,
				ADDBBDA51C67F5F10079E210 /* SwarmImpl */,
				ADDBBD9C1C67E9BA0079E210 /* MultiSwarm */,
				ADDBBD9B1C67E9B20079E210 /* SingleSwarm */,
			);
			name = PSO;
			sourceTree = "<group>";
		};
		ADE3CDCC1C59C68700A3601A /* Gradient */ = {
			isa = PBXGroup;
			children = (
				ADF84A9E1C685AAC00288FFD /* Steps */,
				ADE3CDE11C5B34E100A3601A /* GradientBase.hpp */,
			);
			name = Gradient;
			sourceTree = "<group>";
		};
		ADE3CDD41C59E30200A3601A /* TestFuncs */ = {
			isa = PBXGroup;
			children = (
				ADE3CDDC1C5B344900A3601A /* Rosenbrock.hpp */,
				ADF84AA11C68689A00288FFD /* Parabola2D.hpp */,
			);
			name = TestFuncs;
			sourceTree = "<group>";
		};
		ADE3CDD71C5B340A00A3601A /* DerivativeFree */ = {
			isa = PBXGroup;
			children = (
				ADE3CDCB1C59C67900A3601A /* PSO */,
			);
			name = DerivativeFree;
			sourceTree = "<group>";
		};
		ADE3CDD81C5B341400A3601A /* Hybrid */ = {
			isa = PBXGroup;
			children = (
			);
			name = Hybrid;
			sourceTree = "<group>";
		};
		ADE3CDDD1C5B345C00A3601A /* Initializer */ = {
			isa = PBXGroup;
			children = (
				ADE3CDDE1C5B346B00A3601A /* RandomInit.cpp */,
				ADE3CDDF1C5B346B00A3601A /* RandomInit.hpp */,
			);
			name = Initializer;
			sourceTree = "<group>";
		};
		ADE4FC811C553B0100E17F51 /* ANN */ = {
			isa = PBXGroup;
			children = (
				ADE3CDC81C55F4CF00A3601A /* Data Sets */,
				ADE3CDC71C55F4C100A3601A /* Training */,
				ADE3CDC61C55F4B100A3601A /* Topography */,
				ADE3CDC21C55F0F400A3601A /* Net IO Maps */,
				ADE3CDBE1C55E63E00A3601A /* CostFuncs */,
				ADFAD8301C31938700D4C3DE /* ActivFuncs */,
			);
			name = ANN;
			sourceTree = "<group>";
		};
		ADF84A9E1C685AAC00288FFD /* Steps */ = {
			isa = PBXGroup;
			children = (
				ADF84AA01C685CC300288FFD /* ConstantStep.hpp */,
			);
			name = Steps;
			sourceTree = "<group>";
		};
		ADFAD8001C2E1A6500D4C3DE /* TemplateSimulator */ = {
			isa = PBXGroup;
			children = (
				ADFAD8101C2E581700D4C3DE /* Example */,
				ADFAD8041C2E1AE200D4C3DE /* TemplateSimulator.h */,
				ADFAD8051C2E243300D4C3DE /* ModelList.cpp */,
				ADFAD8061C2E243300D4C3DE /* ModelList.hpp */,
				ADFAD8081C2E244900D4C3DE /* SimState.cpp */,
				ADFAD8091C2E244900D4C3DE /* SimState.hpp */,
				ADFAD80C1C2E28C200D4C3DE /* SimTime.cpp */,
				ADFAD80D1C2E28C200D4C3DE /* SimTime.hpp */,
			);
			name = TemplateSimulator;
			sourceTree = "<group>";
		};
		ADFAD8101C2E581700D4C3DE /* Example */ = {
			isa = PBXGroup;
			children = (
				ADFAD8111C2E582900D4C3DE /* ExampleSim.cpp */,
				ADFAD8121C2E582900D4C3DE /* ExampleSim.hpp */,
				ADFAD8141C2E668200D4C3DE /* Pendulum.cpp */,
				ADFAD8151C2E668200D4C3DE /* Pendulum.hpp */,
			);
			name = Example;
			sourceTree = "<group>";
		};
		ADFAD8171C30780800D4C3DE /* Timer */ = {
			isa = PBXGroup;
			children = (
				ADFAD8181C30781A00D4C3DE /* Timer.cpp */,
				ADFAD8191C30781A00D4C3DE /* Timer.hpp */,
			);
			name = Timer;
			sourceTree = "<group>";
		};
		ADFAD8301C31938700D4C3DE /* ActivFuncs */ = {
			isa = PBXGroup;
			children = (
				ADE4FC7E1C548A1B00E17F51 /* ActivationFuncs.cpp */,
				ADE4FC7F1C548A1B00E17F51 /* ActivationFuncs.hpp */,
			);
			name = ActivFuncs;
			sourceTree = "<group>";
		};
		ADFE86921BDA04E300D84DB6 /* Data_Structs */ = {
			isa = PBXGroup;
			children = (
				ADFE86931BDA04E300D84DB6 /* AdaptiveArray.cpp */,
				ADFE86941BDA04E300D84DB6 /* AdaptiveArray.h */,
				ADFE86951BDA04E300D84DB6 /* avl_tree.h */,
				ADFE86961BDA04E300D84DB6 /* convex_hull2D.h */,
				ADFE86971BDA04E300D84DB6 /* convex_hull3D.h */,
				ADFE86981BDA04E300D84DB6 /* Coordinate.cpp */,
				ADFE86991BDA04E300D84DB6 /* Coordinate.h */,
				ADFE869A1BDA04E300D84DB6 /* Graph.cpp */,
				ADFE869B1BDA04E300D84DB6 /* Graph.hpp */,
				ADFE869C1BDA04E300D84DB6 /* hash_table.h */,
				ADFE869D1BDA04E300D84DB6 /* heap.h */,
				ADFE869E1BDA04E300D84DB6 /* kd_tree.h */,
				ADFE869F1BDA04E300D84DB6 /* kdfunction.h */,
				ADFE86A01BDA04E300D84DB6 /* kdtree.cpp */,
				ADFE86A11BDA04E300D84DB6 /* L1Norm.h */,
				ADFE86A21BDA04E300D84DB6 /* L2Norm.h */,
				ADFE86A31BDA04E300D84DB6 /* LinkedList.cpp */,
				ADFE86A41BDA04E300D84DB6 /* LinkedList.hpp */,
				ADFE86A61BDA04E300D84DB6 /* PopArray.cpp */,
				ADFE86A71BDA04E300D84DB6 /* PopArray.h */,
				ADFE86A81BDA04E300D84DB6 /* queue.h */,
				ADFE86A91BDA04E300D84DB6 /* stack.h */,
				ADFE86AA1BDA04E300D84DB6 /* Vec.cpp */,
				ADFE86AB1BDA04E300D84DB6 /* Vec.h */,
			);
			path = Data_Structs;
			sourceTree = "<group>";
		};
/* End PBXGroup section */

/* Begin PBXHeadersBuildPhase section */
		AD5B19021BE4540D003E0233 /* Headers */ = {
			isa = PBXHeadersBuildPhase;
			buildActionMask = 2147483647;
			files = (
				AD84DC581C04300000C4CFFA /* png.h in Headers */,
				AD84DC791C04300000C4CFFA /* Fraction.h in Headers */,
				AD84DC9A1C04300000C4CFFA /* RungeKutta4.hpp in Headers */,
				AD84DC461C042FFF00C4CFFA /* Geometry.h in Headers */,
				AD84DC8E1C04300000C4CFFA /* DynamicModel.hpp in Headers */,
				AD7867C51BFD943500A6FE07 /* AdaptiveArray.h in Headers */,
				AD84DC941C04300000C4CFFA /* ExplicitTrapezoidal.hpp in Headers */,
				AD7867C61BFD943500A6FE07 /* avl_tree.h in Headers */,
				AD7867C71BFD943500A6FE07 /* convex_hull2D.h in Headers */,
				AD84DC541C04300000C4CFFA /* Figures.h in Headers */,
				AD84DD661C06CBDD00C4CFFA /* Vector.hpp in Headers */,
				AD7867C81BFD943500A6FE07 /* convex_hull3D.h in Headers */,
				AD7867C91BFD943500A6FE07 /* Coordinate.h in Headers */,
				AD84DD251C057E8000C4CFFA /* Quaternion.hpp in Headers */,
				AD84DC5A1C04300000C4CFFA /* PNGImages.h in Headers */,
				AD84DC591C04300000C4CFFA /* pngconf.h in Headers */,
				AD7867CA1BFD943500A6FE07 /* Graph.hpp in Headers */,
				AD84DC851C04300000C4CFFA /* ConstantsSet.hpp in Headers */,
				AD84DC421C042FFF00C4CFFA /* DataFilter.h in Headers */,
				AD7867CB1BFD943500A6FE07 /* hash_table.h in Headers */,
				AD84DC7A1C04300000C4CFFA /* Malloc2D.hpp in Headers */,
				AD84DC8B1C04300000C4CFFA /* DiscreteModel.hpp in Headers */,
				AD84DC9C1C04300000C4CFFA /* PreciseTime.h in Headers */,
				AD84DC561C04300000C4CFFA /* graphics_objs.h in Headers */,
				AD7867CC1BFD943500A6FE07 /* heap.h in Headers */,
				AD84DC531C04300000C4CFFA /* Figure.h in Headers */,
				AD84DC4C1C04300000C4CFFA /* cpixel.h in Headers */,
				AD7867CD1BFD943500A6FE07 /* kd_tree.h in Headers */,
				AD7867CE1BFD943500A6FE07 /* kdfunction.h in Headers */,
				AD7867CF1BFD943500A6FE07 /* L1Norm.h in Headers */,
				AD84DC491C042FFF00C4CFFA /* color_map.h in Headers */,
				AD84DC9F1C04300000C4CFFA /* Scheduler.hpp in Headers */,
				AD7867D01BFD943500A6FE07 /* L2Norm.h in Headers */,
				AD84DC821C04300000C4CFFA /* ConfigParser.hpp in Headers */,
				AD7867D11BFD943500A6FE07 /* LinkedList.hpp in Headers */,
				AD7867D21BFD943500A6FE07 /* PopArray.h in Headers */,
				AD84DC481C042FFF00C4CFFA /* camera.h in Headers */,
				AD84DC4F1C04300000C4CFFA /* cpng.h in Headers */,
				AD84DC5B1C04300000C4CFFA /* pnglibconf.h in Headers */,
				AD7867D31BFD943500A6FE07 /* queue.h in Headers */,
				AD84DC471C042FFF00C4CFFA /* point.h in Headers */,
				AD84DC7E1C04300000C4CFFA /* RandomNumberGenerator.hpp in Headers */,
				AD84DC911C04300000C4CFFA /* ExplicitEuler.hpp in Headers */,
				AD84DC881C04300000C4CFFA /* DataPrinter.hpp in Headers */,
				AD84DCAF1C04300000C4CFFA /* Optimization.h in Headers */,
				AD84DC551C04300000C4CFFA /* Graphics.h in Headers */,
				AD7867D41BFD943500A6FE07 /* stack.h in Headers */,
				AD84DC7B1C04300000C4CFFA /* Numbers.h in Headers */,
				AD84DCBD1C04300100C4CFFA /* PDESim.h in Headers */,
				AD7867D51BFD943500A6FE07 /* Vec.h in Headers */,
				AD84DC9B1C04300000C4CFFA /* ODESim.h in Headers */,
				AD84DC571C04300000C4CFFA /* PhotoRealImages.h in Headers */,
				AD84DC5C1C04300000C4CFFA /* LinearAlgebra.h in Headers */,
				AD84DC7F1C04300000C4CFFA /* NumCH.h in Headers */,
				AD84DC521C04300000C4CFFA /* FigData.h in Headers */,
				AD84DD601C06CBC300C4CFFA /* Vec3D.hpp in Headers */,
			);
			runOnlyForDeploymentPostprocessing = 0;
		};
/* End PBXHeadersBuildPhase section */

/* Begin PBXNativeTarget section */
		AD4768011B76EAF100E6B11D /* NumCH */ = {
			isa = PBXNativeTarget;
			buildConfigurationList = AD4768091B76EAF100E6B11D /* Build configuration list for PBXNativeTarget "NumCH" */;
			buildPhases = (
				AD4767FE1B76EAF100E6B11D /* Sources */,
				AD4767FF1B76EAF100E6B11D /* Frameworks */,
				AD4768001B76EAF100E6B11D /* CopyFiles */,
			);
			buildRules = (
			);
			dependencies = (
			);
			name = NumCH;
			productName = NumCH;
			productReference = AD4768021B76EAF100E6B11D /* NumCH */;
			productType = "com.apple.product-type.tool";
		};
		AD5B18631BE442CE003E0233 /* LearnCannonAI */ = {
			isa = PBXNativeTarget;
			buildConfigurationList = AD5B18681BE442CE003E0233 /* Build configuration list for PBXNativeTarget "LearnCannonAI" */;
			buildPhases = (
				AD5B18601BE442CE003E0233 /* Sources */,
				AD5B18611BE442CE003E0233 /* Frameworks */,
				AD5B18621BE442CE003E0233 /* CopyFiles */,
			);
			buildRules = (
			);
			dependencies = (
			);
			name = LearnCannonAI;
			productName = LearnCannonAI;
			productReference = AD5B18641BE442CE003E0233 /* LearnCannonAI */;
			productType = "com.apple.product-type.tool";
		};
		AD5B19031BE4540D003E0233 /* NumCHLib */ = {
			isa = PBXNativeTarget;
			buildConfigurationList = AD5B19071BE4540D003E0233 /* Build configuration list for PBXNativeTarget "NumCHLib" */;
			buildPhases = (
				AD5B19001BE4540D003E0233 /* Sources */,
				AD5B19011BE4540D003E0233 /* Frameworks */,
				AD5B19021BE4540D003E0233 /* Headers */,
			);
			buildRules = (
			);
			dependencies = (
			);
			name = NumCHLib;
			productName = NumCHLib;
			productReference = AD5B19041BE4540D003E0233 /* libNumCHLib.a */;
			productType = "com.apple.product-type.library.static";
		};
/* End PBXNativeTarget section */

/* Begin PBXProject section */
		AD4767FA1B76EAF100E6B11D /* Project object */ = {
			isa = PBXProject;
			attributes = {
				LastUpgradeCheck = 0700;
				ORGANIZATIONNAME = "Christian Howard";
				TargetAttributes = {
					AD4768011B76EAF100E6B11D = {
						CreatedOnToolsVersion = 7.0;
					};
					AD5B18631BE442CE003E0233 = {
						CreatedOnToolsVersion = 7.1;
					};
					AD5B19031BE4540D003E0233 = {
						CreatedOnToolsVersion = 7.1;
					};
				};
			};
			buildConfigurationList = AD4767FD1B76EAF100E6B11D /* Build configuration list for PBXProject "NumCH" */;
			compatibilityVersion = "Xcode 3.2";
			developmentRegion = English;
			hasScannedForEncodings = 0;
			knownRegions = (
				en,
			);
			mainGroup = AD4767F91B76EAF100E6B11D;
			productRefGroup = AD4768031B76EAF100E6B11D /* Products */;
			projectDirPath = "";
			projectRoot = "";
			targets = (
				AD4768011B76EAF100E6B11D /* NumCH */,
				AD5B18631BE442CE003E0233 /* LearnCannonAI */,
				AD5B19031BE4540D003E0233 /* NumCHLib */,
			);
		};
/* End PBXProject section */

/* Begin PBXSourcesBuildPhase section */
		AD4767FE1B76EAF100E6B11D /* Sources */ = {
			isa = PBXSourcesBuildPhase;
			buildActionMask = 2147483647;
			files = (
				ADCE7B581C38DFE000296D10 /* FiniteVolume.cpp in Sources */,
				ADFAD80E1C2E28C200D4C3DE /* SimTime.cpp in Sources */,
				AD84DC771C04300000C4CFFA /* Fraction.cpp in Sources */,
				ADFAD80A1C2E244900D4C3DE /* SimState.cpp in Sources */,
				ADFE86B31BDA04E300D84DB6 /* Vec.cpp in Sources */,
				ADE4FC801C548A1B00E17F51 /* ActivationFuncs.cpp in Sources */,
				ADFAD8161C2E668200D4C3DE /* Pendulum.cpp in Sources */,
				AD84DC4D1C04300000C4CFFA /* cpng.cpp in Sources */,
				AD84DC891C04300000C4CFFA /* DiscreteModel.cpp in Sources */,
				AD84DC8F1C04300000C4CFFA /* ExplicitEuler.cpp in Sources */,
				AD84DC8C1C04300000C4CFFA /* DynamicModel.cpp in Sources */,
				ADFE86AC1BDA04E300D84DB6 /* AdaptiveArray.cpp in Sources */,
				AD84DC7C1C04300000C4CFFA /* RandomNumberGenerator.cpp in Sources */,
				ADA93AAF1C51F1C80028F939 /* Network.cpp in Sources */,
				AD84DC831C04300000C4CFFA /* ConstantsSet.cpp in Sources */,
				AD1F24C41C33A21900E7FABF /* FileObject.cpp in Sources */,
				ADCE7B521C38DD4C00296D10 /* FiniteDifference.cpp in Sources */,
				ADBF6B0F1C5F2A8E006B1222 /* MatHashes.cpp in Sources */,
				ADE3CDE01C5B346B00A3601A /* RandomInit.cpp in Sources */,
				AD84DC801C04300000C4CFFA /* ConfigParser.cpp in Sources */,
				ADFE86AE1BDA04E300D84DB6 /* Graph.cpp in Sources */,
				AD4768061B76EAF100E6B11D /* main.cpp in Sources */,
				ADFE86AD1BDA04E300D84DB6 /* Coordinate.cpp in Sources */,
				ADE3CDBD1C55C08100A3601A /* DataSet.cpp in Sources */,
				ADBF6B031C5F2A73006B1222 /* Matrix.cpp in Sources */,
				ADBF6AFA1C5F2A4B006B1222 /* MatStorage.cpp in Sources */,
				AD84DC861C04300000C4CFFA /* DataPrinter.cpp in Sources */,
				AD84DC981C04300000C4CFFA /* RungeKutta4.cpp in Sources */,
				ADFE86AF1BDA04E300D84DB6 /* kdtree.cpp in Sources */,
				ADDBBDA41C67F1680079E210 /* Particle.cpp in Sources */,
				ADFAD8131C2E582900D4C3DE /* ExampleSim.cpp in Sources */,
				AD84DC501C04300000C4CFFA /* FigData.cpp in Sources */,
				ADFE86B01BDA04E300D84DB6 /* LinkedList.cpp in Sources */,
				AD84DC4A1C04300000C4CFFA /* cpixel.cpp in Sources */,
				ADCE7B5B1C38DFFB00296D10 /* FiniteElement.cpp in Sources */,
				AD84DD231C057E8000C4CFFA /* Quaternion.cpp in Sources */,
				AD84DC921C04300000C4CFFA /* ExplicitTrapezoidal.cpp in Sources */,
				ADFAD81A1C30781A00D4C3DE /* Timer.cpp in Sources */,
				AD84DC9D1C04300000C4CFFA /* Scheduler.cpp in Sources */,
				ADDBBDA01C67E9EF0079E210 /* MultiPSO.cpp in Sources */,
				AD84DD641C06CBDD00C4CFFA /* Vector.cpp in Sources */,
				ADFAD8071C2E243300D4C3DE /* ModelList.cpp in Sources */,
				ADCE7B551C38DFD100296D10 /* Element.cpp in Sources */,
				ADFE86B21BDA04E300D84DB6 /* PopArray.cpp in Sources */,
				AD84DD5E1C06CBC300C4CFFA /* Vec3D.cpp in Sources */,
				ADE4FC7C1C54886100E17F51 /* Node.cpp in Sources */,
			);
			runOnlyForDeploymentPostprocessing = 0;
		};
		AD5B18601BE442CE003E0233 /* Sources */ = {
			isa = PBXSourcesBuildPhase;
			buildActionMask = 2147483647;
			files = (
			);
			runOnlyForDeploymentPostprocessing = 0;
		};
		AD5B19001BE4540D003E0233 /* Sources */ = {
			isa = PBXSourcesBuildPhase;
			buildActionMask = 2147483647;
			files = (
				ADAF706E1C407EC400C5AE73 /* FileObject.cpp in Sources */,
				ADAF706F1C407EC400C5AE73 /* Timer.cpp in Sources */,
				ADAF70701C407EC400C5AE73 /* Vector.cpp in Sources */,
				ADAF707C1C407EC400C5AE73 /* ModelList.cpp in Sources */,
				ADAF707D1C407EC400C5AE73 /* SimState.cpp in Sources */,
				ADAF707E1C407EC400C5AE73 /* SimTime.cpp in Sources */,
				ADAF707F1C407EC400C5AE73 /* FiniteDifference.cpp in Sources */,
				ADAF70801C407EC400C5AE73 /* FiniteVolume.cpp in Sources */,
				ADAF70811C407EC400C5AE73 /* Element.cpp in Sources */,
				ADAF70821C407EC400C5AE73 /* FiniteElement.cpp in Sources */,
				AD84DC901C04300000C4CFFA /* ExplicitEuler.cpp in Sources */,
				AD84DC511C04300000C4CFFA /* FigData.cpp in Sources */,
				AD84DC4B1C04300000C4CFFA /* cpixel.cpp in Sources */,
				AD84DC7D1C04300000C4CFFA /* RandomNumberGenerator.cpp in Sources */,
				AD84DC781C04300000C4CFFA /* Fraction.cpp in Sources */,
				AD84DC931C04300000C4CFFA /* ExplicitTrapezoidal.cpp in Sources */,
				AD84DD5F1C06CBC300C4CFFA /* Vec3D.cpp in Sources */,
				AD84DC8A1C04300000C4CFFA /* DiscreteModel.cpp in Sources */,
				AD84DC9E1C04300000C4CFFA /* Scheduler.cpp in Sources */,
				AD84DC991C04300000C4CFFA /* RungeKutta4.cpp in Sources */,
				AD84DC841C04300000C4CFFA /* ConstantsSet.cpp in Sources */,
				AD84DC871C04300000C4CFFA /* DataPrinter.cpp in Sources */,
				AD84DC4E1C04300000C4CFFA /* cpng.cpp in Sources */,
				AD84DC8D1C04300000C4CFFA /* DynamicModel.cpp in Sources */,
				AD84DC811C04300000C4CFFA /* ConfigParser.cpp in Sources */,
				AD84DD241C057E8000C4CFFA /* Quaternion.cpp in Sources */,
			);
			runOnlyForDeploymentPostprocessing = 0;
		};
/* End PBXSourcesBuildPhase section */

/* Begin XCBuildConfiguration section */
		AD4768071B76EAF100E6B11D /* Debug */ = {
			isa = XCBuildConfiguration;
			buildSettings = {
				ALWAYS_SEARCH_USER_PATHS = NO;
				CLANG_CXX_LANGUAGE_STANDARD = "gnu++0x";
				CLANG_CXX_LIBRARY = "libc++";
				CLANG_ENABLE_MODULES = YES;
				CLANG_ENABLE_OBJC_ARC = YES;
				CLANG_WARN_BOOL_CONVERSION = YES;
				CLANG_WARN_CONSTANT_CONVERSION = YES;
				CLANG_WARN_DIRECT_OBJC_ISA_USAGE = YES_ERROR;
				CLANG_WARN_EMPTY_BODY = YES;
				CLANG_WARN_ENUM_CONVERSION = YES;
				CLANG_WARN_INT_CONVERSION = YES;
				CLANG_WARN_OBJC_ROOT_CLASS = YES_ERROR;
				CLANG_WARN_UNREACHABLE_CODE = YES;
				CLANG_WARN__DUPLICATE_METHOD_MATCH = YES;
				COPY_PHASE_STRIP = NO;
				DEBUG_INFORMATION_FORMAT = dwarf;
				ENABLE_STRICT_OBJC_MSGSEND = YES;
				ENABLE_TESTABILITY = YES;
				GCC_C_LANGUAGE_STANDARD = gnu99;
				GCC_DYNAMIC_NO_PIC = NO;
				GCC_NO_COMMON_BLOCKS = YES;
				GCC_OPTIMIZATION_LEVEL = 0;
				GCC_PREPROCESSOR_DEFINITIONS = (
					"DEBUG=1",
					"$(inherited)",
				);
				GCC_WARN_64_TO_32_BIT_CONVERSION = YES;
				GCC_WARN_ABOUT_RETURN_TYPE = YES_ERROR;
				GCC_WARN_UNDECLARED_SELECTOR = YES;
				GCC_WARN_UNINITIALIZED_AUTOS = YES_AGGRESSIVE;
				GCC_WARN_UNUSED_FUNCTION = YES;
				GCC_WARN_UNUSED_VARIABLE = YES;
				MACOSX_DEPLOYMENT_TARGET = 10.10;
				MTL_ENABLE_DEBUG_INFO = YES;
				ONLY_ACTIVE_ARCH = YES;
				SDKROOT = macosx;
			};
			name = Debug;
		};
		AD4768081B76EAF100E6B11D /* Release */ = {
			isa = XCBuildConfiguration;
			buildSettings = {
				ALWAYS_SEARCH_USER_PATHS = NO;
				CLANG_CXX_LANGUAGE_STANDARD = "gnu++0x";
				CLANG_CXX_LIBRARY = "libc++";
				CLANG_ENABLE_MODULES = YES;
				CLANG_ENABLE_OBJC_ARC = YES;
				CLANG_WARN_BOOL_CONVERSION = YES;
				CLANG_WARN_CONSTANT_CONVERSION = YES;
				CLANG_WARN_DIRECT_OBJC_ISA_USAGE = YES_ERROR;
				CLANG_WARN_EMPTY_BODY = YES;
				CLANG_WARN_ENUM_CONVERSION = YES;
				CLANG_WARN_INT_CONVERSION = YES;
				CLANG_WARN_OBJC_ROOT_CLASS = YES_ERROR;
				CLANG_WARN_UNREACHABLE_CODE = YES;
				CLANG_WARN__DUPLICATE_METHOD_MATCH = YES;
				COPY_PHASE_STRIP = NO;
				DEBUG_INFORMATION_FORMAT = "dwarf-with-dsym";
				ENABLE_NS_ASSERTIONS = NO;
				ENABLE_STRICT_OBJC_MSGSEND = YES;
				GCC_C_LANGUAGE_STANDARD = gnu99;
				GCC_NO_COMMON_BLOCKS = YES;
				GCC_WARN_64_TO_32_BIT_CONVERSION = YES;
				GCC_WARN_ABOUT_RETURN_TYPE = YES_ERROR;
				GCC_WARN_UNDECLARED_SELECTOR = YES;
				GCC_WARN_UNINITIALIZED_AUTOS = YES_AGGRESSIVE;
				GCC_WARN_UNUSED_FUNCTION = YES;
				GCC_WARN_UNUSED_VARIABLE = YES;
				MACOSX_DEPLOYMENT_TARGET = 10.10;
				MTL_ENABLE_DEBUG_INFO = NO;
				SDKROOT = macosx;
			};
			name = Release;
		};
		AD47680A1B76EAF100E6B11D /* Debug */ = {
			isa = XCBuildConfiguration;
			buildSettings = {
				HEADER_SEARCH_PATHS = "$(PROJECT_DIR)/**";
				LIBRARY_SEARCH_PATHS = (
					"$(inherited)",
					"$(PROJECT_DIR)/NumCH",
					"$(PROJECT_DIR)",
					/usr/lib/,
				);
				PRODUCT_NAME = "$(TARGET_NAME)";
			};
			name = Debug;
		};
		AD47680B1B76EAF100E6B11D /* Release */ = {
			isa = XCBuildConfiguration;
			buildSettings = {
				GCC_OPTIMIZATION_LEVEL = fast;
				HEADER_SEARCH_PATHS = "$(PROJECT_DIR)/**";
				LIBRARY_SEARCH_PATHS = (
					"$(inherited)",
					"$(PROJECT_DIR)/NumCH",
					"$(PROJECT_DIR)",
					/usr/lib/,
				);
				PRODUCT_NAME = "$(TARGET_NAME)";
			};
			name = Release;
		};
		AD5B18691BE442CE003E0233 /* Debug */ = {
			isa = XCBuildConfiguration;
			buildSettings = {
				CODE_SIGN_IDENTITY = "-";
				PRODUCT_NAME = "$(TARGET_NAME)";
			};
			name = Debug;
		};
		AD5B186A1BE442CE003E0233 /* Release */ = {
			isa = XCBuildConfiguration;
			buildSettings = {
				CODE_SIGN_IDENTITY = "-";
				PRODUCT_NAME = "$(TARGET_NAME)";
			};
			name = Release;
		};
		AD5B19051BE4540D003E0233 /* Debug */ = {
			isa = XCBuildConfiguration;
			buildSettings = {
				CODE_SIGN_IDENTITY = "-";
				EXECUTABLE_PREFIX = lib;
				LIBRARY_SEARCH_PATHS = (
					"$(inherited)",
					"$(PROJECT_DIR)",
					"$(PROJECT_DIR)/NumCH",
				);
				PRODUCT_NAME = "$(TARGET_NAME)";
			};
			name = Debug;
		};
		AD5B19061BE4540D003E0233 /* Release */ = {
			isa = XCBuildConfiguration;
			buildSettings = {
				CODE_SIGN_IDENTITY = "-";
				EXECUTABLE_PREFIX = lib;
				LIBRARY_SEARCH_PATHS = (
					"$(inherited)",
					"$(PROJECT_DIR)",
					"$(PROJECT_DIR)/NumCH",
				);
				PRODUCT_NAME = "$(TARGET_NAME)";
			};
			name = Release;
		};
/* End XCBuildConfiguration section */

/* Begin XCConfigurationList section */
		AD4767FD1B76EAF100E6B11D /* Build configuration list for PBXProject "NumCH" */ = {
			isa = XCConfigurationList;
			buildConfigurations = (
				AD4768071B76EAF100E6B11D /* Debug */,
				AD4768081B76EAF100E6B11D /* Release */,
			);
			defaultConfigurationIsVisible = 0;
			defaultConfigurationName = Release;
		};
		AD4768091B76EAF100E6B11D /* Build configuration list for PBXNativeTarget "NumCH" */ = {
			isa = XCConfigurationList;
			buildConfigurations = (
				AD47680A1B76EAF100E6B11D /* Debug */,
				AD47680B1B76EAF100E6B11D /* Release */,
			);
			defaultConfigurationIsVisible = 0;
			defaultConfigurationName = Release;
		};
		AD5B18681BE442CE003E0233 /* Build configuration list for PBXNativeTarget "LearnCannonAI" */ = {
			isa = XCConfigurationList;
			buildConfigurations = (
				AD5B18691BE442CE003E0233 /* Debug */,
				AD5B186A1BE442CE003E0233 /* Release */,
			);
			defaultConfigurationIsVisible = 0;
			defaultConfigurationName = Release;
		};
		AD5B19071BE4540D003E0233 /* Build configuration list for PBXNativeTarget "NumCHLib" */ = {
			isa = XCConfigurationList;
			buildConfigurations = (
				AD5B19051BE4540D003E0233 /* Debug */,
				AD5B19061BE4540D003E0233 /* Release */,
			);
			defaultConfigurationIsVisible = 0;
			defaultConfigurationName = Release;
		};
/* End XCConfigurationList section */
	};
	rootObject = AD4767FA1B76EAF100E6B11D /* Project object */;
}
