// !$*UTF8*$!
{
	archiveVersion = 1;
	classes = {
	};
	objectVersion = 46;
	objects = {

/* Begin PBXBuildFile section */
		AD4768061B76EAF100E6B11D /* main.cpp in Sources */ = {isa = PBXBuildFile; fileRef = AD4768051B76EAF100E6B11D /* main.cpp */; };
		AD5B196F1BE455CE003E0233 /* Accelerate.framework in Frameworks */ = {isa = PBXBuildFile; fileRef = ADB0ABCA1BDCB66900049605 /* Accelerate.framework */; };
		AD5B19701BE455F1003E0233 /* libarmadillo.6.10.1.dylib in Frameworks */ = {isa = PBXBuildFile; fileRef = ADE6D60A1BDCB98200175EEE /* libarmadillo.6.10.1.dylib */; };
		AD7867691BFD8AEF00A6FE07 /* libpng16.16.dylib in Frameworks */ = {isa = PBXBuildFile; fileRef = ADB85D961B815E27002879D2 /* libpng16.16.dylib */; };
		AD7867C51BFD943500A6FE07 /* AdaptiveArray.h in Headers */ = {isa = PBXBuildFile; fileRef = ADFE86941BDA04E300D84DB6 /* AdaptiveArray.h */; };
		AD7867C61BFD943500A6FE07 /* avl_tree.h in Headers */ = {isa = PBXBuildFile; fileRef = ADFE86951BDA04E300D84DB6 /* avl_tree.h */; };
		AD7867C71BFD943500A6FE07 /* convex_hull2D.h in Headers */ = {isa = PBXBuildFile; fileRef = ADFE86961BDA04E300D84DB6 /* convex_hull2D.h */; };
		AD7867C81BFD943500A6FE07 /* convex_hull3D.h in Headers */ = {isa = PBXBuildFile; fileRef = ADFE86971BDA04E300D84DB6 /* convex_hull3D.h */; };
		AD7867C91BFD943500A6FE07 /* Coordinate.h in Headers */ = {isa = PBXBuildFile; fileRef = ADFE86991BDA04E300D84DB6 /* Coordinate.h */; };
		AD7867CA1BFD943500A6FE07 /* Graph.hpp in Headers */ = {isa = PBXBuildFile; fileRef = ADFE869B1BDA04E300D84DB6 /* Graph.hpp */; };
		AD7867CB1BFD943500A6FE07 /* hash_table.h in Headers */ = {isa = PBXBuildFile; fileRef = ADFE869C1BDA04E300D84DB6 /* hash_table.h */; };
		AD7867CC1BFD943500A6FE07 /* heap.h in Headers */ = {isa = PBXBuildFile; fileRef = ADFE869D1BDA04E300D84DB6 /* heap.h */; };
		AD7867CD1BFD943500A6FE07 /* kd_tree.h in Headers */ = {isa = PBXBuildFile; fileRef = ADFE869E1BDA04E300D84DB6 /* kd_tree.h */; };
		AD7867CE1BFD943500A6FE07 /* kdfunction.h in Headers */ = {isa = PBXBuildFile; fileRef = ADFE869F1BDA04E300D84DB6 /* kdfunction.h */; };
		AD7867CF1BFD943500A6FE07 /* L1Norm.h in Headers */ = {isa = PBXBuildFile; fileRef = ADFE86A11BDA04E300D84DB6 /* L1Norm.h */; };
		AD7867D01BFD943500A6FE07 /* L2Norm.h in Headers */ = {isa = PBXBuildFile; fileRef = ADFE86A21BDA04E300D84DB6 /* L2Norm.h */; };
		AD7867D11BFD943500A6FE07 /* LinkedList.hpp in Headers */ = {isa = PBXBuildFile; fileRef = ADFE86A41BDA04E300D84DB6 /* LinkedList.hpp */; };
		AD7867D21BFD943500A6FE07 /* PopArray.h in Headers */ = {isa = PBXBuildFile; fileRef = ADFE86A71BDA04E300D84DB6 /* PopArray.h */; };
		AD7867D31BFD943500A6FE07 /* queue.h in Headers */ = {isa = PBXBuildFile; fileRef = ADFE86A81BDA04E300D84DB6 /* queue.h */; };
		AD7867D41BFD943500A6FE07 /* stack.h in Headers */ = {isa = PBXBuildFile; fileRef = ADFE86A91BDA04E300D84DB6 /* stack.h */; };
		AD7867D51BFD943500A6FE07 /* Vec.h in Headers */ = {isa = PBXBuildFile; fileRef = ADFE86AB1BDA04E300D84DB6 /* Vec.h */; };
		AD84DC421C042FFF00C4CFFA /* DataFilter.h in Headers */ = {isa = PBXBuildFile; fileRef = AD84DBD51C042FFF00C4CFFA /* DataFilter.h */; };
		AD84DC431C042FFF00C4CFFA /* Function.cpp in Sources */ = {isa = PBXBuildFile; fileRef = AD84DBD71C042FFF00C4CFFA /* Function.cpp */; };
		AD84DC441C042FFF00C4CFFA /* Function.cpp in Sources */ = {isa = PBXBuildFile; fileRef = AD84DBD71C042FFF00C4CFFA /* Function.cpp */; };
		AD84DC451C042FFF00C4CFFA /* Function.hpp in Headers */ = {isa = PBXBuildFile; fileRef = AD84DBD81C042FFF00C4CFFA /* Function.hpp */; };
		AD84DC461C042FFF00C4CFFA /* Geometry.h in Headers */ = {isa = PBXBuildFile; fileRef = AD84DBDA1C042FFF00C4CFFA /* Geometry.h */; };
		AD84DC471C042FFF00C4CFFA /* point.h in Headers */ = {isa = PBXBuildFile; fileRef = AD84DBDB1C042FFF00C4CFFA /* point.h */; };
		AD84DC481C042FFF00C4CFFA /* camera.h in Headers */ = {isa = PBXBuildFile; fileRef = AD84DBDD1C042FFF00C4CFFA /* camera.h */; };
		AD84DC491C042FFF00C4CFFA /* color_map.h in Headers */ = {isa = PBXBuildFile; fileRef = AD84DBDE1C042FFF00C4CFFA /* color_map.h */; };
		AD84DC4A1C04300000C4CFFA /* cpixel.cpp in Sources */ = {isa = PBXBuildFile; fileRef = AD84DBDF1C042FFF00C4CFFA /* cpixel.cpp */; };
		AD84DC4B1C04300000C4CFFA /* cpixel.cpp in Sources */ = {isa = PBXBuildFile; fileRef = AD84DBDF1C042FFF00C4CFFA /* cpixel.cpp */; };
		AD84DC4C1C04300000C4CFFA /* cpixel.h in Headers */ = {isa = PBXBuildFile; fileRef = AD84DBE01C042FFF00C4CFFA /* cpixel.h */; };
		AD84DC4D1C04300000C4CFFA /* cpng.cpp in Sources */ = {isa = PBXBuildFile; fileRef = AD84DBE11C042FFF00C4CFFA /* cpng.cpp */; };
		AD84DC4E1C04300000C4CFFA /* cpng.cpp in Sources */ = {isa = PBXBuildFile; fileRef = AD84DBE11C042FFF00C4CFFA /* cpng.cpp */; };
		AD84DC4F1C04300000C4CFFA /* cpng.h in Headers */ = {isa = PBXBuildFile; fileRef = AD84DBE21C042FFF00C4CFFA /* cpng.h */; };
		AD84DC501C04300000C4CFFA /* FigData.cpp in Sources */ = {isa = PBXBuildFile; fileRef = AD84DBE31C042FFF00C4CFFA /* FigData.cpp */; };
		AD84DC511C04300000C4CFFA /* FigData.cpp in Sources */ = {isa = PBXBuildFile; fileRef = AD84DBE31C042FFF00C4CFFA /* FigData.cpp */; };
		AD84DC521C04300000C4CFFA /* FigData.h in Headers */ = {isa = PBXBuildFile; fileRef = AD84DBE41C042FFF00C4CFFA /* FigData.h */; };
		AD84DC531C04300000C4CFFA /* Figure.h in Headers */ = {isa = PBXBuildFile; fileRef = AD84DBE51C042FFF00C4CFFA /* Figure.h */; };
		AD84DC541C04300000C4CFFA /* Figures.h in Headers */ = {isa = PBXBuildFile; fileRef = AD84DBE61C042FFF00C4CFFA /* Figures.h */; };
		AD84DC551C04300000C4CFFA /* Graphics.h in Headers */ = {isa = PBXBuildFile; fileRef = AD84DBE71C042FFF00C4CFFA /* Graphics.h */; };
		AD84DC561C04300000C4CFFA /* graphics_objs.h in Headers */ = {isa = PBXBuildFile; fileRef = AD84DBE81C042FFF00C4CFFA /* graphics_objs.h */; };
		AD84DC571C04300000C4CFFA /* PhotoRealImages.h in Headers */ = {isa = PBXBuildFile; fileRef = AD84DBE91C042FFF00C4CFFA /* PhotoRealImages.h */; };
		AD84DC581C04300000C4CFFA /* png.h in Headers */ = {isa = PBXBuildFile; fileRef = AD84DBEA1C042FFF00C4CFFA /* png.h */; };
		AD84DC591C04300000C4CFFA /* pngconf.h in Headers */ = {isa = PBXBuildFile; fileRef = AD84DBEB1C042FFF00C4CFFA /* pngconf.h */; };
		AD84DC5A1C04300000C4CFFA /* PNGImages.h in Headers */ = {isa = PBXBuildFile; fileRef = AD84DBEC1C042FFF00C4CFFA /* PNGImages.h */; };
		AD84DC5B1C04300000C4CFFA /* pnglibconf.h in Headers */ = {isa = PBXBuildFile; fileRef = AD84DBED1C042FFF00C4CFFA /* pnglibconf.h */; };
		AD84DC5C1C04300000C4CFFA /* LinearAlgebra.h in Headers */ = {isa = PBXBuildFile; fileRef = AD84DBEF1C042FFF00C4CFFA /* LinearAlgebra.h */; };
		AD84DC5D1C04300000C4CFFA /* Matrix.cpp in Sources */ = {isa = PBXBuildFile; fileRef = AD84DBF01C042FFF00C4CFFA /* Matrix.cpp */; };
		AD84DC5E1C04300000C4CFFA /* Matrix.cpp in Sources */ = {isa = PBXBuildFile; fileRef = AD84DBF01C042FFF00C4CFFA /* Matrix.cpp */; };
		AD84DC5F1C04300000C4CFFA /* Matrix.h in Headers */ = {isa = PBXBuildFile; fileRef = AD84DBF11C042FFF00C4CFFA /* Matrix.h */; };
		AD84DC601C04300000C4CFFA /* Vect.cpp in Sources */ = {isa = PBXBuildFile; fileRef = AD84DBF21C042FFF00C4CFFA /* Vect.cpp */; };
		AD84DC611C04300000C4CFFA /* Vect.cpp in Sources */ = {isa = PBXBuildFile; fileRef = AD84DBF21C042FFF00C4CFFA /* Vect.cpp */; };
		AD84DC621C04300000C4CFFA /* Vect.hpp in Headers */ = {isa = PBXBuildFile; fileRef = AD84DBF31C042FFF00C4CFFA /* Vect.hpp */; };
		AD84DC631C04300000C4CFFA /* ClassificationCost.h in Headers */ = {isa = PBXBuildFile; fileRef = AD84DBF51C042FFF00C4CFFA /* ClassificationCost.h */; };
		AD84DC641C04300000C4CFFA /* ClassificationLearning.cpp in Sources */ = {isa = PBXBuildFile; fileRef = AD84DBF61C042FFF00C4CFFA /* ClassificationLearning.cpp */; };
		AD84DC651C04300000C4CFFA /* ClassificationLearning.cpp in Sources */ = {isa = PBXBuildFile; fileRef = AD84DBF61C042FFF00C4CFFA /* ClassificationLearning.cpp */; };
		AD84DC661C04300000C4CFFA /* ClassificationLearning.h in Headers */ = {isa = PBXBuildFile; fileRef = AD84DBF71C042FFF00C4CFFA /* ClassificationLearning.h */; };
		AD84DC671C04300000C4CFFA /* LinearFunc.cpp in Sources */ = {isa = PBXBuildFile; fileRef = AD84DBF81C042FFF00C4CFFA /* LinearFunc.cpp */; };
		AD84DC681C04300000C4CFFA /* LinearFunc.cpp in Sources */ = {isa = PBXBuildFile; fileRef = AD84DBF81C042FFF00C4CFFA /* LinearFunc.cpp */; };
		AD84DC691C04300000C4CFFA /* LinearFunc.h in Headers */ = {isa = PBXBuildFile; fileRef = AD84DBF91C042FFF00C4CFFA /* LinearFunc.h */; };
		AD84DC6A1C04300000C4CFFA /* MachineLearning.h in Headers */ = {isa = PBXBuildFile; fileRef = AD84DBFA1C042FFF00C4CFFA /* MachineLearning.h */; };
		AD84DC6B1C04300000C4CFFA /* NeuralNetwork.cpp in Sources */ = {isa = PBXBuildFile; fileRef = AD84DBFB1C042FFF00C4CFFA /* NeuralNetwork.cpp */; };
		AD84DC6C1C04300000C4CFFA /* NeuralNetwork.cpp in Sources */ = {isa = PBXBuildFile; fileRef = AD84DBFB1C042FFF00C4CFFA /* NeuralNetwork.cpp */; };
		AD84DC6D1C04300000C4CFFA /* NeuralNetwork.h in Headers */ = {isa = PBXBuildFile; fileRef = AD84DBFC1C042FFF00C4CFFA /* NeuralNetwork.h */; };
		AD84DC6E1C04300000C4CFFA /* NodeFunc.cpp in Sources */ = {isa = PBXBuildFile; fileRef = AD84DBFD1C042FFF00C4CFFA /* NodeFunc.cpp */; };
		AD84DC6F1C04300000C4CFFA /* NodeFunc.cpp in Sources */ = {isa = PBXBuildFile; fileRef = AD84DBFD1C042FFF00C4CFFA /* NodeFunc.cpp */; };
		AD84DC701C04300000C4CFFA /* NodeFunc.h in Headers */ = {isa = PBXBuildFile; fileRef = AD84DBFE1C042FFF00C4CFFA /* NodeFunc.h */; };
		AD84DC711C04300000C4CFFA /* RadialBasisFunc.cpp in Sources */ = {isa = PBXBuildFile; fileRef = AD84DBFF1C042FFF00C4CFFA /* RadialBasisFunc.cpp */; };
		AD84DC721C04300000C4CFFA /* RadialBasisFunc.cpp in Sources */ = {isa = PBXBuildFile; fileRef = AD84DBFF1C042FFF00C4CFFA /* RadialBasisFunc.cpp */; };
		AD84DC731C04300000C4CFFA /* RadialBasisFunc.h in Headers */ = {isa = PBXBuildFile; fileRef = AD84DC001C042FFF00C4CFFA /* RadialBasisFunc.h */; };
		AD84DC741C04300000C4CFFA /* Sigmoid.cpp in Sources */ = {isa = PBXBuildFile; fileRef = AD84DC011C042FFF00C4CFFA /* Sigmoid.cpp */; };
		AD84DC751C04300000C4CFFA /* Sigmoid.cpp in Sources */ = {isa = PBXBuildFile; fileRef = AD84DC011C042FFF00C4CFFA /* Sigmoid.cpp */; };
		AD84DC761C04300000C4CFFA /* Sigmoid.h in Headers */ = {isa = PBXBuildFile; fileRef = AD84DC021C042FFF00C4CFFA /* Sigmoid.h */; };
		AD84DC771C04300000C4CFFA /* Fraction.cpp in Sources */ = {isa = PBXBuildFile; fileRef = AD84DC041C042FFF00C4CFFA /* Fraction.cpp */; };
		AD84DC781C04300000C4CFFA /* Fraction.cpp in Sources */ = {isa = PBXBuildFile; fileRef = AD84DC041C042FFF00C4CFFA /* Fraction.cpp */; };
		AD84DC791C04300000C4CFFA /* Fraction.h in Headers */ = {isa = PBXBuildFile; fileRef = AD84DC051C042FFF00C4CFFA /* Fraction.h */; };
		AD84DC7A1C04300000C4CFFA /* Malloc2D.hpp in Headers */ = {isa = PBXBuildFile; fileRef = AD84DC061C042FFF00C4CFFA /* Malloc2D.hpp */; };
		AD84DC7B1C04300000C4CFFA /* Numbers.h in Headers */ = {isa = PBXBuildFile; fileRef = AD84DC071C042FFF00C4CFFA /* Numbers.h */; };
		AD84DC7C1C04300000C4CFFA /* RandomNumberGenerator.cpp in Sources */ = {isa = PBXBuildFile; fileRef = AD84DC081C042FFF00C4CFFA /* RandomNumberGenerator.cpp */; };
		AD84DC7D1C04300000C4CFFA /* RandomNumberGenerator.cpp in Sources */ = {isa = PBXBuildFile; fileRef = AD84DC081C042FFF00C4CFFA /* RandomNumberGenerator.cpp */; };
		AD84DC7E1C04300000C4CFFA /* RandomNumberGenerator.hpp in Headers */ = {isa = PBXBuildFile; fileRef = AD84DC091C042FFF00C4CFFA /* RandomNumberGenerator.hpp */; };
		AD84DC7F1C04300000C4CFFA /* NumCH.h in Headers */ = {isa = PBXBuildFile; fileRef = AD84DC0A1C042FFF00C4CFFA /* NumCH.h */; };
		AD84DC801C04300000C4CFFA /* ConfigParser.cpp in Sources */ = {isa = PBXBuildFile; fileRef = AD84DC0D1C042FFF00C4CFFA /* ConfigParser.cpp */; };
		AD84DC811C04300000C4CFFA /* ConfigParser.cpp in Sources */ = {isa = PBXBuildFile; fileRef = AD84DC0D1C042FFF00C4CFFA /* ConfigParser.cpp */; };
		AD84DC821C04300000C4CFFA /* ConfigParser.hpp in Headers */ = {isa = PBXBuildFile; fileRef = AD84DC0E1C042FFF00C4CFFA /* ConfigParser.hpp */; };
		AD84DC831C04300000C4CFFA /* ConstantsSet.cpp in Sources */ = {isa = PBXBuildFile; fileRef = AD84DC101C042FFF00C4CFFA /* ConstantsSet.cpp */; };
		AD84DC841C04300000C4CFFA /* ConstantsSet.cpp in Sources */ = {isa = PBXBuildFile; fileRef = AD84DC101C042FFF00C4CFFA /* ConstantsSet.cpp */; };
		AD84DC851C04300000C4CFFA /* ConstantsSet.hpp in Headers */ = {isa = PBXBuildFile; fileRef = AD84DC111C042FFF00C4CFFA /* ConstantsSet.hpp */; };
		AD84DC861C04300000C4CFFA /* DataPrinter.cpp in Sources */ = {isa = PBXBuildFile; fileRef = AD84DC131C042FFF00C4CFFA /* DataPrinter.cpp */; };
		AD84DC871C04300000C4CFFA /* DataPrinter.cpp in Sources */ = {isa = PBXBuildFile; fileRef = AD84DC131C042FFF00C4CFFA /* DataPrinter.cpp */; };
		AD84DC881C04300000C4CFFA /* DataPrinter.hpp in Headers */ = {isa = PBXBuildFile; fileRef = AD84DC141C042FFF00C4CFFA /* DataPrinter.hpp */; };
		AD84DC891C04300000C4CFFA /* DiscreteModel.cpp in Sources */ = {isa = PBXBuildFile; fileRef = AD84DC161C042FFF00C4CFFA /* DiscreteModel.cpp */; };
		AD84DC8A1C04300000C4CFFA /* DiscreteModel.cpp in Sources */ = {isa = PBXBuildFile; fileRef = AD84DC161C042FFF00C4CFFA /* DiscreteModel.cpp */; };
		AD84DC8B1C04300000C4CFFA /* DiscreteModel.hpp in Headers */ = {isa = PBXBuildFile; fileRef = AD84DC171C042FFF00C4CFFA /* DiscreteModel.hpp */; };
		AD84DC8C1C04300000C4CFFA /* DynamicModel.cpp in Sources */ = {isa = PBXBuildFile; fileRef = AD84DC191C042FFF00C4CFFA /* DynamicModel.cpp */; };
		AD84DC8D1C04300000C4CFFA /* DynamicModel.cpp in Sources */ = {isa = PBXBuildFile; fileRef = AD84DC191C042FFF00C4CFFA /* DynamicModel.cpp */; };
		AD84DC8E1C04300000C4CFFA /* DynamicModel.hpp in Headers */ = {isa = PBXBuildFile; fileRef = AD84DC1A1C042FFF00C4CFFA /* DynamicModel.hpp */; };
		AD84DC8F1C04300000C4CFFA /* ExplicitEuler.cpp in Sources */ = {isa = PBXBuildFile; fileRef = AD84DC1C1C042FFF00C4CFFA /* ExplicitEuler.cpp */; };
		AD84DC901C04300000C4CFFA /* ExplicitEuler.cpp in Sources */ = {isa = PBXBuildFile; fileRef = AD84DC1C1C042FFF00C4CFFA /* ExplicitEuler.cpp */; };
		AD84DC911C04300000C4CFFA /* ExplicitEuler.hpp in Headers */ = {isa = PBXBuildFile; fileRef = AD84DC1D1C042FFF00C4CFFA /* ExplicitEuler.hpp */; };
		AD84DC921C04300000C4CFFA /* ExplicitTrapezoidal.cpp in Sources */ = {isa = PBXBuildFile; fileRef = AD84DC1E1C042FFF00C4CFFA /* ExplicitTrapezoidal.cpp */; };
		AD84DC931C04300000C4CFFA /* ExplicitTrapezoidal.cpp in Sources */ = {isa = PBXBuildFile; fileRef = AD84DC1E1C042FFF00C4CFFA /* ExplicitTrapezoidal.cpp */; };
		AD84DC941C04300000C4CFFA /* ExplicitTrapezoidal.hpp in Headers */ = {isa = PBXBuildFile; fileRef = AD84DC1F1C042FFF00C4CFFA /* ExplicitTrapezoidal.hpp */; };
		AD84DC951C04300000C4CFFA /* GenIntegrator.cpp in Sources */ = {isa = PBXBuildFile; fileRef = AD84DC201C042FFF00C4CFFA /* GenIntegrator.cpp */; };
		AD84DC961C04300000C4CFFA /* GenIntegrator.cpp in Sources */ = {isa = PBXBuildFile; fileRef = AD84DC201C042FFF00C4CFFA /* GenIntegrator.cpp */; };
		AD84DC971C04300000C4CFFA /* GenIntegrator.hpp in Headers */ = {isa = PBXBuildFile; fileRef = AD84DC211C042FFF00C4CFFA /* GenIntegrator.hpp */; };
		AD84DC981C04300000C4CFFA /* RungeKutta4.cpp in Sources */ = {isa = PBXBuildFile; fileRef = AD84DC221C042FFF00C4CFFA /* RungeKutta4.cpp */; };
		AD84DC991C04300000C4CFFA /* RungeKutta4.cpp in Sources */ = {isa = PBXBuildFile; fileRef = AD84DC221C042FFF00C4CFFA /* RungeKutta4.cpp */; };
		AD84DC9A1C04300000C4CFFA /* RungeKutta4.hpp in Headers */ = {isa = PBXBuildFile; fileRef = AD84DC231C042FFF00C4CFFA /* RungeKutta4.hpp */; };
		AD84DC9B1C04300000C4CFFA /* ODESim.h in Headers */ = {isa = PBXBuildFile; fileRef = AD84DC241C042FFF00C4CFFA /* ODESim.h */; };
		AD84DC9C1C04300000C4CFFA /* PreciseTime.h in Headers */ = {isa = PBXBuildFile; fileRef = AD84DC261C042FFF00C4CFFA /* PreciseTime.h */; };
		AD84DC9D1C04300000C4CFFA /* Scheduler.cpp in Sources */ = {isa = PBXBuildFile; fileRef = AD84DC281C042FFF00C4CFFA /* Scheduler.cpp */; };
		AD84DC9E1C04300000C4CFFA /* Scheduler.cpp in Sources */ = {isa = PBXBuildFile; fileRef = AD84DC281C042FFF00C4CFFA /* Scheduler.cpp */; };
		AD84DC9F1C04300000C4CFFA /* Scheduler.hpp in Headers */ = {isa = PBXBuildFile; fileRef = AD84DC291C042FFF00C4CFFA /* Scheduler.hpp */; };
		AD84DCA01C04300000C4CFFA /* Simulator.cpp in Sources */ = {isa = PBXBuildFile; fileRef = AD84DC2B1C042FFF00C4CFFA /* Simulator.cpp */; };
		AD84DCA11C04300000C4CFFA /* Simulator.cpp in Sources */ = {isa = PBXBuildFile; fileRef = AD84DC2B1C042FFF00C4CFFA /* Simulator.cpp */; };
		AD84DCA21C04300000C4CFFA /* Simulator.hpp in Headers */ = {isa = PBXBuildFile; fileRef = AD84DC2C1C042FFF00C4CFFA /* Simulator.hpp */; };
		AD84DCA31C04300000C4CFFA /* CostFunc.cpp in Sources */ = {isa = PBXBuildFile; fileRef = AD84DC2E1C042FFF00C4CFFA /* CostFunc.cpp */; };
		AD84DCA41C04300000C4CFFA /* CostFunc.cpp in Sources */ = {isa = PBXBuildFile; fileRef = AD84DC2E1C042FFF00C4CFFA /* CostFunc.cpp */; };
		AD84DCA51C04300000C4CFFA /* CostFunc.h in Headers */ = {isa = PBXBuildFile; fileRef = AD84DC2F1C042FFF00C4CFFA /* CostFunc.h */; };
		AD84DCA61C04300000C4CFFA /* GradientDescent.cpp in Sources */ = {isa = PBXBuildFile; fileRef = AD84DC301C042FFF00C4CFFA /* GradientDescent.cpp */; };
		AD84DCA71C04300000C4CFFA /* GradientDescent.cpp in Sources */ = {isa = PBXBuildFile; fileRef = AD84DC301C042FFF00C4CFFA /* GradientDescent.cpp */; };
		AD84DCA81C04300000C4CFFA /* GradientDescent.hpp in Headers */ = {isa = PBXBuildFile; fileRef = AD84DC311C042FFF00C4CFFA /* GradientDescent.hpp */; };
		AD84DCA91C04300000C4CFFA /* GradientDescentStep.cpp in Sources */ = {isa = PBXBuildFile; fileRef = AD84DC321C042FFF00C4CFFA /* GradientDescentStep.cpp */; };
		AD84DCAA1C04300000C4CFFA /* GradientDescentStep.cpp in Sources */ = {isa = PBXBuildFile; fileRef = AD84DC321C042FFF00C4CFFA /* GradientDescentStep.cpp */; };
		AD84DCAB1C04300000C4CFFA /* GradientDescentStep.hpp in Headers */ = {isa = PBXBuildFile; fileRef = AD84DC331C042FFF00C4CFFA /* GradientDescentStep.hpp */; };
		AD84DCAC1C04300000C4CFFA /* LatinHypercubeDistributor.cpp in Sources */ = {isa = PBXBuildFile; fileRef = AD84DC341C042FFF00C4CFFA /* LatinHypercubeDistributor.cpp */; };
		AD84DCAD1C04300000C4CFFA /* LatinHypercubeDistributor.cpp in Sources */ = {isa = PBXBuildFile; fileRef = AD84DC341C042FFF00C4CFFA /* LatinHypercubeDistributor.cpp */; };
		AD84DCAE1C04300000C4CFFA /* LatinHypercubeDistributor.h in Headers */ = {isa = PBXBuildFile; fileRef = AD84DC351C042FFF00C4CFFA /* LatinHypercubeDistributor.h */; };
		AD84DCAF1C04300000C4CFFA /* Optimization.h in Headers */ = {isa = PBXBuildFile; fileRef = AD84DC361C042FFF00C4CFFA /* Optimization.h */; };
		AD84DCB01C04300000C4CFFA /* ParticleDistributor.cpp in Sources */ = {isa = PBXBuildFile; fileRef = AD84DC371C042FFF00C4CFFA /* ParticleDistributor.cpp */; };
		AD84DCB11C04300000C4CFFA /* ParticleDistributor.cpp in Sources */ = {isa = PBXBuildFile; fileRef = AD84DC371C042FFF00C4CFFA /* ParticleDistributor.cpp */; };
		AD84DCB21C04300100C4CFFA /* ParticleDistributor.h in Headers */ = {isa = PBXBuildFile; fileRef = AD84DC381C042FFF00C4CFFA /* ParticleDistributor.h */; };
		AD84DCB31C04300100C4CFFA /* PSO.h in Headers */ = {isa = PBXBuildFile; fileRef = AD84DC391C042FFF00C4CFFA /* PSO.h */; };
		AD84DCB41C04300100C4CFFA /* RandomDistributor.cpp in Sources */ = {isa = PBXBuildFile; fileRef = AD84DC3A1C042FFF00C4CFFA /* RandomDistributor.cpp */; };
		AD84DCB51C04300100C4CFFA /* RandomDistributor.cpp in Sources */ = {isa = PBXBuildFile; fileRef = AD84DC3A1C042FFF00C4CFFA /* RandomDistributor.cpp */; };
		AD84DCB61C04300100C4CFFA /* RandomDistributor.h in Headers */ = {isa = PBXBuildFile; fileRef = AD84DC3B1C042FFF00C4CFFA /* RandomDistributor.h */; };
		AD84DCB71C04300100C4CFFA /* Swarm.cpp in Sources */ = {isa = PBXBuildFile; fileRef = AD84DC3C1C042FFF00C4CFFA /* Swarm.cpp */; };
		AD84DCB81C04300100C4CFFA /* Swarm.cpp in Sources */ = {isa = PBXBuildFile; fileRef = AD84DC3C1C042FFF00C4CFFA /* Swarm.cpp */; };
		AD84DCB91C04300100C4CFFA /* Swarm.h in Headers */ = {isa = PBXBuildFile; fileRef = AD84DC3D1C042FFF00C4CFFA /* Swarm.h */; };
		AD84DCBA1C04300100C4CFFA /* SwarmParticle.cpp in Sources */ = {isa = PBXBuildFile; fileRef = AD84DC3E1C042FFF00C4CFFA /* SwarmParticle.cpp */; };
		AD84DCBB1C04300100C4CFFA /* SwarmParticle.cpp in Sources */ = {isa = PBXBuildFile; fileRef = AD84DC3E1C042FFF00C4CFFA /* SwarmParticle.cpp */; };
		AD84DCBC1C04300100C4CFFA /* SwarmParticle.h in Headers */ = {isa = PBXBuildFile; fileRef = AD84DC3F1C042FFF00C4CFFA /* SwarmParticle.h */; };
		AD84DCBD1C04300100C4CFFA /* PDESim.h in Headers */ = {isa = PBXBuildFile; fileRef = AD84DC411C042FFF00C4CFFA /* PDESim.h */; };
		ADB0ABCB1BDCB66900049605 /* Accelerate.framework in Frameworks */ = {isa = PBXBuildFile; fileRef = ADB0ABCA1BDCB66900049605 /* Accelerate.framework */; };
		ADB85DA21B816019002879D2 /* libpng16.16.dylib in Frameworks */ = {isa = PBXBuildFile; fileRef = ADB85D961B815E27002879D2 /* libpng16.16.dylib */; };
		ADFE86AC1BDA04E300D84DB6 /* AdaptiveArray.cpp in Sources */ = {isa = PBXBuildFile; fileRef = ADFE86931BDA04E300D84DB6 /* AdaptiveArray.cpp */; };
		ADFE86AD1BDA04E300D84DB6 /* Coordinate.cpp in Sources */ = {isa = PBXBuildFile; fileRef = ADFE86981BDA04E300D84DB6 /* Coordinate.cpp */; };
		ADFE86AE1BDA04E300D84DB6 /* Graph.cpp in Sources */ = {isa = PBXBuildFile; fileRef = ADFE869A1BDA04E300D84DB6 /* Graph.cpp */; };
		ADFE86AF1BDA04E300D84DB6 /* kdtree.cpp in Sources */ = {isa = PBXBuildFile; fileRef = ADFE86A01BDA04E300D84DB6 /* kdtree.cpp */; };
		ADFE86B01BDA04E300D84DB6 /* LinkedList.cpp in Sources */ = {isa = PBXBuildFile; fileRef = ADFE86A31BDA04E300D84DB6 /* LinkedList.cpp */; };
		ADFE86B21BDA04E300D84DB6 /* PopArray.cpp in Sources */ = {isa = PBXBuildFile; fileRef = ADFE86A61BDA04E300D84DB6 /* PopArray.cpp */; };
		ADFE86B31BDA04E300D84DB6 /* Vec.cpp in Sources */ = {isa = PBXBuildFile; fileRef = ADFE86AA1BDA04E300D84DB6 /* Vec.cpp */; };
/* End PBXBuildFile section */

/* Begin PBXCopyFilesBuildPhase section */
		AD4768001B76EAF100E6B11D /* CopyFiles */ = {
			isa = PBXCopyFilesBuildPhase;
			buildActionMask = 2147483647;
			dstPath = /usr/share/man/man1/;
			dstSubfolderSpec = 0;
			files = (
			);
			runOnlyForDeploymentPostprocessing = 1;
		};
		AD5B18621BE442CE003E0233 /* CopyFiles */ = {
			isa = PBXCopyFilesBuildPhase;
			buildActionMask = 2147483647;
			dstPath = /usr/share/man/man1/;
			dstSubfolderSpec = 0;
			files = (
			);
			runOnlyForDeploymentPostprocessing = 1;
		};
/* End PBXCopyFilesBuildPhase section */

/* Begin PBXFileReference section */
		AD4768021B76EAF100E6B11D /* NumCH */ = {isa = PBXFileReference; explicitFileType = "compiled.mach-o.executable"; includeInIndex = 0; path = NumCH; sourceTree = BUILT_PRODUCTS_DIR; };
		AD4768051B76EAF100E6B11D /* main.cpp */ = {isa = PBXFileReference; lastKnownFileType = sourcecode.cpp.cpp; path = main.cpp; sourceTree = "<group>"; };
		AD5B18641BE442CE003E0233 /* LearnCannonAI */ = {isa = PBXFileReference; explicitFileType = "compiled.mach-o.executable"; includeInIndex = 0; path = LearnCannonAI; sourceTree = BUILT_PRODUCTS_DIR; };
		AD5B19041BE4540D003E0233 /* libNumCHLib.a */ = {isa = PBXFileReference; explicitFileType = archive.ar; includeInIndex = 0; path = libNumCHLib.a; sourceTree = BUILT_PRODUCTS_DIR; };
		AD84DBD51C042FFF00C4CFFA /* DataFilter.h */ = {isa = PBXFileReference; fileEncoding = 4; lastKnownFileType = sourcecode.c.h; path = DataFilter.h; sourceTree = "<group>"; };
		AD84DBD71C042FFF00C4CFFA /* Function.cpp */ = {isa = PBXFileReference; fileEncoding = 4; lastKnownFileType = sourcecode.cpp.cpp; path = Function.cpp; sourceTree = "<group>"; };
		AD84DBD81C042FFF00C4CFFA /* Function.hpp */ = {isa = PBXFileReference; fileEncoding = 4; lastKnownFileType = sourcecode.cpp.h; path = Function.hpp; sourceTree = "<group>"; };
		AD84DBDA1C042FFF00C4CFFA /* Geometry.h */ = {isa = PBXFileReference; fileEncoding = 4; lastKnownFileType = sourcecode.c.h; path = Geometry.h; sourceTree = "<group>"; };
		AD84DBDB1C042FFF00C4CFFA /* point.h */ = {isa = PBXFileReference; fileEncoding = 4; lastKnownFileType = sourcecode.c.h; path = point.h; sourceTree = "<group>"; };
		AD84DBDD1C042FFF00C4CFFA /* camera.h */ = {isa = PBXFileReference; fileEncoding = 4; lastKnownFileType = sourcecode.c.h; path = camera.h; sourceTree = "<group>"; };
		AD84DBDE1C042FFF00C4CFFA /* color_map.h */ = {isa = PBXFileReference; fileEncoding = 4; lastKnownFileType = sourcecode.c.h; path = color_map.h; sourceTree = "<group>"; };
		AD84DBDF1C042FFF00C4CFFA /* cpixel.cpp */ = {isa = PBXFileReference; fileEncoding = 4; lastKnownFileType = sourcecode.cpp.cpp; path = cpixel.cpp; sourceTree = "<group>"; };
		AD84DBE01C042FFF00C4CFFA /* cpixel.h */ = {isa = PBXFileReference; fileEncoding = 4; lastKnownFileType = sourcecode.c.h; path = cpixel.h; sourceTree = "<group>"; };
		AD84DBE11C042FFF00C4CFFA /* cpng.cpp */ = {isa = PBXFileReference; fileEncoding = 4; lastKnownFileType = sourcecode.cpp.cpp; path = cpng.cpp; sourceTree = "<group>"; };
		AD84DBE21C042FFF00C4CFFA /* cpng.h */ = {isa = PBXFileReference; fileEncoding = 4; lastKnownFileType = sourcecode.c.h; path = cpng.h; sourceTree = "<group>"; };
		AD84DBE31C042FFF00C4CFFA /* FigData.cpp */ = {isa = PBXFileReference; fileEncoding = 4; lastKnownFileType = sourcecode.cpp.cpp; path = FigData.cpp; sourceTree = "<group>"; };
		AD84DBE41C042FFF00C4CFFA /* FigData.h */ = {isa = PBXFileReference; fileEncoding = 4; lastKnownFileType = sourcecode.c.h; path = FigData.h; sourceTree = "<group>"; };
		AD84DBE51C042FFF00C4CFFA /* Figure.h */ = {isa = PBXFileReference; fileEncoding = 4; lastKnownFileType = sourcecode.c.h; path = Figure.h; sourceTree = "<group>"; };
		AD84DBE61C042FFF00C4CFFA /* Figures.h */ = {isa = PBXFileReference; fileEncoding = 4; lastKnownFileType = sourcecode.c.h; path = Figures.h; sourceTree = "<group>"; };
		AD84DBE71C042FFF00C4CFFA /* Graphics.h */ = {isa = PBXFileReference; fileEncoding = 4; lastKnownFileType = sourcecode.c.h; path = Graphics.h; sourceTree = "<group>"; };
		AD84DBE81C042FFF00C4CFFA /* graphics_objs.h */ = {isa = PBXFileReference; fileEncoding = 4; lastKnownFileType = sourcecode.c.h; path = graphics_objs.h; sourceTree = "<group>"; };
		AD84DBE91C042FFF00C4CFFA /* PhotoRealImages.h */ = {isa = PBXFileReference; fileEncoding = 4; lastKnownFileType = sourcecode.c.h; path = PhotoRealImages.h; sourceTree = "<group>"; };
		AD84DBEA1C042FFF00C4CFFA /* png.h */ = {isa = PBXFileReference; fileEncoding = 4; lastKnownFileType = sourcecode.c.h; path = png.h; sourceTree = "<group>"; };
		AD84DBEB1C042FFF00C4CFFA /* pngconf.h */ = {isa = PBXFileReference; fileEncoding = 4; lastKnownFileType = sourcecode.c.h; path = pngconf.h; sourceTree = "<group>"; };
		AD84DBEC1C042FFF00C4CFFA /* PNGImages.h */ = {isa = PBXFileReference; fileEncoding = 4; lastKnownFileType = sourcecode.c.h; path = PNGImages.h; sourceTree = "<group>"; };
		AD84DBED1C042FFF00C4CFFA /* pnglibconf.h */ = {isa = PBXFileReference; fileEncoding = 4; lastKnownFileType = sourcecode.c.h; path = pnglibconf.h; sourceTree = "<group>"; };
		AD84DBEF1C042FFF00C4CFFA /* LinearAlgebra.h */ = {isa = PBXFileReference; fileEncoding = 4; lastKnownFileType = sourcecode.c.h; path = LinearAlgebra.h; sourceTree = "<group>"; };
		AD84DBF01C042FFF00C4CFFA /* Matrix.cpp */ = {isa = PBXFileReference; fileEncoding = 4; lastKnownFileType = sourcecode.cpp.cpp; path = Matrix.cpp; sourceTree = "<group>"; };
		AD84DBF11C042FFF00C4CFFA /* Matrix.h */ = {isa = PBXFileReference; fileEncoding = 4; lastKnownFileType = sourcecode.c.h; path = Matrix.h; sourceTree = "<group>"; };
		AD84DBF21C042FFF00C4CFFA /* Vect.cpp */ = {isa = PBXFileReference; fileEncoding = 4; lastKnownFileType = sourcecode.cpp.cpp; path = Vect.cpp; sourceTree = "<group>"; };
		AD84DBF31C042FFF00C4CFFA /* Vect.hpp */ = {isa = PBXFileReference; fileEncoding = 4; lastKnownFileType = sourcecode.cpp.h; path = Vect.hpp; sourceTree = "<group>"; };
		AD84DBF51C042FFF00C4CFFA /* ClassificationCost.h */ = {isa = PBXFileReference; fileEncoding = 4; lastKnownFileType = sourcecode.c.h; path = ClassificationCost.h; sourceTree = "<group>"; };
		AD84DBF61C042FFF00C4CFFA /* ClassificationLearning.cpp */ = {isa = PBXFileReference; fileEncoding = 4; lastKnownFileType = sourcecode.cpp.cpp; path = ClassificationLearning.cpp; sourceTree = "<group>"; };
		AD84DBF71C042FFF00C4CFFA /* ClassificationLearning.h */ = {isa = PBXFileReference; fileEncoding = 4; lastKnownFileType = sourcecode.c.h; path = ClassificationLearning.h; sourceTree = "<group>"; };
		AD84DBF81C042FFF00C4CFFA /* LinearFunc.cpp */ = {isa = PBXFileReference; fileEncoding = 4; lastKnownFileType = sourcecode.cpp.cpp; path = LinearFunc.cpp; sourceTree = "<group>"; };
		AD84DBF91C042FFF00C4CFFA /* LinearFunc.h */ = {isa = PBXFileReference; fileEncoding = 4; lastKnownFileType = sourcecode.c.h; path = LinearFunc.h; sourceTree = "<group>"; };
		AD84DBFA1C042FFF00C4CFFA /* MachineLearning.h */ = {isa = PBXFileReference; fileEncoding = 4; lastKnownFileType = sourcecode.c.h; path = MachineLearning.h; sourceTree = "<group>"; };
		AD84DBFB1C042FFF00C4CFFA /* NeuralNetwork.cpp */ = {isa = PBXFileReference; fileEncoding = 4; lastKnownFileType = sourcecode.cpp.cpp; path = NeuralNetwork.cpp; sourceTree = "<group>"; };
		AD84DBFC1C042FFF00C4CFFA /* NeuralNetwork.h */ = {isa = PBXFileReference; fileEncoding = 4; lastKnownFileType = sourcecode.c.h; path = NeuralNetwork.h; sourceTree = "<group>"; };
		AD84DBFD1C042FFF00C4CFFA /* NodeFunc.cpp */ = {isa = PBXFileReference; fileEncoding = 4; lastKnownFileType = sourcecode.cpp.cpp; path = NodeFunc.cpp; sourceTree = "<group>"; };
		AD84DBFE1C042FFF00C4CFFA /* NodeFunc.h */ = {isa = PBXFileReference; fileEncoding = 4; lastKnownFileType = sourcecode.c.h; path = NodeFunc.h; sourceTree = "<group>"; };
		AD84DBFF1C042FFF00C4CFFA /* RadialBasisFunc.cpp */ = {isa = PBXFileReference; fileEncoding = 4; lastKnownFileType = sourcecode.cpp.cpp; path = RadialBasisFunc.cpp; sourceTree = "<group>"; };
		AD84DC001C042FFF00C4CFFA /* RadialBasisFunc.h */ = {isa = PBXFileReference; fileEncoding = 4; lastKnownFileType = sourcecode.c.h; path = RadialBasisFunc.h; sourceTree = "<group>"; };
		AD84DC011C042FFF00C4CFFA /* Sigmoid.cpp */ = {isa = PBXFileReference; fileEncoding = 4; lastKnownFileType = sourcecode.cpp.cpp; path = Sigmoid.cpp; sourceTree = "<group>"; };
		AD84DC021C042FFF00C4CFFA /* Sigmoid.h */ = {isa = PBXFileReference; fileEncoding = 4; lastKnownFileType = sourcecode.c.h; path = Sigmoid.h; sourceTree = "<group>"; };
		AD84DC041C042FFF00C4CFFA /* Fraction.cpp */ = {isa = PBXFileReference; fileEncoding = 4; lastKnownFileType = sourcecode.cpp.cpp; path = Fraction.cpp; sourceTree = "<group>"; };
		AD84DC051C042FFF00C4CFFA /* Fraction.h */ = {isa = PBXFileReference; fileEncoding = 4; lastKnownFileType = sourcecode.c.h; path = Fraction.h; sourceTree = "<group>"; };
		AD84DC061C042FFF00C4CFFA /* Malloc2D.hpp */ = {isa = PBXFileReference; fileEncoding = 4; lastKnownFileType = sourcecode.cpp.h; path = Malloc2D.hpp; sourceTree = "<group>"; };
		AD84DC071C042FFF00C4CFFA /* Numbers.h */ = {isa = PBXFileReference; fileEncoding = 4; lastKnownFileType = sourcecode.c.h; path = Numbers.h; sourceTree = "<group>"; };
		AD84DC081C042FFF00C4CFFA /* RandomNumberGenerator.cpp */ = {isa = PBXFileReference; fileEncoding = 4; lastKnownFileType = sourcecode.cpp.cpp; path = RandomNumberGenerator.cpp; sourceTree = "<group>"; };
		AD84DC091C042FFF00C4CFFA /* RandomNumberGenerator.hpp */ = {isa = PBXFileReference; fileEncoding = 4; lastKnownFileType = sourcecode.cpp.h; path = RandomNumberGenerator.hpp; sourceTree = "<group>"; };
		AD84DC0A1C042FFF00C4CFFA /* NumCH.h */ = {isa = PBXFileReference; fileEncoding = 4; lastKnownFileType = sourcecode.c.h; path = NumCH.h; sourceTree = "<group>"; };
		AD84DC0D1C042FFF00C4CFFA /* ConfigParser.cpp */ = {isa = PBXFileReference; fileEncoding = 4; lastKnownFileType = sourcecode.cpp.cpp; path = ConfigParser.cpp; sourceTree = "<group>"; };
		AD84DC0E1C042FFF00C4CFFA /* ConfigParser.hpp */ = {isa = PBXFileReference; fileEncoding = 4; lastKnownFileType = sourcecode.cpp.h; path = ConfigParser.hpp; sourceTree = "<group>"; };
		AD84DC101C042FFF00C4CFFA /* ConstantsSet.cpp */ = {isa = PBXFileReference; fileEncoding = 4; lastKnownFileType = sourcecode.cpp.cpp; path = ConstantsSet.cpp; sourceTree = "<group>"; };
		AD84DC111C042FFF00C4CFFA /* ConstantsSet.hpp */ = {isa = PBXFileReference; fileEncoding = 4; lastKnownFileType = sourcecode.cpp.h; path = ConstantsSet.hpp; sourceTree = "<group>"; };
		AD84DC131C042FFF00C4CFFA /* DataPrinter.cpp */ = {isa = PBXFileReference; fileEncoding = 4; lastKnownFileType = sourcecode.cpp.cpp; path = DataPrinter.cpp; sourceTree = "<group>"; };
		AD84DC141C042FFF00C4CFFA /* DataPrinter.hpp */ = {isa = PBXFileReference; fileEncoding = 4; lastKnownFileType = sourcecode.cpp.h; path = DataPrinter.hpp; sourceTree = "<group>"; };
		AD84DC161C042FFF00C4CFFA /* DiscreteModel.cpp */ = {isa = PBXFileReference; fileEncoding = 4; lastKnownFileType = sourcecode.cpp.cpp; path = DiscreteModel.cpp; sourceTree = "<group>"; };
		AD84DC171C042FFF00C4CFFA /* DiscreteModel.hpp */ = {isa = PBXFileReference; fileEncoding = 4; lastKnownFileType = sourcecode.cpp.h; path = DiscreteModel.hpp; sourceTree = "<group>"; };
		AD84DC191C042FFF00C4CFFA /* DynamicModel.cpp */ = {isa = PBXFileReference; fileEncoding = 4; lastKnownFileType = sourcecode.cpp.cpp; path = DynamicModel.cpp; sourceTree = "<group>"; };
		AD84DC1A1C042FFF00C4CFFA /* DynamicModel.hpp */ = {isa = PBXFileReference; fileEncoding = 4; lastKnownFileType = sourcecode.cpp.h; path = DynamicModel.hpp; sourceTree = "<group>"; };
		AD84DC1C1C042FFF00C4CFFA /* ExplicitEuler.cpp */ = {isa = PBXFileReference; fileEncoding = 4; lastKnownFileType = sourcecode.cpp.cpp; path = ExplicitEuler.cpp; sourceTree = "<group>"; };
		AD84DC1D1C042FFF00C4CFFA /* ExplicitEuler.hpp */ = {isa = PBXFileReference; fileEncoding = 4; lastKnownFileType = sourcecode.cpp.h; path = ExplicitEuler.hpp; sourceTree = "<group>"; };
		AD84DC1E1C042FFF00C4CFFA /* ExplicitTrapezoidal.cpp */ = {isa = PBXFileReference; fileEncoding = 4; lastKnownFileType = sourcecode.cpp.cpp; path = ExplicitTrapezoidal.cpp; sourceTree = "<group>"; };
		AD84DC1F1C042FFF00C4CFFA /* ExplicitTrapezoidal.hpp */ = {isa = PBXFileReference; fileEncoding = 4; lastKnownFileType = sourcecode.cpp.h; path = ExplicitTrapezoidal.hpp; sourceTree = "<group>"; };
		AD84DC201C042FFF00C4CFFA /* GenIntegrator.cpp */ = {isa = PBXFileReference; fileEncoding = 4; lastKnownFileType = sourcecode.cpp.cpp; path = GenIntegrator.cpp; sourceTree = "<group>"; };
		AD84DC211C042FFF00C4CFFA /* GenIntegrator.hpp */ = {isa = PBXFileReference; fileEncoding = 4; lastKnownFileType = sourcecode.cpp.h; path = GenIntegrator.hpp; sourceTree = "<group>"; };
		AD84DC221C042FFF00C4CFFA /* RungeKutta4.cpp */ = {isa = PBXFileReference; fileEncoding = 4; lastKnownFileType = sourcecode.cpp.cpp; path = RungeKutta4.cpp; sourceTree = "<group>"; };
		AD84DC231C042FFF00C4CFFA /* RungeKutta4.hpp */ = {isa = PBXFileReference; fileEncoding = 4; lastKnownFileType = sourcecode.cpp.h; path = RungeKutta4.hpp; sourceTree = "<group>"; };
		AD84DC241C042FFF00C4CFFA /* ODESim.h */ = {isa = PBXFileReference; fileEncoding = 4; lastKnownFileType = sourcecode.c.h; path = ODESim.h; sourceTree = "<group>"; };
		AD84DC261C042FFF00C4CFFA /* PreciseTime.h */ = {isa = PBXFileReference; fileEncoding = 4; lastKnownFileType = sourcecode.c.h; path = PreciseTime.h; sourceTree = "<group>"; };
		AD84DC281C042FFF00C4CFFA /* Scheduler.cpp */ = {isa = PBXFileReference; fileEncoding = 4; lastKnownFileType = sourcecode.cpp.cpp; path = Scheduler.cpp; sourceTree = "<group>"; };
		AD84DC291C042FFF00C4CFFA /* Scheduler.hpp */ = {isa = PBXFileReference; fileEncoding = 4; lastKnownFileType = sourcecode.cpp.h; path = Scheduler.hpp; sourceTree = "<group>"; };
		AD84DC2B1C042FFF00C4CFFA /* Simulator.cpp */ = {isa = PBXFileReference; fileEncoding = 4; lastKnownFileType = sourcecode.cpp.cpp; path = Simulator.cpp; sourceTree = "<group>"; };
		AD84DC2C1C042FFF00C4CFFA /* Simulator.hpp */ = {isa = PBXFileReference; fileEncoding = 4; lastKnownFileType = sourcecode.cpp.h; path = Simulator.hpp; sourceTree = "<group>"; };
		AD84DC2E1C042FFF00C4CFFA /* CostFunc.cpp */ = {isa = PBXFileReference; fileEncoding = 4; lastKnownFileType = sourcecode.cpp.cpp; path = CostFunc.cpp; sourceTree = "<group>"; };
		AD84DC2F1C042FFF00C4CFFA /* CostFunc.h */ = {isa = PBXFileReference; fileEncoding = 4; lastKnownFileType = sourcecode.c.h; path = CostFunc.h; sourceTree = "<group>"; };
		AD84DC301C042FFF00C4CFFA /* GradientDescent.cpp */ = {isa = PBXFileReference; fileEncoding = 4; lastKnownFileType = sourcecode.cpp.cpp; path = GradientDescent.cpp; sourceTree = "<group>"; };
		AD84DC311C042FFF00C4CFFA /* GradientDescent.hpp */ = {isa = PBXFileReference; fileEncoding = 4; lastKnownFileType = sourcecode.cpp.h; path = GradientDescent.hpp; sourceTree = "<group>"; };
		AD84DC321C042FFF00C4CFFA /* GradientDescentStep.cpp */ = {isa = PBXFileReference; fileEncoding = 4; lastKnownFileType = sourcecode.cpp.cpp; path = GradientDescentStep.cpp; sourceTree = "<group>"; };
		AD84DC331C042FFF00C4CFFA /* GradientDescentStep.hpp */ = {isa = PBXFileReference; fileEncoding = 4; lastKnownFileType = sourcecode.cpp.h; path = GradientDescentStep.hpp; sourceTree = "<group>"; };
		AD84DC341C042FFF00C4CFFA /* LatinHypercubeDistributor.cpp */ = {isa = PBXFileReference; fileEncoding = 4; lastKnownFileType = sourcecode.cpp.cpp; path = LatinHypercubeDistributor.cpp; sourceTree = "<group>"; };
		AD84DC351C042FFF00C4CFFA /* LatinHypercubeDistributor.h */ = {isa = PBXFileReference; fileEncoding = 4; lastKnownFileType = sourcecode.c.h; path = LatinHypercubeDistributor.h; sourceTree = "<group>"; };
		AD84DC361C042FFF00C4CFFA /* Optimization.h */ = {isa = PBXFileReference; fileEncoding = 4; lastKnownFileType = sourcecode.c.h; path = Optimization.h; sourceTree = "<group>"; };
		AD84DC371C042FFF00C4CFFA /* ParticleDistributor.cpp */ = {isa = PBXFileReference; fileEncoding = 4; lastKnownFileType = sourcecode.cpp.cpp; path = ParticleDistributor.cpp; sourceTree = "<group>"; };
		AD84DC381C042FFF00C4CFFA /* ParticleDistributor.h */ = {isa = PBXFileReference; fileEncoding = 4; lastKnownFileType = sourcecode.c.h; path = ParticleDistributor.h; sourceTree = "<group>"; };
		AD84DC391C042FFF00C4CFFA /* PSO.h */ = {isa = PBXFileReference; fileEncoding = 4; lastKnownFileType = sourcecode.c.h; path = PSO.h; sourceTree = "<group>"; };
		AD84DC3A1C042FFF00C4CFFA /* RandomDistributor.cpp */ = {isa = PBXFileReference; fileEncoding = 4; lastKnownFileType = sourcecode.cpp.cpp; path = RandomDistributor.cpp; sourceTree = "<group>"; };
		AD84DC3B1C042FFF00C4CFFA /* RandomDistributor.h */ = {isa = PBXFileReference; fileEncoding = 4; lastKnownFileType = sourcecode.c.h; path = RandomDistributor.h; sourceTree = "<group>"; };
		AD84DC3C1C042FFF00C4CFFA /* Swarm.cpp */ = {isa = PBXFileReference; fileEncoding = 4; lastKnownFileType = sourcecode.cpp.cpp; path = Swarm.cpp; sourceTree = "<group>"; };
		AD84DC3D1C042FFF00C4CFFA /* Swarm.h */ = {isa = PBXFileReference; fileEncoding = 4; lastKnownFileType = sourcecode.c.h; path = Swarm.h; sourceTree = "<group>"; };
		AD84DC3E1C042FFF00C4CFFA /* SwarmParticle.cpp */ = {isa = PBXFileReference; fileEncoding = 4; lastKnownFileType = sourcecode.cpp.cpp; path = SwarmParticle.cpp; sourceTree = "<group>"; };
		AD84DC3F1C042FFF00C4CFFA /* SwarmParticle.h */ = {isa = PBXFileReference; fileEncoding = 4; lastKnownFileType = sourcecode.c.h; path = SwarmParticle.h; sourceTree = "<group>"; };
		AD84DC411C042FFF00C4CFFA /* PDESim.h */ = {isa = PBXFileReference; fileEncoding = 4; lastKnownFileType = sourcecode.c.h; path = PDESim.h; sourceTree = "<group>"; };
		ADB0ABCA1BDCB66900049605 /* Accelerate.framework */ = {isa = PBXFileReference; lastKnownFileType = wrapper.framework; name = Accelerate.framework; path = System/Library/Frameworks/Accelerate.framework; sourceTree = SDKROOT; };
		ADB85D961B815E27002879D2 /* libpng16.16.dylib */ = {isa = PBXFileReference; lastKnownFileType = "compiled.mach-o.dylib"; name = libpng16.16.dylib; path = NumCH/libpng16.16.dylib; sourceTree = "<group>"; };
		ADE6D60A1BDCB98200175EEE /* libarmadillo.6.10.1.dylib */ = {isa = PBXFileReference; lastKnownFileType = "compiled.mach-o.dylib"; path = libarmadillo.6.10.1.dylib; sourceTree = "<group>"; };
		ADFE86931BDA04E300D84DB6 /* AdaptiveArray.cpp */ = {isa = PBXFileReference; fileEncoding = 4; lastKnownFileType = sourcecode.cpp.cpp; path = AdaptiveArray.cpp; sourceTree = "<group>"; };
		ADFE86941BDA04E300D84DB6 /* AdaptiveArray.h */ = {isa = PBXFileReference; fileEncoding = 4; lastKnownFileType = sourcecode.c.h; path = AdaptiveArray.h; sourceTree = "<group>"; };
		ADFE86951BDA04E300D84DB6 /* avl_tree.h */ = {isa = PBXFileReference; fileEncoding = 4; lastKnownFileType = sourcecode.c.h; path = avl_tree.h; sourceTree = "<group>"; };
		ADFE86961BDA04E300D84DB6 /* convex_hull2D.h */ = {isa = PBXFileReference; fileEncoding = 4; lastKnownFileType = sourcecode.c.h; path = convex_hull2D.h; sourceTree = "<group>"; };
		ADFE86971BDA04E300D84DB6 /* convex_hull3D.h */ = {isa = PBXFileReference; fileEncoding = 4; lastKnownFileType = sourcecode.c.h; path = convex_hull3D.h; sourceTree = "<group>"; };
		ADFE86981BDA04E300D84DB6 /* Coordinate.cpp */ = {isa = PBXFileReference; fileEncoding = 4; lastKnownFileType = sourcecode.cpp.cpp; path = Coordinate.cpp; sourceTree = "<group>"; };
		ADFE86991BDA04E300D84DB6 /* Coordinate.h */ = {isa = PBXFileReference; fileEncoding = 4; lastKnownFileType = sourcecode.c.h; path = Coordinate.h; sourceTree = "<group>"; };
		ADFE869A1BDA04E300D84DB6 /* Graph.cpp */ = {isa = PBXFileReference; fileEncoding = 4; lastKnownFileType = sourcecode.cpp.cpp; path = Graph.cpp; sourceTree = "<group>"; };
		ADFE869B1BDA04E300D84DB6 /* Graph.hpp */ = {isa = PBXFileReference; fileEncoding = 4; lastKnownFileType = sourcecode.cpp.h; path = Graph.hpp; sourceTree = "<group>"; };
		ADFE869C1BDA04E300D84DB6 /* hash_table.h */ = {isa = PBXFileReference; fileEncoding = 4; lastKnownFileType = sourcecode.c.h; path = hash_table.h; sourceTree = "<group>"; };
		ADFE869D1BDA04E300D84DB6 /* heap.h */ = {isa = PBXFileReference; fileEncoding = 4; lastKnownFileType = sourcecode.c.h; path = heap.h; sourceTree = "<group>"; };
		ADFE869E1BDA04E300D84DB6 /* kd_tree.h */ = {isa = PBXFileReference; fileEncoding = 4; lastKnownFileType = sourcecode.c.h; path = kd_tree.h; sourceTree = "<group>"; };
		ADFE869F1BDA04E300D84DB6 /* kdfunction.h */ = {isa = PBXFileReference; fileEncoding = 4; lastKnownFileType = sourcecode.c.h; path = kdfunction.h; sourceTree = "<group>"; };
		ADFE86A01BDA04E300D84DB6 /* kdtree.cpp */ = {isa = PBXFileReference; fileEncoding = 4; lastKnownFileType = sourcecode.cpp.cpp; path = kdtree.cpp; sourceTree = "<group>"; };
		ADFE86A11BDA04E300D84DB6 /* L1Norm.h */ = {isa = PBXFileReference; fileEncoding = 4; lastKnownFileType = sourcecode.c.h; path = L1Norm.h; sourceTree = "<group>"; };
		ADFE86A21BDA04E300D84DB6 /* L2Norm.h */ = {isa = PBXFileReference; fileEncoding = 4; lastKnownFileType = sourcecode.c.h; path = L2Norm.h; sourceTree = "<group>"; };
		ADFE86A31BDA04E300D84DB6 /* LinkedList.cpp */ = {isa = PBXFileReference; fileEncoding = 4; lastKnownFileType = sourcecode.cpp.cpp; path = LinkedList.cpp; sourceTree = "<group>"; };
		ADFE86A41BDA04E300D84DB6 /* LinkedList.hpp */ = {isa = PBXFileReference; fileEncoding = 4; lastKnownFileType = sourcecode.cpp.h; path = LinkedList.hpp; sourceTree = "<group>"; };
		ADFE86A61BDA04E300D84DB6 /* PopArray.cpp */ = {isa = PBXFileReference; fileEncoding = 4; lastKnownFileType = sourcecode.cpp.cpp; path = PopArray.cpp; sourceTree = "<group>"; };
		ADFE86A71BDA04E300D84DB6 /* PopArray.h */ = {isa = PBXFileReference; fileEncoding = 4; lastKnownFileType = sourcecode.c.h; path = PopArray.h; sourceTree = "<group>"; };
		ADFE86A81BDA04E300D84DB6 /* queue.h */ = {isa = PBXFileReference; fileEncoding = 4; lastKnownFileType = sourcecode.c.h; path = queue.h; sourceTree = "<group>"; };
		ADFE86A91BDA04E300D84DB6 /* stack.h */ = {isa = PBXFileReference; fileEncoding = 4; lastKnownFileType = sourcecode.c.h; path = stack.h; sourceTree = "<group>"; };
		ADFE86AA1BDA04E300D84DB6 /* Vec.cpp */ = {isa = PBXFileReference; fileEncoding = 4; lastKnownFileType = sourcecode.cpp.cpp; path = Vec.cpp; sourceTree = "<group>"; };
		ADFE86AB1BDA04E300D84DB6 /* Vec.h */ = {isa = PBXFileReference; fileEncoding = 4; lastKnownFileType = sourcecode.c.h; path = Vec.h; sourceTree = "<group>"; };
/* End PBXFileReference section */

/* Begin PBXFrameworksBuildPhase section */
		AD4767FF1B76EAF100E6B11D /* Frameworks */ = {
			isa = PBXFrameworksBuildPhase;
			buildActionMask = 2147483647;
			files = (
				ADB0ABCB1BDCB66900049605 /* Accelerate.framework in Frameworks */,
				ADB85DA21B816019002879D2 /* libpng16.16.dylib in Frameworks */,
			);
			runOnlyForDeploymentPostprocessing = 0;
		};
		AD5B18611BE442CE003E0233 /* Frameworks */ = {
			isa = PBXFrameworksBuildPhase;
			buildActionMask = 2147483647;
			files = (
			);
			runOnlyForDeploymentPostprocessing = 0;
		};
		AD5B19011BE4540D003E0233 /* Frameworks */ = {
			isa = PBXFrameworksBuildPhase;
			buildActionMask = 2147483647;
			files = (
				AD7867691BFD8AEF00A6FE07 /* libpng16.16.dylib in Frameworks */,
				AD5B19701BE455F1003E0233 /* libarmadillo.6.10.1.dylib in Frameworks */,
				AD5B196F1BE455CE003E0233 /* Accelerate.framework in Frameworks */,
			);
			runOnlyForDeploymentPostprocessing = 0;
		};
/* End PBXFrameworksBuildPhase section */

/* Begin PBXGroup section */
		AD4767F91B76EAF100E6B11D = {
			isa = PBXGroup;
			children = (
				ADE6D60A1BDCB98200175EEE /* libarmadillo.6.10.1.dylib */,
				ADB85D961B815E27002879D2 /* libpng16.16.dylib */,
				ADB0ABCA1BDCB66900049605 /* Accelerate.framework */,
				AD4768041B76EAF100E6B11D /* NumCH */,
				AD4768031B76EAF100E6B11D /* Products */,
			);
			sourceTree = "<group>";
		};
		AD4768031B76EAF100E6B11D /* Products */ = {
			isa = PBXGroup;
			children = (
				AD4768021B76EAF100E6B11D /* NumCH */,
				AD5B18641BE442CE003E0233 /* LearnCannonAI */,
				AD5B19041BE4540D003E0233 /* libNumCHLib.a */,
			);
			name = Products;
			sourceTree = "<group>";
		};
		AD4768041B76EAF100E6B11D /* NumCH */ = {
			isa = PBXGroup;
			children = (
				AD84DBD41C042FFF00C4CFFA /* Filters */,
				AD84DBD61C042FFF00C4CFFA /* Function */,
				AD84DBD91C042FFF00C4CFFA /* Geometry */,
				AD84DBDC1C042FFF00C4CFFA /* Graphics */,
				AD84DBEE1C042FFF00C4CFFA /* LinearAlgebra */,
				AD84DBF41C042FFF00C4CFFA /* MachineLearning */,
				AD84DC031C042FFF00C4CFFA /* Numbers */,
				AD84DC0A1C042FFF00C4CFFA /* NumCH.h */,
				AD84DC0B1C042FFF00C4CFFA /* ODE_SimFramework */,
				AD84DC2D1C042FFF00C4CFFA /* Optimization */,
				AD84DC401C042FFF00C4CFFA /* PDE_Sim */,
				ADFE86921BDA04E300D84DB6 /* Data_Structs */,
				AD4768051B76EAF100E6B11D /* main.cpp */,
			);
			path = NumCH;
			sourceTree = "<group>";
		};
		AD84DBD41C042FFF00C4CFFA /* Filters */ = {
			isa = PBXGroup;
			children = (
				AD84DBD51C042FFF00C4CFFA /* DataFilter.h */,
			);
			path = Filters;
			sourceTree = "<group>";
		};
		AD84DBD61C042FFF00C4CFFA /* Function */ = {
			isa = PBXGroup;
			children = (
				AD84DBD71C042FFF00C4CFFA /* Function.cpp */,
				AD84DBD81C042FFF00C4CFFA /* Function.hpp */,
			);
			path = Function;
			sourceTree = "<group>";
		};
		AD84DBD91C042FFF00C4CFFA /* Geometry */ = {
			isa = PBXGroup;
			children = (
				AD84DBDA1C042FFF00C4CFFA /* Geometry.h */,
				AD84DBDB1C042FFF00C4CFFA /* point.h */,
			);
			path = Geometry;
			sourceTree = "<group>";
		};
		AD84DBDC1C042FFF00C4CFFA /* Graphics */ = {
			isa = PBXGroup;
			children = (
				AD84DBDD1C042FFF00C4CFFA /* camera.h */,
				AD84DBDE1C042FFF00C4CFFA /* color_map.h */,
				AD84DBDF1C042FFF00C4CFFA /* cpixel.cpp */,
				AD84DBE01C042FFF00C4CFFA /* cpixel.h */,
				AD84DBE11C042FFF00C4CFFA /* cpng.cpp */,
				AD84DBE21C042FFF00C4CFFA /* cpng.h */,
				AD84DBE31C042FFF00C4CFFA /* FigData.cpp */,
				AD84DBE41C042FFF00C4CFFA /* FigData.h */,
				AD84DBE51C042FFF00C4CFFA /* Figure.h */,
				AD84DBE61C042FFF00C4CFFA /* Figures.h */,
				AD84DBE71C042FFF00C4CFFA /* Graphics.h */,
				AD84DBE81C042FFF00C4CFFA /* graphics_objs.h */,
				AD84DBE91C042FFF00C4CFFA /* PhotoRealImages.h */,
				AD84DBEA1C042FFF00C4CFFA /* png.h */,
				AD84DBEB1C042FFF00C4CFFA /* pngconf.h */,
				AD84DBEC1C042FFF00C4CFFA /* PNGImages.h */,
				AD84DBED1C042FFF00C4CFFA /* pnglibconf.h */,
			);
			path = Graphics;
			sourceTree = "<group>";
		};
		AD84DBEE1C042FFF00C4CFFA /* LinearAlgebra */ = {
			isa = PBXGroup;
			children = (
				AD84DBEF1C042FFF00C4CFFA /* LinearAlgebra.h */,
				AD84DBF01C042FFF00C4CFFA /* Matrix.cpp */,
				AD84DBF11C042FFF00C4CFFA /* Matrix.h */,
				AD84DBF21C042FFF00C4CFFA /* Vect.cpp */,
				AD84DBF31C042FFF00C4CFFA /* Vect.hpp */,
			);
			path = LinearAlgebra;
			sourceTree = "<group>";
		};
		AD84DBF41C042FFF00C4CFFA /* MachineLearning */ = {
			isa = PBXGroup;
			children = (
				AD84DBF51C042FFF00C4CFFA /* ClassificationCost.h */,
				AD84DBF61C042FFF00C4CFFA /* ClassificationLearning.cpp */,
				AD84DBF71C042FFF00C4CFFA /* ClassificationLearning.h */,
				AD84DBF81C042FFF00C4CFFA /* LinearFunc.cpp */,
				AD84DBF91C042FFF00C4CFFA /* LinearFunc.h */,
				AD84DBFA1C042FFF00C4CFFA /* MachineLearning.h */,
				AD84DBFB1C042FFF00C4CFFA /* NeuralNetwork.cpp */,
				AD84DBFC1C042FFF00C4CFFA /* NeuralNetwork.h */,
				AD84DBFD1C042FFF00C4CFFA /* NodeFunc.cpp */,
				AD84DBFE1C042FFF00C4CFFA /* NodeFunc.h */,
				AD84DBFF1C042FFF00C4CFFA /* RadialBasisFunc.cpp */,
				AD84DC001C042FFF00C4CFFA /* RadialBasisFunc.h */,
				AD84DC011C042FFF00C4CFFA /* Sigmoid.cpp */,
				AD84DC021C042FFF00C4CFFA /* Sigmoid.h */,
			);
			path = MachineLearning;
			sourceTree = "<group>";
		};
		AD84DC031C042FFF00C4CFFA /* Numbers */ = {
			isa = PBXGroup;
			children = (
				AD84DC041C042FFF00C4CFFA /* Fraction.cpp */,
				AD84DC051C042FFF00C4CFFA /* Fraction.h */,
				AD84DC061C042FFF00C4CFFA /* Malloc2D.hpp */,
				AD84DC071C042FFF00C4CFFA /* Numbers.h */,
				AD84DC081C042FFF00C4CFFA /* RandomNumberGenerator.cpp */,
				AD84DC091C042FFF00C4CFFA /* RandomNumberGenerator.hpp */,
			);
			path = Numbers;
			sourceTree = "<group>";
		};
		AD84DC0B1C042FFF00C4CFFA /* ODE_SimFramework */ = {
			isa = PBXGroup;
			children = (
				AD84DC0C1C042FFF00C4CFFA /* ConfigParser */,
				AD84DC0F1C042FFF00C4CFFA /* Constants */,
				AD84DC121C042FFF00C4CFFA /* DataOutputter */,
				AD84DC151C042FFF00C4CFFA /* DiscreteModel */,
				AD84DC181C042FFF00C4CFFA /* DynamicModel */,
				AD84DC1B1C042FFF00C4CFFA /* NumericIntegration */,
				AD84DC241C042FFF00C4CFFA /* ODESim.h */,
				AD84DC251C042FFF00C4CFFA /* PreciseTime */,
				AD84DC271C042FFF00C4CFFA /* Scheduler */,
				AD84DC2A1C042FFF00C4CFFA /* Simulator */,
			);
			path = ODE_SimFramework;
			sourceTree = "<group>";
		};
		AD84DC0C1C042FFF00C4CFFA /* ConfigParser */ = {
			isa = PBXGroup;
			children = (
				AD84DC0D1C042FFF00C4CFFA /* ConfigParser.cpp */,
				AD84DC0E1C042FFF00C4CFFA /* ConfigParser.hpp */,
			);
			path = ConfigParser;
			sourceTree = "<group>";
		};
		AD84DC0F1C042FFF00C4CFFA /* Constants */ = {
			isa = PBXGroup;
			children = (
				AD84DC101C042FFF00C4CFFA /* ConstantsSet.cpp */,
				AD84DC111C042FFF00C4CFFA /* ConstantsSet.hpp */,
			);
			path = Constants;
			sourceTree = "<group>";
		};
		AD84DC121C042FFF00C4CFFA /* DataOutputter */ = {
			isa = PBXGroup;
			children = (
				AD84DC131C042FFF00C4CFFA /* DataPrinter.cpp */,
				AD84DC141C042FFF00C4CFFA /* DataPrinter.hpp */,
			);
			path = DataOutputter;
			sourceTree = "<group>";
		};
		AD84DC151C042FFF00C4CFFA /* DiscreteModel */ = {
			isa = PBXGroup;
			children = (
				AD84DC161C042FFF00C4CFFA /* DiscreteModel.cpp */,
				AD84DC171C042FFF00C4CFFA /* DiscreteModel.hpp */,
			);
			path = DiscreteModel;
			sourceTree = "<group>";
		};
		AD84DC181C042FFF00C4CFFA /* DynamicModel */ = {
			isa = PBXGroup;
			children = (
				AD84DC191C042FFF00C4CFFA /* DynamicModel.cpp */,
				AD84DC1A1C042FFF00C4CFFA /* DynamicModel.hpp */,
			);
			path = DynamicModel;
			sourceTree = "<group>";
		};
		AD84DC1B1C042FFF00C4CFFA /* NumericIntegration */ = {
			isa = PBXGroup;
			children = (
				AD84DC1C1C042FFF00C4CFFA /* ExplicitEuler.cpp */,
				AD84DC1D1C042FFF00C4CFFA /* ExplicitEuler.hpp */,
				AD84DC1E1C042FFF00C4CFFA /* ExplicitTrapezoidal.cpp */,
				AD84DC1F1C042FFF00C4CFFA /* ExplicitTrapezoidal.hpp */,
				AD84DC201C042FFF00C4CFFA /* GenIntegrator.cpp */,
				AD84DC211C042FFF00C4CFFA /* GenIntegrator.hpp */,
				AD84DC221C042FFF00C4CFFA /* RungeKutta4.cpp */,
				AD84DC231C042FFF00C4CFFA /* RungeKutta4.hpp */,
			);
			path = NumericIntegration;
			sourceTree = "<group>";
		};
		AD84DC251C042FFF00C4CFFA /* PreciseTime */ = {
			isa = PBXGroup;
			children = (
				AD84DC261C042FFF00C4CFFA /* PreciseTime.h */,
			);
			path = PreciseTime;
			sourceTree = "<group>";
		};
		AD84DC271C042FFF00C4CFFA /* Scheduler */ = {
			isa = PBXGroup;
			children = (
				AD84DC281C042FFF00C4CFFA /* Scheduler.cpp */,
				AD84DC291C042FFF00C4CFFA /* Scheduler.hpp */,
			);
			path = Scheduler;
			sourceTree = "<group>";
		};
		AD84DC2A1C042FFF00C4CFFA /* Simulator */ = {
			isa = PBXGroup;
			children = (
				AD84DC2B1C042FFF00C4CFFA /* Simulator.cpp */,
				AD84DC2C1C042FFF00C4CFFA /* Simulator.hpp */,
			);
			path = Simulator;
			sourceTree = "<group>";
		};
		AD84DC2D1C042FFF00C4CFFA /* Optimization */ = {
			isa = PBXGroup;
			children = (
				AD84DC2E1C042FFF00C4CFFA /* CostFunc.cpp */,
				AD84DC2F1C042FFF00C4CFFA /* CostFunc.h */,
				AD84DC301C042FFF00C4CFFA /* GradientDescent.cpp */,
				AD84DC311C042FFF00C4CFFA /* GradientDescent.hpp */,
				AD84DC321C042FFF00C4CFFA /* GradientDescentStep.cpp */,
				AD84DC331C042FFF00C4CFFA /* GradientDescentStep.hpp */,
				AD84DC341C042FFF00C4CFFA /* LatinHypercubeDistributor.cpp */,
				AD84DC351C042FFF00C4CFFA /* LatinHypercubeDistributor.h */,
				AD84DC361C042FFF00C4CFFA /* Optimization.h */,
				AD84DC371C042FFF00C4CFFA /* ParticleDistributor.cpp */,
				AD84DC381C042FFF00C4CFFA /* ParticleDistributor.h */,
				AD84DC391C042FFF00C4CFFA /* PSO.h */,
				AD84DC3A1C042FFF00C4CFFA /* RandomDistributor.cpp */,
				AD84DC3B1C042FFF00C4CFFA /* RandomDistributor.h */,
				AD84DC3C1C042FFF00C4CFFA /* Swarm.cpp */,
				AD84DC3D1C042FFF00C4CFFA /* Swarm.h */,
				AD84DC3E1C042FFF00C4CFFA /* SwarmParticle.cpp */,
				AD84DC3F1C042FFF00C4CFFA /* SwarmParticle.h */,
			);
			path = Optimization;
			sourceTree = "<group>";
		};
		AD84DC401C042FFF00C4CFFA /* PDE_Sim */ = {
			isa = PBXGroup;
			children = (
				AD84DC411C042FFF00C4CFFA /* PDESim.h */,
			);
			path = PDE_Sim;
			sourceTree = "<group>";
		};
		ADFE86921BDA04E300D84DB6 /* Data_Structs */ = {
			isa = PBXGroup;
			children = (
				ADFE86931BDA04E300D84DB6 /* AdaptiveArray.cpp */,
				ADFE86941BDA04E300D84DB6 /* AdaptiveArray.h */,
				ADFE86951BDA04E300D84DB6 /* avl_tree.h */,
				ADFE86961BDA04E300D84DB6 /* convex_hull2D.h */,
				ADFE86971BDA04E300D84DB6 /* convex_hull3D.h */,
				ADFE86981BDA04E300D84DB6 /* Coordinate.cpp */,
				ADFE86991BDA04E300D84DB6 /* Coordinate.h */,
				ADFE869A1BDA04E300D84DB6 /* Graph.cpp */,
				ADFE869B1BDA04E300D84DB6 /* Graph.hpp */,
				ADFE869C1BDA04E300D84DB6 /* hash_table.h */,
				ADFE869D1BDA04E300D84DB6 /* heap.h */,
				ADFE869E1BDA04E300D84DB6 /* kd_tree.h */,
				ADFE869F1BDA04E300D84DB6 /* kdfunction.h */,
				ADFE86A01BDA04E300D84DB6 /* kdtree.cpp */,
				ADFE86A11BDA04E300D84DB6 /* L1Norm.h */,
				ADFE86A21BDA04E300D84DB6 /* L2Norm.h */,
				ADFE86A31BDA04E300D84DB6 /* LinkedList.cpp */,
				ADFE86A41BDA04E300D84DB6 /* LinkedList.hpp */,
				ADFE86A61BDA04E300D84DB6 /* PopArray.cpp */,
				ADFE86A71BDA04E300D84DB6 /* PopArray.h */,
				ADFE86A81BDA04E300D84DB6 /* queue.h */,
				ADFE86A91BDA04E300D84DB6 /* stack.h */,
				ADFE86AA1BDA04E300D84DB6 /* Vec.cpp */,
				ADFE86AB1BDA04E300D84DB6 /* Vec.h */,
			);
			path = Data_Structs;
			sourceTree = "<group>";
		};
/* End PBXGroup section */

/* Begin PBXHeadersBuildPhase section */
		AD5B19021BE4540D003E0233 /* Headers */ = {
			isa = PBXHeadersBuildPhase;
			buildActionMask = 2147483647;
			files = (
				AD84DC731C04300000C4CFFA /* RadialBasisFunc.h in Headers */,
				AD84DC581C04300000C4CFFA /* png.h in Headers */,
				AD84DC791C04300000C4CFFA /* Fraction.h in Headers */,
				AD84DCA21C04300000C4CFFA /* Simulator.hpp in Headers */,
				AD84DC9A1C04300000C4CFFA /* RungeKutta4.hpp in Headers */,
				AD84DC461C042FFF00C4CFFA /* Geometry.h in Headers */,
				AD84DC8E1C04300000C4CFFA /* DynamicModel.hpp in Headers */,
				AD7867C51BFD943500A6FE07 /* AdaptiveArray.h in Headers */,
				AD84DC941C04300000C4CFFA /* ExplicitTrapezoidal.hpp in Headers */,
				AD7867C61BFD943500A6FE07 /* avl_tree.h in Headers */,
				AD7867C71BFD943500A6FE07 /* convex_hull2D.h in Headers */,
				AD84DC541C04300000C4CFFA /* Figures.h in Headers */,
				AD7867C81BFD943500A6FE07 /* convex_hull3D.h in Headers */,
				AD7867C91BFD943500A6FE07 /* Coordinate.h in Headers */,
				AD84DC5A1C04300000C4CFFA /* PNGImages.h in Headers */,
				AD84DC591C04300000C4CFFA /* pngconf.h in Headers */,
				AD84DC451C042FFF00C4CFFA /* Function.hpp in Headers */,
				AD7867CA1BFD943500A6FE07 /* Graph.hpp in Headers */,
				AD84DC851C04300000C4CFFA /* ConstantsSet.hpp in Headers */,
				AD84DC421C042FFF00C4CFFA /* DataFilter.h in Headers */,
				AD7867CB1BFD943500A6FE07 /* hash_table.h in Headers */,
				AD84DC7A1C04300000C4CFFA /* Malloc2D.hpp in Headers */,
				AD84DC6A1C04300000C4CFFA /* MachineLearning.h in Headers */,
				AD84DC8B1C04300000C4CFFA /* DiscreteModel.hpp in Headers */,
				AD84DCB21C04300100C4CFFA /* ParticleDistributor.h in Headers */,
				AD84DC9C1C04300000C4CFFA /* PreciseTime.h in Headers */,
				AD84DC621C04300000C4CFFA /* Vect.hpp in Headers */,
				AD84DC561C04300000C4CFFA /* graphics_objs.h in Headers */,
				AD7867CC1BFD943500A6FE07 /* heap.h in Headers */,
				AD84DC701C04300000C4CFFA /* NodeFunc.h in Headers */,
				AD84DCA81C04300000C4CFFA /* GradientDescent.hpp in Headers */,
				AD84DC531C04300000C4CFFA /* Figure.h in Headers */,
				AD84DC4C1C04300000C4CFFA /* cpixel.h in Headers */,
				AD7867CD1BFD943500A6FE07 /* kd_tree.h in Headers */,
				AD7867CE1BFD943500A6FE07 /* kdfunction.h in Headers */,
				AD7867CF1BFD943500A6FE07 /* L1Norm.h in Headers */,
				AD84DC491C042FFF00C4CFFA /* color_map.h in Headers */,
				AD84DC9F1C04300000C4CFFA /* Scheduler.hpp in Headers */,
				AD7867D01BFD943500A6FE07 /* L2Norm.h in Headers */,
				AD84DC821C04300000C4CFFA /* ConfigParser.hpp in Headers */,
				AD7867D11BFD943500A6FE07 /* LinkedList.hpp in Headers */,
				AD7867D21BFD943500A6FE07 /* PopArray.h in Headers */,
				AD84DC481C042FFF00C4CFFA /* camera.h in Headers */,
				AD84DC631C04300000C4CFFA /* ClassificationCost.h in Headers */,
				AD84DC4F1C04300000C4CFFA /* cpng.h in Headers */,
				AD84DCBC1C04300100C4CFFA /* SwarmParticle.h in Headers */,
				AD84DC5B1C04300000C4CFFA /* pnglibconf.h in Headers */,
				AD7867D31BFD943500A6FE07 /* queue.h in Headers */,
				AD84DC5F1C04300000C4CFFA /* Matrix.h in Headers */,
				AD84DC971C04300000C4CFFA /* GenIntegrator.hpp in Headers */,
				AD84DC471C042FFF00C4CFFA /* point.h in Headers */,
				AD84DC7E1C04300000C4CFFA /* RandomNumberGenerator.hpp in Headers */,
				AD84DC911C04300000C4CFFA /* ExplicitEuler.hpp in Headers */,
				AD84DCAE1C04300000C4CFFA /* LatinHypercubeDistributor.h in Headers */,
				AD84DCB61C04300100C4CFFA /* RandomDistributor.h in Headers */,
				AD84DCAB1C04300000C4CFFA /* GradientDescentStep.hpp in Headers */,
				AD84DC881C04300000C4CFFA /* DataPrinter.hpp in Headers */,
				AD84DCAF1C04300000C4CFFA /* Optimization.h in Headers */,
				AD84DC551C04300000C4CFFA /* Graphics.h in Headers */,
				AD84DC661C04300000C4CFFA /* ClassificationLearning.h in Headers */,
				AD84DCB31C04300100C4CFFA /* PSO.h in Headers */,
				AD7867D41BFD943500A6FE07 /* stack.h in Headers */,
				AD84DC7B1C04300000C4CFFA /* Numbers.h in Headers */,
				AD84DCBD1C04300100C4CFFA /* PDESim.h in Headers */,
				AD84DC761C04300000C4CFFA /* Sigmoid.h in Headers */,
				AD7867D51BFD943500A6FE07 /* Vec.h in Headers */,
				AD84DC9B1C04300000C4CFFA /* ODESim.h in Headers */,
				AD84DCA51C04300000C4CFFA /* CostFunc.h in Headers */,
				AD84DC6D1C04300000C4CFFA /* NeuralNetwork.h in Headers */,
				AD84DCB91C04300100C4CFFA /* Swarm.h in Headers */,
				AD84DC571C04300000C4CFFA /* PhotoRealImages.h in Headers */,
				AD84DC5C1C04300000C4CFFA /* LinearAlgebra.h in Headers */,
				AD84DC7F1C04300000C4CFFA /* NumCH.h in Headers */,
				AD84DC521C04300000C4CFFA /* FigData.h in Headers */,
				AD84DC691C04300000C4CFFA /* LinearFunc.h in Headers */,
			);
			runOnlyForDeploymentPostprocessing = 0;
		};
/* End PBXHeadersBuildPhase section */

/* Begin PBXNativeTarget section */
		AD4768011B76EAF100E6B11D /* NumCH */ = {
			isa = PBXNativeTarget;
			buildConfigurationList = AD4768091B76EAF100E6B11D /* Build configuration list for PBXNativeTarget "NumCH" */;
			buildPhases = (
				AD4767FE1B76EAF100E6B11D /* Sources */,
				AD4767FF1B76EAF100E6B11D /* Frameworks */,
				AD4768001B76EAF100E6B11D /* CopyFiles */,
			);
			buildRules = (
			);
			dependencies = (
			);
			name = NumCH;
			productName = NumCH;
			productReference = AD4768021B76EAF100E6B11D /* NumCH */;
			productType = "com.apple.product-type.tool";
		};
		AD5B18631BE442CE003E0233 /* LearnCannonAI */ = {
			isa = PBXNativeTarget;
			buildConfigurationList = AD5B18681BE442CE003E0233 /* Build configuration list for PBXNativeTarget "LearnCannonAI" */;
			buildPhases = (
				AD5B18601BE442CE003E0233 /* Sources */,
				AD5B18611BE442CE003E0233 /* Frameworks */,
				AD5B18621BE442CE003E0233 /* CopyFiles */,
			);
			buildRules = (
			);
			dependencies = (
			);
			name = LearnCannonAI;
			productName = LearnCannonAI;
			productReference = AD5B18641BE442CE003E0233 /* LearnCannonAI */;
			productType = "com.apple.product-type.tool";
		};
		AD5B19031BE4540D003E0233 /* NumCHLib */ = {
			isa = PBXNativeTarget;
			buildConfigurationList = AD5B19071BE4540D003E0233 /* Build configuration list for PBXNativeTarget "NumCHLib" */;
			buildPhases = (
				AD5B19001BE4540D003E0233 /* Sources */,
				AD5B19011BE4540D003E0233 /* Frameworks */,
				AD5B19021BE4540D003E0233 /* Headers */,
			);
			buildRules = (
			);
			dependencies = (
			);
			name = NumCHLib;
			productName = NumCHLib;
			productReference = AD5B19041BE4540D003E0233 /* libNumCHLib.a */;
			productType = "com.apple.product-type.library.static";
		};
/* End PBXNativeTarget section */

/* Begin PBXProject section */
		AD4767FA1B76EAF100E6B11D /* Project object */ = {
			isa = PBXProject;
			attributes = {
				LastUpgradeCheck = 0700;
				ORGANIZATIONNAME = "Christian Howard";
				TargetAttributes = {
					AD4768011B76EAF100E6B11D = {
						CreatedOnToolsVersion = 7.0;
					};
					AD5B18631BE442CE003E0233 = {
						CreatedOnToolsVersion = 7.1;
					};
					AD5B19031BE4540D003E0233 = {
						CreatedOnToolsVersion = 7.1;
					};
				};
			};
			buildConfigurationList = AD4767FD1B76EAF100E6B11D /* Build configuration list for PBXProject "NumCH" */;
			compatibilityVersion = "Xcode 3.2";
			developmentRegion = English;
			hasScannedForEncodings = 0;
			knownRegions = (
				en,
			);
			mainGroup = AD4767F91B76EAF100E6B11D;
			productRefGroup = AD4768031B76EAF100E6B11D /* Products */;
			projectDirPath = "";
			projectRoot = "";
			targets = (
				AD4768011B76EAF100E6B11D /* NumCH */,
				AD5B18631BE442CE003E0233 /* LearnCannonAI */,
				AD5B19031BE4540D003E0233 /* NumCHLib */,
			);
		};
/* End PBXProject section */

/* Begin PBXSourcesBuildPhase section */
		AD4767FE1B76EAF100E6B11D /* Sources */ = {
			isa = PBXSourcesBuildPhase;
			buildActionMask = 2147483647;
			files = (
				AD84DC771C04300000C4CFFA /* Fraction.cpp in Sources */,
				AD84DC641C04300000C4CFFA /* ClassificationLearning.cpp in Sources */,
				ADFE86B31BDA04E300D84DB6 /* Vec.cpp in Sources */,
				AD84DC4D1C04300000C4CFFA /* cpng.cpp in Sources */,
				AD84DC6E1C04300000C4CFFA /* NodeFunc.cpp in Sources */,
				AD84DC6B1C04300000C4CFFA /* NeuralNetwork.cpp in Sources */,
				AD84DC431C042FFF00C4CFFA /* Function.cpp in Sources */,
				AD84DC601C04300000C4CFFA /* Vect.cpp in Sources */,
				AD84DC891C04300000C4CFFA /* DiscreteModel.cpp in Sources */,
				AD84DC8F1C04300000C4CFFA /* ExplicitEuler.cpp in Sources */,
				AD84DC8C1C04300000C4CFFA /* DynamicModel.cpp in Sources */,
				ADFE86AC1BDA04E300D84DB6 /* AdaptiveArray.cpp in Sources */,
				AD84DC7C1C04300000C4CFFA /* RandomNumberGenerator.cpp in Sources */,
				AD84DC951C04300000C4CFFA /* GenIntegrator.cpp in Sources */,
				AD84DC831C04300000C4CFFA /* ConstantsSet.cpp in Sources */,
				AD84DC801C04300000C4CFFA /* ConfigParser.cpp in Sources */,
				AD84DC671C04300000C4CFFA /* LinearFunc.cpp in Sources */,
				ADFE86AE1BDA04E300D84DB6 /* Graph.cpp in Sources */,
				AD4768061B76EAF100E6B11D /* main.cpp in Sources */,
				ADFE86AD1BDA04E300D84DB6 /* Coordinate.cpp in Sources */,
				AD84DC861C04300000C4CFFA /* DataPrinter.cpp in Sources */,
				AD84DC741C04300000C4CFFA /* Sigmoid.cpp in Sources */,
				AD84DC981C04300000C4CFFA /* RungeKutta4.cpp in Sources */,
				ADFE86AF1BDA04E300D84DB6 /* kdtree.cpp in Sources */,
				AD84DCBA1C04300100C4CFFA /* SwarmParticle.cpp in Sources */,
				AD84DCA31C04300000C4CFFA /* CostFunc.cpp in Sources */,
				AD84DC501C04300000C4CFFA /* FigData.cpp in Sources */,
				ADFE86B01BDA04E300D84DB6 /* LinkedList.cpp in Sources */,
				AD84DC4A1C04300000C4CFFA /* cpixel.cpp in Sources */,
				AD84DC921C04300000C4CFFA /* ExplicitTrapezoidal.cpp in Sources */,
				AD84DC711C04300000C4CFFA /* RadialBasisFunc.cpp in Sources */,
				AD84DCB41C04300100C4CFFA /* RandomDistributor.cpp in Sources */,
				AD84DCAC1C04300000C4CFFA /* LatinHypercubeDistributor.cpp in Sources */,
				AD84DCA01C04300000C4CFFA /* Simulator.cpp in Sources */,
				AD84DC9D1C04300000C4CFFA /* Scheduler.cpp in Sources */,
				AD84DCB01C04300000C4CFFA /* ParticleDistributor.cpp in Sources */,
				AD84DCA91C04300000C4CFFA /* GradientDescentStep.cpp in Sources */,
				AD84DCB71C04300100C4CFFA /* Swarm.cpp in Sources */,
				AD84DCA61C04300000C4CFFA /* GradientDescent.cpp in Sources */,
				AD84DC5D1C04300000C4CFFA /* Matrix.cpp in Sources */,
				ADFE86B21BDA04E300D84DB6 /* PopArray.cpp in Sources */,
			);
			runOnlyForDeploymentPostprocessing = 0;
		};
		AD5B18601BE442CE003E0233 /* Sources */ = {
			isa = PBXSourcesBuildPhase;
			buildActionMask = 2147483647;
			files = (
			);
			runOnlyForDeploymentPostprocessing = 0;
		};
		AD5B19001BE4540D003E0233 /* Sources */ = {
			isa = PBXSourcesBuildPhase;
			buildActionMask = 2147483647;
			files = (
				AD84DC751C04300000C4CFFA /* Sigmoid.cpp in Sources */,
				AD84DC901C04300000C4CFFA /* ExplicitEuler.cpp in Sources */,
				AD84DC511C04300000C4CFFA /* FigData.cpp in Sources */,
				AD84DC4B1C04300000C4CFFA /* cpixel.cpp in Sources */,
				AD84DCB81C04300100C4CFFA /* Swarm.cpp in Sources */,
				AD84DCAA1C04300000C4CFFA /* GradientDescentStep.cpp in Sources */,
				AD84DC7D1C04300000C4CFFA /* RandomNumberGenerator.cpp in Sources */,
				AD84DC781C04300000C4CFFA /* Fraction.cpp in Sources */,
				AD84DCB11C04300000C4CFFA /* ParticleDistributor.cpp in Sources */,
				AD84DC931C04300000C4CFFA /* ExplicitTrapezoidal.cpp in Sources */,
				AD84DCBB1C04300100C4CFFA /* SwarmParticle.cpp in Sources */,
				AD84DC441C042FFF00C4CFFA /* Function.cpp in Sources */,
				AD84DCA41C04300000C4CFFA /* CostFunc.cpp in Sources */,
				AD84DC6F1C04300000C4CFFA /* NodeFunc.cpp in Sources */,
				AD84DCAD1C04300000C4CFFA /* LatinHypercubeDistributor.cpp in Sources */,
				AD84DC721C04300000C4CFFA /* RadialBasisFunc.cpp in Sources */,
				AD84DCA71C04300000C4CFFA /* GradientDescent.cpp in Sources */,
				AD84DC8A1C04300000C4CFFA /* DiscreteModel.cpp in Sources */,
				AD84DC611C04300000C4CFFA /* Vect.cpp in Sources */,
				AD84DC651C04300000C4CFFA /* ClassificationLearning.cpp in Sources */,
				AD84DC9E1C04300000C4CFFA /* Scheduler.cpp in Sources */,
				AD84DC991C04300000C4CFFA /* RungeKutta4.cpp in Sources */,
				AD84DC841C04300000C4CFFA /* ConstantsSet.cpp in Sources */,
				AD84DCB51C04300100C4CFFA /* RandomDistributor.cpp in Sources */,
				AD84DC6C1C04300000C4CFFA /* NeuralNetwork.cpp in Sources */,
				AD84DC961C04300000C4CFFA /* GenIntegrator.cpp in Sources */,
				AD84DC871C04300000C4CFFA /* DataPrinter.cpp in Sources */,
				AD84DC4E1C04300000C4CFFA /* cpng.cpp in Sources */,
				AD84DC8D1C04300000C4CFFA /* DynamicModel.cpp in Sources */,
				AD84DC811C04300000C4CFFA /* ConfigParser.cpp in Sources */,
				AD84DC681C04300000C4CFFA /* LinearFunc.cpp in Sources */,
				AD84DCA11C04300000C4CFFA /* Simulator.cpp in Sources */,
				AD84DC5E1C04300000C4CFFA /* Matrix.cpp in Sources */,
			);
			runOnlyForDeploymentPostprocessing = 0;
		};
/* End PBXSourcesBuildPhase section */

/* Begin XCBuildConfiguration section */
		AD4768071B76EAF100E6B11D /* Debug */ = {
			isa = XCBuildConfiguration;
			buildSettings = {
				ALWAYS_SEARCH_USER_PATHS = NO;
				CLANG_CXX_LANGUAGE_STANDARD = "gnu++0x";
				CLANG_CXX_LIBRARY = "libc++";
				CLANG_ENABLE_MODULES = YES;
				CLANG_ENABLE_OBJC_ARC = YES;
				CLANG_WARN_BOOL_CONVERSION = YES;
				CLANG_WARN_CONSTANT_CONVERSION = YES;
				CLANG_WARN_DIRECT_OBJC_ISA_USAGE = YES_ERROR;
				CLANG_WARN_EMPTY_BODY = YES;
				CLANG_WARN_ENUM_CONVERSION = YES;
				CLANG_WARN_INT_CONVERSION = YES;
				CLANG_WARN_OBJC_ROOT_CLASS = YES_ERROR;
				CLANG_WARN_UNREACHABLE_CODE = YES;
				CLANG_WARN__DUPLICATE_METHOD_MATCH = YES;
				COPY_PHASE_STRIP = NO;
				DEBUG_INFORMATION_FORMAT = dwarf;
				ENABLE_STRICT_OBJC_MSGSEND = YES;
				ENABLE_TESTABILITY = YES;
				GCC_C_LANGUAGE_STANDARD = gnu99;
				GCC_DYNAMIC_NO_PIC = NO;
				GCC_NO_COMMON_BLOCKS = YES;
				GCC_OPTIMIZATION_LEVEL = 0;
				GCC_PREPROCESSOR_DEFINITIONS = (
					"DEBUG=1",
					"$(inherited)",
				);
				GCC_WARN_64_TO_32_BIT_CONVERSION = YES;
				GCC_WARN_ABOUT_RETURN_TYPE = YES_ERROR;
				GCC_WARN_UNDECLARED_SELECTOR = YES;
				GCC_WARN_UNINITIALIZED_AUTOS = YES_AGGRESSIVE;
				GCC_WARN_UNUSED_FUNCTION = YES;
				GCC_WARN_UNUSED_VARIABLE = YES;
				MACOSX_DEPLOYMENT_TARGET = 10.10;
				MTL_ENABLE_DEBUG_INFO = YES;
				ONLY_ACTIVE_ARCH = YES;
				SDKROOT = macosx;
			};
			name = Debug;
		};
		AD4768081B76EAF100E6B11D /* Release */ = {
			isa = XCBuildConfiguration;
			buildSettings = {
				ALWAYS_SEARCH_USER_PATHS = NO;
				CLANG_CXX_LANGUAGE_STANDARD = "gnu++0x";
				CLANG_CXX_LIBRARY = "libc++";
				CLANG_ENABLE_MODULES = YES;
				CLANG_ENABLE_OBJC_ARC = YES;
				CLANG_WARN_BOOL_CONVERSION = YES;
				CLANG_WARN_CONSTANT_CONVERSION = YES;
				CLANG_WARN_DIRECT_OBJC_ISA_USAGE = YES_ERROR;
				CLANG_WARN_EMPTY_BODY = YES;
				CLANG_WARN_ENUM_CONVERSION = YES;
				CLANG_WARN_INT_CONVERSION = YES;
				CLANG_WARN_OBJC_ROOT_CLASS = YES_ERROR;
				CLANG_WARN_UNREACHABLE_CODE = YES;
				CLANG_WARN__DUPLICATE_METHOD_MATCH = YES;
				COPY_PHASE_STRIP = NO;
				DEBUG_INFORMATION_FORMAT = "dwarf-with-dsym";
				ENABLE_NS_ASSERTIONS = NO;
				ENABLE_STRICT_OBJC_MSGSEND = YES;
				GCC_C_LANGUAGE_STANDARD = gnu99;
				GCC_NO_COMMON_BLOCKS = YES;
				GCC_WARN_64_TO_32_BIT_CONVERSION = YES;
				GCC_WARN_ABOUT_RETURN_TYPE = YES_ERROR;
				GCC_WARN_UNDECLARED_SELECTOR = YES;
				GCC_WARN_UNINITIALIZED_AUTOS = YES_AGGRESSIVE;
				GCC_WARN_UNUSED_FUNCTION = YES;
				GCC_WARN_UNUSED_VARIABLE = YES;
				MACOSX_DEPLOYMENT_TARGET = 10.10;
				MTL_ENABLE_DEBUG_INFO = NO;
				SDKROOT = macosx;
			};
			name = Release;
		};
		AD47680A1B76EAF100E6B11D /* Debug */ = {
			isa = XCBuildConfiguration;
			buildSettings = {
				HEADER_SEARCH_PATHS = (
					/usr/include/armadillo,
					/usr/include/armadillo_bits/,
				);
				LIBRARY_SEARCH_PATHS = (
					"$(inherited)",
					"$(PROJECT_DIR)/NumCH",
					"$(PROJECT_DIR)",
					/usr/lib/,
				);
				PRODUCT_NAME = "$(TARGET_NAME)";
			};
			name = Debug;
		};
		AD47680B1B76EAF100E6B11D /* Release */ = {
			isa = XCBuildConfiguration;
			buildSettings = {
				HEADER_SEARCH_PATHS = (
					/usr/include/armadillo,
					/usr/include/armadillo_bits/,
				);
				LIBRARY_SEARCH_PATHS = (
					"$(inherited)",
					"$(PROJECT_DIR)/NumCH",
					"$(PROJECT_DIR)",
					/usr/lib/,
				);
				PRODUCT_NAME = "$(TARGET_NAME)";
			};
			name = Release;
		};
		AD5B18691BE442CE003E0233 /* Debug */ = {
			isa = XCBuildConfiguration;
			buildSettings = {
				CODE_SIGN_IDENTITY = "-";
				PRODUCT_NAME = "$(TARGET_NAME)";
			};
			name = Debug;
		};
		AD5B186A1BE442CE003E0233 /* Release */ = {
			isa = XCBuildConfiguration;
			buildSettings = {
				CODE_SIGN_IDENTITY = "-";
				PRODUCT_NAME = "$(TARGET_NAME)";
			};
			name = Release;
		};
		AD5B19051BE4540D003E0233 /* Debug */ = {
			isa = XCBuildConfiguration;
			buildSettings = {
				CODE_SIGN_IDENTITY = "-";
				EXECUTABLE_PREFIX = lib;
				LIBRARY_SEARCH_PATHS = (
					"$(inherited)",
					"$(PROJECT_DIR)",
					"$(PROJECT_DIR)/NumCH",
				);
				PRODUCT_NAME = "$(TARGET_NAME)";
			};
			name = Debug;
		};
		AD5B19061BE4540D003E0233 /* Release */ = {
			isa = XCBuildConfiguration;
			buildSettings = {
				CODE_SIGN_IDENTITY = "-";
				EXECUTABLE_PREFIX = lib;
				LIBRARY_SEARCH_PATHS = (
					"$(inherited)",
					"$(PROJECT_DIR)",
					"$(PROJECT_DIR)/NumCH",
				);
				PRODUCT_NAME = "$(TARGET_NAME)";
			};
			name = Release;
		};
/* End XCBuildConfiguration section */

/* Begin XCConfigurationList section */
		AD4767FD1B76EAF100E6B11D /* Build configuration list for PBXProject "NumCH" */ = {
			isa = XCConfigurationList;
			buildConfigurations = (
				AD4768071B76EAF100E6B11D /* Debug */,
				AD4768081B76EAF100E6B11D /* Release */,
			);
			defaultConfigurationIsVisible = 0;
			defaultConfigurationName = Release;
		};
		AD4768091B76EAF100E6B11D /* Build configuration list for PBXNativeTarget "NumCH" */ = {
			isa = XCConfigurationList;
			buildConfigurations = (
				AD47680A1B76EAF100E6B11D /* Debug */,
				AD47680B1B76EAF100E6B11D /* Release */,
			);
			defaultConfigurationIsVisible = 0;
			defaultConfigurationName = Release;
		};
		AD5B18681BE442CE003E0233 /* Build configuration list for PBXNativeTarget "LearnCannonAI" */ = {
			isa = XCConfigurationList;
			buildConfigurations = (
				AD5B18691BE442CE003E0233 /* Debug */,
				AD5B186A1BE442CE003E0233 /* Release */,
			);
			defaultConfigurationIsVisible = 0;
			defaultConfigurationName = Release;
		};
		AD5B19071BE4540D003E0233 /* Build configuration list for PBXNativeTarget "NumCHLib" */ = {
			isa = XCConfigurationList;
			buildConfigurations = (
				AD5B19051BE4540D003E0233 /* Debug */,
				AD5B19061BE4540D003E0233 /* Release */,
			);
			defaultConfigurationIsVisible = 0;
			defaultConfigurationName = Release;
		};
/* End XCConfigurationList section */
	};
	rootObject = AD4767FA1B76EAF100E6B11D /* Project object */;
}
